<?xml version="1.0" encoding="utf-8"?>
<Project ToolsVersion="4.0" xmlns="http://schemas.microsoft.com/developer/msbuild/2003">
  <ItemGroup>
    <Filter Include="Source Files">
      <UniqueIdentifier>{4FC737F1-C7A5-4376-A066-2A32D752A2FF}</UniqueIdentifier>
      <Extensions>cpp;c;cc;cxx;c++;cppm;ixx;def;odl;idl;hpj;bat;asm;asmx</Extensions>
    </Filter>
    <Filter Include="Header Files">
      <UniqueIdentifier>{93995380-89BD-4b04-88EB-625FBE52EBFB}</UniqueIdentifier>
      <Extensions>h;hh;hpp;hxx;h++;hm;inl;inc;ipp;xsd</Extensions>
    </Filter>
    <Filter Include="Resource Files">
      <UniqueIdentifier>{67DA6AB6-F800-4c08-8B7A-83BB121AAD01}</UniqueIdentifier>
      <Extensions>rc;ico;cur;bmp;dlg;rc2;rct;bin;rgs;gif;jpg;jpeg;jpe;resx;tiff;tif;png;wav;mfcribbon-ms</Extensions>
    </Filter>
  </ItemGroup>
  <ItemGroup>
    <Text Include="data\HTMLEntityNames.in" />
  </ItemGroup>
  <ItemGroup>
    <ClInclude Include="include\Krystal.HTML\Loader\HTMLEncodingSniffer.hpp">
      <Filter>Header Files</Filter>
    </ClInclude>
    <ClInclude Include="include\Krystal.HTML\Parser\InsertionMode.hpp">
      <Filter>Header Files</Filter>
    </ClInclude>
    <ClInclude Include="include\Krystal.HTML\Parser\TokenizerState.hpp">
      <Filter>Header Files</Filter>
    </ClInclude>
    <ClInclude Include="include\Krystal.HTML\Loader\TextResourceDecoder.hpp">
      <Filter>Header Files</Filter>
    </ClInclude>
    <ClInclude Include="include\Krystal.HTML\Loader\ContentType.hpp">
      <Filter>Header Files</Filter>
    </ClInclude>
    <ClInclude Include="include\Krystal.HTML\Loader\EncodingSource.hpp">
      <Filter>Header Files</Filter>
    </ClInclude>
    <ClInclude Include="include\Krystal.HTML\Context.hpp">
      <Filter>Header Files</Filter>
    </ClInclude>
    <ClInclude Include="include\Krystal.HTML\Parser\HTMLDocumentParser.hpp">
      <Filter>Header Files</Filter>
    </ClInclude>
    <ClInclude Include="include\Krystal.HTML\Node\HTMLDocument.hpp">
      <Filter>Header Files</Filter>
    </ClInclude>
    <ClInclude Include="include\Krystal.HTML\Parser\HTMLTokenizer.hpp">
      <Filter>Header Files</Filter>
    </ClInclude>
    <ClInclude Include="include\Krystal.HTML\Parser\HTMLTreeBuilder.hpp">
      <Filter>Header Files</Filter>
    </ClInclude>
    <ClInclude Include="include\Krystal.HTML\Parser\HTMLInputStream.hpp">
      <Filter>Header Files</Filter>
    </ClInclude>
    <ClInclude Include="include\Krystal.HTML\Node\Node.hpp">
      <Filter>Header Files</Filter>
    </ClInclude>
    <ClInclude Include="include\Krystal.HTML\Node\ContainerNode.hpp">
      <Filter>Header Files</Filter>
    </ClInclude>
    <ClInclude Include="include\Krystal.HTML\Node\Element.hpp">
      <Filter>Header Files</Filter>
    </ClInclude>
    <ClInclude Include="include\Krystal.HTML\Parser\HTMLOpenElementStack.hpp">
      <Filter>Header Files</Filter>
    </ClInclude>
    <ClInclude Include="include\Krystal.HTML\Parser\HTMLElementStackItem.hpp">
      <Filter>Header Files</Filter>
    </ClInclude>
    <ClInclude Include="include\Krystal.HTML\Parser\HTMLConstructionSite.hpp">
      <Filter>Header Files</Filter>
    </ClInclude>
    <ClInclude Include="include\Krystal.HTML\Parser\HTMLActiveFormattingElementList.hpp">
      <Filter>Header Files</Filter>
    </ClInclude>
    <ClInclude Include="include\Krystal.HTML\Node\Document.hpp">
      <Filter>Header Files</Filter>
    </ClInclude>
    <ClInclude Include="include\Krystal.HTML\Parser\HTMLToken.hpp">
      <Filter>Header Files</Filter>
    </ClInclude>
    <ClInclude Include="include\Krystal.HTML\Parser\HTMLTokenAtom.hpp">
      <Filter>Header Files</Filter>
    </ClInclude>
    <ClInclude Include="include\Krystal.HTML\Parser\HTMLParseError.hpp">
      <Filter>Header Files</Filter>
    </ClInclude>
    <ClInclude Include="include\Krystal.HTML\Parser\HTMLCharacterReference.hpp">
      <Filter>Header Files</Filter>
    </ClInclude>
    <ClInclude Include="include\Krystal.HTML\Events\EventTarget.hpp">
      <Filter>Header Files</Filter>
    </ClInclude>
    <ClInclude Include="include\Krystal.HTML\Events\Event.hpp">
      <Filter>Header Files</Filter>
    </ClInclude>
    <ClInclude Include="include\Krystal.HTML\Events\CustomEvent.hpp">
      <Filter>Header Files</Filter>
    </ClInclude>
    <ClInclude Include="include\Krystal.HTML\Events\EventPhaseType.hpp">
      <Filter>Header Files</Filter>
    </ClInclude>
    <ClInclude Include="include\Krystal.HTML\Events\EventInit.hpp">
      <Filter>Header Files</Filter>
    </ClInclude>
    <ClInclude Include="include\Krystal.HTML\DOMHighResTimeStamp.hpp">
      <Filter>Header Files</Filter>
    </ClInclude>
    <ClInclude Include="include\Krystal.HTML\Events\CustomEventInit.hpp">
      <Filter>Header Files</Filter>
    </ClInclude>
    <ClInclude Include="include\Krystal.HTML\Events\EventListener.hpp">
      <Filter>Header Files</Filter>
    </ClInclude>
    <ClInclude Include="include\Krystal.HTML\Events\EventListenerOptions.hpp">
      <Filter>Header Files</Filter>
    </ClInclude>
    <ClInclude Include="include\Krystal.HTML\Abort\AbortSignal.hpp">
      <Filter>Header Files</Filter>
    </ClInclude>
    <ClInclude Include="include\Krystal.HTML\Events\RegisteredEventListener.hpp">
      <Filter>Header Files</Filter>
    </ClInclude>
    <ClInclude Include="include\Krystal.HTML\Events\EventNames.hpp">
      <Filter>Header Files</Filter>
    </ClInclude>
    <ClInclude Include="include\Krystal.HTML\Utils\ExceptionCode.hpp">
      <Filter>Header Files</Filter>
    </ClInclude>
    <ClInclude Include="include\Krystal.HTML\Utils\Exception.hpp">
      <Filter>Header Files</Filter>
    </ClInclude>
    <ClInclude Include="include\Krystal.HTML\Utils\ExceptionOr.hpp">
      <Filter>Header Files</Filter>
    </ClInclude>
    <ClInclude Include="include\Krystal.HTML\Node\DocumentFragment.hpp">
      <Filter>Header Files</Filter>
    </ClInclude>
    <ClInclude Include="include\Krystal.HTML\Node\NodeList.hpp">
      <Filter>Header Files</Filter>
    </ClInclude>
    <ClInclude Include="include\Krystal.HTML\Node\DocumentType.hpp">
      <Filter>Header Files</Filter>
    </ClInclude>
    <ClInclude Include="include\Krystal.HTML\Node\CharacterData.hpp">
      <Filter>Header Files</Filter>
    </ClInclude>
    <ClInclude Include="include\Krystal.HTML\DOMString.hpp">
      <Filter>Header Files</Filter>
    </ClInclude>
    <ClInclude Include="include\Krystal.HTML\Node\Attr.hpp">
      <Filter>Header Files</Filter>
    </ClInclude>
    <ClInclude Include="include\Krystal.HTML\Node\Text.hpp">
      <Filter>Header Files</Filter>
    </ClInclude>
    <ClInclude Include="include\Krystal.HTML\Node\CDATASection.hpp">
      <Filter>Header Files</Filter>
    </ClInclude>
    <ClInclude Include="include\Krystal.HTML\Node\Comment.hpp">
      <Filter>Header Files</Filter>
    </ClInclude>
    <ClInclude Include="include\Krystal.HTML\Node\ProcessingInstruction.hpp">
      <Filter>Header Files</Filter>
    </ClInclude>
    <ClInclude Include="include\Krystal.HTML\QualifiedName.hpp">
      <Filter>Header Files</Filter>
    </ClInclude>
    <ClInclude Include="include\Krystal.HTML\Node\ShadowRoot.hpp">
      <Filter>Header Files</Filter>
    </ClInclude>
    <ClInclude Include="include\Krystal.HTML\Events\EventDispatcher.hpp">
      <Filter>Header Files</Filter>
    </ClInclude>
    <ClInclude Include="include\Krystal.HTML\Utils\BoolOr.hpp">
      <Filter>Header Files</Filter>
    </ClInclude>
    <ClInclude Include="include\Krystal.HTML\Node\TreeScope.hpp">
      <Filter>Header Files</Filter>
    </ClInclude>
    <ClInclude Include="include\Krystal.HTML\Node\CustomElementRegistry.hpp">
      <Filter>Header Files</Filter>
    </ClInclude>
    <ClInclude Include="include\Krystal.HTML\Algorithms\TreeTraversal.hpp">
      <Filter>Header Files</Filter>
    </ClInclude>
    <ClInclude Include="include\Krystal.HTML\Algorithms\TreeMutationDispatcher.hpp">
      <Filter>Header Files</Filter>
    </ClInclude>
    <ClInclude Include="include\Krystal.HTML\Node\NodeRareData.hpp">
      <Filter>Header Files</Filter>
    </ClInclude>
    <ClInclude Include="include\Krystal.HTML\Node\ChildNodeList.hpp">
      <Filter>Header Files</Filter>
    </ClInclude>
    <ClInclude Include="include\Krystal.HTML\Ranges\AbstractRange.hpp">
      <Filter>Header Files</Filter>
    </ClInclude>
    <ClInclude Include="include\Krystal.HTML\Ranges\Range.hpp">
      <Filter>Header Files</Filter>
    </ClInclude>
    <ClInclude Include="include\Krystal.HTML\Ranges\StaticRange.hpp">
      <Filter>Header Files</Filter>
    </ClInclude>
    <ClInclude Include="include\Krystal.HTML\Algorithms\TreeQueries.hpp">
      <Filter>Header Files</Filter>
    </ClInclude>
    <ClInclude Include="include\Krystal.HTML\MutationObserver\MutationRecord.hpp">
      <Filter>Header Files</Filter>
    </ClInclude>
    <ClInclude Include="include\Krystal.HTML\MutationObserver\detail\EmptyNodeMutationRecord.hpp">
      <Filter>Header Files</Filter>
    </ClInclude>
    <ClInclude Include="include\Krystal.HTML\MutationObserver\TreeMutationRecord.hpp">
      <Filter>Header Files</Filter>
    </ClInclude>
    <ClInclude Include="include\Krystal.HTML\MutationObserver\AttributesMutationRecord.hpp">
      <Filter>Header Files</Filter>
    </ClInclude>
    <ClInclude Include="include\Krystal.HTML\MutationObserver\CharacterDataMutationRecord.hpp">
      <Filter>Header Files</Filter>
    </ClInclude>
    <ClInclude Include="include\Krystal.HTML\Node\StaticNodeList.hpp">
      <Filter>Header Files</Filter>
    </ClInclude>
    <ClInclude Include="include\Krystal.HTML\MutationObserver\MutationObserver.hpp">
      <Filter>Header Files</Filter>
    </ClInclude>
    <ClInclude Include="include\Krystal.HTML\Algorithms\MutationAlgorithms.hpp">
      <Filter>Header Files</Filter>
    </ClInclude>
    <ClInclude Include="include\Krystal.HTML\Iterator\NodeIterator.hpp">
      <Filter>Header Files</Filter>
    </ClInclude>
    <ClInclude Include="include\Krystal.HTML\Iterator\TreeWalker.hpp">
      <Filter>Header Files</Filter>
    </ClInclude>
    <ClInclude Include="include\Krystal.HTML\Iterator\NodeFilter.hpp">
      <Filter>Header Files</Filter>
    </ClInclude>
    <ClInclude Include="include\Krystal.HTML\Utils\SmallNodeList.hpp">
      <Filter>Header Files</Filter>
    </ClInclude>
    <ClInclude Include="include\Krystal.HTML\Node\HTMLCollection.hpp">
      <Filter>Header Files</Filter>
    </ClInclude>
    <ClInclude Include="include\Krystal.HTML\Node\ElementRareData.hpp">
      <Filter>Header Files</Filter>
    </ClInclude>
    <ClInclude Include="include\Krystal.HTML\Node\DocumentRareData.hpp">
      <Filter>Header Files</Filter>
    </ClInclude>
    <ClInclude Include="include\Krystal.HTML\Node\DocumentFragmentRareData.hpp">
      <Filter>Header Files</Filter>
    </ClInclude>
    <ClInclude Include="include\Krystal.HTML\Node\ParentNodeRareData.hpp">
      <Filter>Header Files</Filter>
    </ClInclude>
    <ClInclude Include="include\Krystal.HTML\MutationObserver\MutationObserverInit.hpp">
      <Filter>Header Files</Filter>
    </ClInclude>
    <ClInclude Include="include\Krystal.HTML\MutationObserver\RegisteredObserver.hpp">
      <Filter>Header Files</Filter>
    </ClInclude>
    <ClInclude Include="include\Krystal.HTML\MutationObserver\MutationCallback.hpp">
      <Filter>Header Files</Filter>
    </ClInclude>
    <ClInclude Include="include\Krystal.HTML\MutationObserver\TransientRegisteredObserver.hpp">
      <Filter>Header Files</Filter>
    </ClInclude>
    <ClInclude Include="include\Krystal.HTML\URL.hpp">
      <Filter>Header Files</Filter>
    </ClInclude>
    <ClInclude Include="include\Krystal.HTML\Ranges\BoundaryPoint.hpp">
      <Filter>Header Files</Filter>
    </ClInclude>
    <ClInclude Include="include\Krystal.HTML\Algorithms\NameValidation.hpp">
      <Filter>Header Files</Filter>
    </ClInclude>
    <ClInclude Include="include\Krystal.HTML\Algorithms\StringAlgorithms.hpp">
      <Filter>Header Files</Filter>
    </ClInclude>
    <ClInclude Include="include\Krystal.HTML\Namespaces.hpp">
      <Filter>Header Files</Filter>
    </ClInclude>
    <ClInclude Include="include\Krystal.HTML\Algorithms\OrderedSetAlgorithms.hpp">
      <Filter>Header Files</Filter>
    </ClInclude>
    <ClInclude Include="include\Krystal.HTML\Events\EventPath.hpp">
      <Filter>Header Files</Filter>
    </ClInclude>
    <ClInclude Include="include\Krystal.HTML\Events\EventTargetFlag.hpp">
      <Filter>Header Files</Filter>
    </ClInclude>
    <ClInclude Include="include\Krystal.HTML\Abort\AbortController.hpp">
      <Filter>Header Files</Filter>
    </ClInclude>
    <ClInclude Include="include\Krystal.HTML\HTMLElement\HTMLElement.hpp">
      <Filter>Header Files</Filter>
    </ClInclude>
    <ClInclude Include="include\Krystal.HTML\HTMLElement\HTMLSlotElement.hpp">
      <Filter>Header Files</Filter>
    </ClInclude>
    <ClInclude Include="include\Krystal.HTML\Algorithms\SubtreeRanges.hpp">
      <Filter>Header Files</Filter>
    </ClInclude>
    <ClInclude Include="include\Krystal.HTML\Algorithms\SlotAssignmentAlgorithms.hpp">
      <Filter>Header Files</Filter>
    </ClInclude>
    <ClInclude Include="include\Krystal.HTML\Algorithms\IteratorAlgorithms.hpp">
      <Filter>Header Files</Filter>
    </ClInclude>
    <ClInclude Include="include\Krystal.HTML\Iterator\WhatToShow.hpp">
      <Filter>Header Files</Filter>
    </ClInclude>
    <ClInclude Include="include\Krystal.HTML\Iterator\FilterResult.hpp">
      <Filter>Header Files</Filter>
    </ClInclude>
    <ClInclude Include="include\Krystal.HTML\Iterator\_detail\IteratorBase.hpp">
      <Filter>Header Files</Filter>
    </ClInclude>
    <ClInclude Include="include\Krystal.HTML\DOMTokenList.hpp">
      <Filter>Header Files</Filter>
    </ClInclude>
    <ClInclude Include="include\Krystal.HTML\Node\CustomElementState.hpp">
      <Filter>Header Files</Filter>
    </ClInclude>
    <ClInclude Include="include\Krystal.HTML\Node\NodeOrString.hpp">
      <Filter>Header Files</Filter>
    </ClInclude>
    <ClInclude Include="include\Krystal.HTML\Algorithms\ChildNodeAlgorithms.hpp">
      <Filter>Header Files</Filter>
    </ClInclude>
    <ClInclude Include="include\Krystal.HTML\Node\NamedNodeMap.hpp">
      <Filter>Header Files</Filter>
    </ClInclude>
    <ClInclude Include="include\Krystal.HTML\Node\ShadowRootInit.hpp">
      <Filter>Header Files</Filter>
    </ClInclude>
    <ClInclude Include="include\Krystal.HTML\Node\ShadowRootMode.hpp">
      <Filter>Header Files</Filter>
    </ClInclude>
    <ClInclude Include="include\Krystal.HTML\Node\SlotAssignmentMode.hpp">
      <Filter>Header Files</Filter>
    </ClInclude>
    <ClInclude Include="include\Krystal.HTML\Node\InsertAdjacentWhere.hpp">
      <Filter>Header Files</Filter>
    </ClInclude>
    <ClInclude Include="include\Krystal.HTML\Algorithms\ElementAttributeAlgorithms.hpp">
      <Filter>Header Files</Filter>
    </ClInclude>
    <ClInclude Include="include\Krystal.HTML\Algorithms\ShadowRootAlgorithms.hpp">
      <Filter>Header Files</Filter>
    </ClInclude>
    <ClInclude Include="include\Krystal.HTML\Algorithms\ParentNodeAlgorithms.hpp">
      <Filter>Header Files</Filter>
    </ClInclude>
  </ItemGroup>
  <ItemGroup>
    <ClCompile Include="src\Context.cpp">
      <Filter>Source Files</Filter>
    </ClCompile>
    <ClCompile Include="src\Node\Node.cpp">
      <Filter>Source Files</Filter>
    </ClCompile>
    <ClCompile Include="src\Events\Event.cpp">
      <Filter>Source Files</Filter>
    </ClCompile>
    <ClCompile Include="src\Events\EventTarget.cpp">
      <Filter>Source Files</Filter>
    </ClCompile>
    <ClCompile Include="src\Node\ContainerNode.cpp">
      <Filter>Source Files</Filter>
    </ClCompile>
    <ClCompile Include="src\Node\DocumentType.cpp">
      <Filter>Source Files</Filter>
    </ClCompile>
    <ClCompile Include="src\Node\DocumentFragment.cpp">
      <Filter>Source Files</Filter>
    </ClCompile>
    <ClCompile Include="src\Node\CharacterData.cpp">
      <Filter>Source Files</Filter>
    </ClCompile>
    <ClCompile Include="src\Node\Text.cpp">
      <Filter>Source Files</Filter>
    </ClCompile>
    <ClCompile Include="src\Node\CDATASection.cpp">
      <Filter>Source Files</Filter>
    </ClCompile>
    <ClCompile Include="src\Node\ProcessingInstruction.cpp">
      <Filter>Source Files</Filter>
    </ClCompile>
    <ClCompile Include="src\Node\Document.cpp">
      <Filter>Source Files</Filter>
    </ClCompile>
    <ClCompile Include="src\Node\Comment.cpp">
      <Filter>Source Files</Filter>
    </ClCompile>
    <ClCompile Include="src\Node\Element.cpp">
      <Filter>Source Files</Filter>
    </ClCompile>
    <ClCompile Include="src\Node\Attr.cpp">
      <Filter>Source Files</Filter>
    </ClCompile>
    <ClCompile Include="src\Node\ShadowRoot.cpp">
      <Filter>Source Files</Filter>
    </ClCompile>
    <ClCompile Include="src\Events\EventDispatcher.cpp">
      <Filter>Source Files</Filter>
    </ClCompile>
    <ClCompile Include="src\Node\TreeScope.cpp">
      <Filter>Source Files</Filter>
    </ClCompile>
    <ClCompile Include="src\Algorithms\TreeTraversal.cpp">
      <Filter>Source Files</Filter>
    </ClCompile>
    <ClCompile Include="src\Algorithms\TreeMutationDispatcher.cpp">
      <Filter>Source Files</Filter>
    </ClCompile>
    <ClCompile Include="src\Algorithms\TreeQueries.cpp">
      <Filter>Source Files</Filter>
    </ClCompile>
    <ClCompile Include="src\MutationObserver\TreeMutationRecord.cpp">
      <Filter>Source Files</Filter>
    </ClCompile>
    <ClCompile Include="src\Node\StaticNodeList.cpp">
      <Filter>Source Files</Filter>
    </ClCompile>
    <ClCompile Include="src\MutationObserver\detail\EmptyNodeMutationRecord.cpp">
      <Filter>Source Files</Filter>
    </ClCompile>
    <ClCompile Include="src\MutationObserver\AttributesMutationRecord.cpp">
      <Filter>Source Files</Filter>
    </ClCompile>
    <ClCompile Include="src\MutationObserver\CharacterDataMutationRecord.cpp">
      <Filter>Source Files</Filter>
    </ClCompile>
    <ClCompile Include="src\Algorithms\MutationAlgorithms.cpp">
      <Filter>Source Files</Filter>
    </ClCompile>
    <ClCompile Include="src\Node\ChildNodeList.cpp">
      <Filter>Source Files</Filter>
    </ClCompile>
    <ClCompile Include="src\Node\NodeRareData.cpp">
      <Filter>Source Files</Filter>
    </ClCompile>
    <ClCompile Include="src\Node\HTMLCollection.cpp">
      <Filter>Source Files</Filter>
    </ClCompile>
    <ClCompile Include="src\Node\ParentNodeRareData.cpp">
      <Filter>Source Files</Filter>
    </ClCompile>
    <ClCompile Include="src\MutationObserver\MutationObserver.cpp">
      <Filter>Source Files</Filter>
    </ClCompile>
    <ClCompile Include="src\Ranges\Range.cpp">
      <Filter>Source Files</Filter>
    </ClCompile>
    <ClCompile Include="src\Events\EventPath.cpp">
      <Filter>Source Files</Filter>
    </ClCompile>
    <ClCompile Include="src\Abort\AbortController.cpp">
      <Filter>Source Files</Filter>
    </ClCompile>
    <ClCompile Include="src\Abort\AbortSignal.cpp">
      <Filter>Source Files</Filter>
    </ClCompile>
    <ClCompile Include="src\Algorithms\SlotAssignmentAlgorithms.cpp">
      <Filter>Source Files</Filter>
    </ClCompile>
    <ClCompile Include="src\HTMLElement\HTMLSlotElement.cpp">
      <Filter>Source Files</Filter>
    </ClCompile>
    <ClCompile Include="src\Iterator\NodeIterator.cpp">
      <Filter>Source Files</Filter>
    </ClCompile>
    <ClCompile Include="src\Algorithms\IteratorAlgorithms.cpp">
      <Filter>Source Files</Filter>
    </ClCompile>
    <ClCompile Include="src\Iterator\TreeWalker.cpp">
      <Filter>Source Files</Filter>
    </ClCompile>
    <ClCompile Include="src\DOMTokenList.cpp">
      <Filter>Source Files</Filter>
    </ClCompile>
    <ClCompile Include="src\Node\NamedNodeMap.cpp">
      <Filter>Source Files</Filter>
    </ClCompile>
    <ClCompile Include="src\Algorithms\ElementAttributeAlgorithms.cpp">
      <Filter>Source Files</Filter>
    </ClCompile>
    <ClCompile Include="src\Algorithms\ShadowRootAlgorithms.cpp">
      <Filter>Source Files</Filter>
    </ClCompile>
    <ClCompile Include="src\Algorithms\ParentNodeAlgorithms.cpp">
      <Filter>Source Files</Filter>
    </ClCompile>
  </ItemGroup>
  <ItemGroup>
    <None Include="data\HTMLTagNames.in" />
    <None Include="data\CustomEvent.idl">
      <Filter>Source Files</Filter>
    </None>
    <None Include="data\CustomEventInit.idl">
      <Filter>Source Files</Filter>
    </None>
    <None Include="data\Event.idl">
      <Filter>Source Files</Filter>
    </None>
    <None Include="data\EventInit.idl">
      <Filter>Source Files</Filter>
    </None>
    <None Include="data\EventTarget.idl">
      <Filter>Source Files</Filter>
    </None>
    <None Include="data\EventListenerOptions.idl">
      <Filter>Source Files</Filter>
    </None>
    <None Include="data\EventListener.idl">
      <Filter>Source Files</Filter>
    </None>
    <None Include="data\AbortSignal.idl">
      <Filter>Source Files</Filter>
    </None>
    <None Include="data\AddEventListenerOptions.idl">
      <Filter>Source Files</Filter>
    </None>
    <None Include="data\Node.idl">
      <Filter>Source Files</Filter>
    </None>
    <None Include="data\Document.idl">
      <Filter>Source Files</Filter>
    </None>
    <None Include="data\DocumentFragment.idl">
      <Filter>Source Files</Filter>
    </None>
    <None Include="data\DocumentType.idl">
      <Filter>Source Files</Filter>
    </None>
    <None Include="data\CharacterData.idl">
      <Filter>Source Files</Filter>
    </None>
    <None Include="data\CDATASection.idl">
      <Filter>Source Files</Filter>
    </None>
    <None Include="data\Comment.idl">
      <Filter>Source Files</Filter>
    </None>
    <None Include="data\ProcessingInstruction.idl">
      <Filter>Source Files</Filter>
    </None>
    <None Include="data\Text.idl">
      <Filter>Source Files</Filter>
    </None>
    <None Include="data\ShadowRoot.idl">
      <Filter>Source Files</Filter>
    </None>
    <None Include="data\EventInterfaces.in" />
    <None Include="data\Node\Text.idl">
      <Filter>Source Files</Filter>
    </None>
    <None Include="data\Node\CDATASection.idl">
      <Filter>Source Files</Filter>
    </None>
    <None Include="data\Node\CharacterData.idl">
      <Filter>Source Files</Filter>
    </None>
    <None Include="data\Node\Comment.idl">
      <Filter>Source Files</Filter>
    </None>
    <None Include="data\Node\Node.idl">
      <Filter>Source Files</Filter>
    </None>
    <None Include="data\Node\ProcessingInstruction.idl">
      <Filter>Source Files</Filter>
    </None>
    <None Include="data\Event\EventTarget.idl">
      <Filter>Source Files</Filter>
    </None>
    <None Include="data\Event\AbortSignal.idl">
      <Filter>Source Files</Filter>
    </None>
    <None Include="data\Event\AddEventListenerOptions.idl">
      <Filter>Source Files</Filter>
    </None>
    <None Include="data\Event\CustomEvent.idl">
      <Filter>Source Files</Filter>
    </None>
    <None Include="data\Event\CustomEventInit.idl">
      <Filter>Source Files</Filter>
    </None>
    <None Include="data\Event\Event.idl">
      <Filter>Source Files</Filter>
    </None>
    <None Include="data\Event\EventInit.idl">
      <Filter>Source Files</Filter>
    </None>
    <None Include="data\Event\EventListener.idl">
      <Filter>Source Files</Filter>
    </None>
    <None Include="data\Event\EventListenerOptions.idl">
      <Filter>Source Files</Filter>
    </None>
    <None Include="data\Document\Document.idl">
      <Filter>Source Files</Filter>
    </None>
    <None Include="data\Document\ShadowRoot.idl">
      <Filter>Source Files</Filter>
    </None>
    <None Include="data\Document\DocumentFragment.idl">
      <Filter>Source Files</Filter>
    </None>
    <None Include="data\Document\DocumentType.idl">
      <Filter>Source Files</Filter>
    </None>
    <None Include="data\Node\Element.idl">
      <Filter>Source Files</Filter>
    </None>
    <None Include="data\Document\DOMImplementation.idl">
      <Filter>Source Files</Filter>
    </None>
    <None Include="data\Document\ShadowRootInit.idl">
      <Filter>Source Files</Filter>
    </None>
    <None Include="data\Node\NamedNodeMap.idl">
      <Filter>Source Files</Filter>
    </None>
    <None Include="data\Ranges\AbstractRange.idl">
      <Filter>Source Files</Filter>
    </None>
    <None Include="data\Ranges\StaticRange.idl">
      <Filter>Source Files</Filter>
    </None>
    <None Include="data\Ranges\Range.idl">
      <Filter>Source Files</Filter>
    </None>
    <None Include="data\MutationObserver\MutationRecord.idl">
      <Filter>Source Files</Filter>
    </None>
    <None Include="data\MutationObserver\MutationObserver.idl">
      <Filter>Source Files</Filter>
    </None>
    <None Include="data\XSLT\XSLTProcessor.idl">
      <Filter>Source Files</Filter>
    </None>
    <None Include="data\XPath\XPathResult.idl">
      <Filter>Source Files</Filter>
    </None>
    <None Include="data\XPath\XPathExpression.idl">
      <Filter>Source Files</Filter>
    </None>
    <None Include="data\XPath\XPathEvaluatorBase.idl">
      <Filter>Source Files</Filter>
    </None>
    <None Include="data\XPath\XPathEvaluator.idl">
      <Filter>Source Files</Filter>
    </None>
    <None Include="data\Iterator\TreeWalker.idl">
      <Filter>Source Files</Filter>
    </None>
    <None Include="data\Iterator\NodeIterator.idl">
      <Filter>Source Files</Filter>
    </None>
    <None Include="data\Iterator\NodeFilter.idl">
      <Filter>Source Files</Filter>
    </None>
    <None Include="data\Node\DOMTokenList.idl">
      <Filter>Source Files</Filter>
    </None>
    <None Include="data\Node\NodeList.idl">
      <Filter>Source Files</Filter>
    </None>
    <None Include="data\Node\HTMLCollection.idl">
      <Filter>Source Files</Filter>
    </None>
    <None Include="data\Document\CustomElementRegistry.idl">
      <Filter>Source Files</Filter>
    </None>
    <None Include="data\Node\Mixin\Slottable.idl">
      <Filter>Source Files</Filter>
    </None>
    <None Include="data\Node\Mixin\ParentNode.idl">
      <Filter>Source Files</Filter>
    </None>
    <None Include="data\Node\Mixin\NonElementParentNode.idl">
      <Filter>Source Files</Filter>
    </None>
    <None Include="data\Node\Mixin\NonDocumentTypeChildNode.idl">
      <Filter>Source Files</Filter>
    </None>
    <None Include="data\Node\Mixin\DocumentOrShadowRoot.idl">
      <Filter>Source Files</Filter>
    </None>
    <None Include="data\Node\Mixin\ChildNode.idl">
      <Filter>Source Files</Filter>
    </None>
    <None Include="data\Abort\AbortSignal.idl">
      <Filter>Source Files</Filter>
    </None>
    <None Include="data\Abort\AbortController.idl">
      <Filter>Source Files</Filter>
    </None>
    <None Include="data\DOM-spec-progress.txt" />
    <None Include="cpp.hint" />
  </ItemGroup>
</Project>