<?xml version="1.0" encoding="utf-8"?>
<Project ToolsVersion="4.0" xmlns="http://schemas.microsoft.com/developer/msbuild/2003">
  <ItemGroup>
    <Filter Include="Source Files">
      <UniqueIdentifier>{4FC737F1-C7A5-4376-A066-2A32D752A2FF}</UniqueIdentifier>
      <Extensions>cpp;c;cc;cxx;c++;cppm;ixx;def;odl;idl;hpj;bat;asm;asmx</Extensions>
    </Filter>
    <Filter Include="Header Files">
      <UniqueIdentifier>{93995380-89BD-4b04-88EB-625FBE52EBFB}</UniqueIdentifier>
      <Extensions>h;hh;hpp;hxx;h++;hm;inl;inc;ipp;xsd</Extensions>
    </Filter>
    <Filter Include="Resource Files">
      <UniqueIdentifier>{67DA6AB6-F800-4c08-8B7A-83BB121AAD01}</UniqueIdentifier>
      <Extensions>rc;ico;cur;bmp;dlg;rc2;rct;bin;rgs;gif;jpg;jpeg;jpe;resx;tiff;tif;png;wav;mfcribbon-ms</Extensions>
    </Filter>
  </ItemGroup>
  <ItemGroup>
    <Text Include="data\HTMLEntityNames.in" />
  </ItemGroup>
  <ItemGroup>
    <ClInclude Include="include\Krystal.HTML\HTML\Parser\HTMLEncodingSniffer.hpp">
      <Filter>Header Files</Filter>
    </ClInclude>
    <ClInclude Include="include\Krystal.HTML\HTML\Enums\InsertionMode.hpp">
      <Filter>Header Files</Filter>
    </ClInclude>
    <ClInclude Include="include\Krystal.HTML\HTML\Enums\TokenizerState.hpp">
      <Filter>Header Files</Filter>
    </ClInclude>
    <ClInclude Include="include\Krystal.HTML\HTML\Parser\TextResourceDecoder.hpp">
      <Filter>Header Files</Filter>
    </ClInclude>
    <ClInclude Include="include\Krystal.HTML\HTML\Enums\ContentType.hpp">
      <Filter>Header Files</Filter>
    </ClInclude>
    <ClInclude Include="include\Krystal.HTML\HTML\Enums\EncodingSource.hpp">
      <Filter>Header Files</Filter>
    </ClInclude>
    <ClInclude Include="include\Krystal.HTML\Context.hpp">
      <Filter>Header Files</Filter>
    </ClInclude>
    <ClInclude Include="include\Krystal.HTML\HTML\Parser\HTMLDocumentParser.hpp">
      <Filter>Header Files</Filter>
    </ClInclude>
    <ClInclude Include="include\Krystal.HTML\DOM\HTMLDocument.hpp">
      <Filter>Header Files</Filter>
    </ClInclude>
    <ClInclude Include="include\Krystal.HTML\HTML\Parser\HTMLTokenizer.hpp">
      <Filter>Header Files</Filter>
    </ClInclude>
    <ClInclude Include="include\Krystal.HTML\HTML\Parser\HTMLTreeBuilder.hpp">
      <Filter>Header Files</Filter>
    </ClInclude>
    <ClInclude Include="include\Krystal.HTML\HTML\Parser\HTMLInputStream.hpp">
      <Filter>Header Files</Filter>
    </ClInclude>
    <ClInclude Include="include\Krystal.HTML\DOM\Node.hpp">
      <Filter>Header Files</Filter>
    </ClInclude>
    <ClInclude Include="include\Krystal.HTML\DOM\ContainerNode.hpp">
      <Filter>Header Files</Filter>
    </ClInclude>
    <ClInclude Include="include\Krystal.HTML\DOM\Element.hpp">
      <Filter>Header Files</Filter>
    </ClInclude>
    <ClInclude Include="include\Krystal.HTML\HTML\Parser\HTMLElementStack.hpp">
      <Filter>Header Files</Filter>
    </ClInclude>
    <ClInclude Include="include\Krystal.HTML\HTML\Parser\HTMLStackItem.hpp">
      <Filter>Header Files</Filter>
    </ClInclude>
    <ClInclude Include="include\Krystal.HTML\HTML\Parser\HTMLFormattingElementList.hpp">
      <Filter>Header Files</Filter>
    </ClInclude>
    <ClInclude Include="include\Krystal.HTML\DOM\Document.hpp">
      <Filter>Header Files</Filter>
    </ClInclude>
    <ClInclude Include="include\Krystal.HTML\HTML\Parser\HTMLToken.hpp">
      <Filter>Header Files</Filter>
    </ClInclude>
    <ClInclude Include="include\Krystal.HTML\HTML\Parser\HTMLTokenAtom.hpp">
      <Filter>Header Files</Filter>
    </ClInclude>
    <ClInclude Include="include\Krystal.HTML\HTML\Enums\HTMLParseError.hpp">
      <Filter>Header Files</Filter>
    </ClInclude>
    <ClInclude Include="include\Krystal.HTML\HTML\Parser\HTMLCharacterReference.hpp">
      <Filter>Header Files</Filter>
    </ClInclude>
    <ClInclude Include="include\Krystal.HTML\DOM\EventTarget.hpp">
      <Filter>Header Files</Filter>
    </ClInclude>
    <ClInclude Include="include\Krystal.HTML\DOM\Event.hpp">
      <Filter>Header Files</Filter>
    </ClInclude>
    <ClInclude Include="include\Krystal.HTML\DOM\CustomEvent.hpp">
      <Filter>Header Files</Filter>
    </ClInclude>
    <ClInclude Include="include\Krystal.HTML\DOM\Enums\EventPhaseType.hpp">
      <Filter>Header Files</Filter>
    </ClInclude>
    <ClInclude Include="include\Krystal.HTML\DOM\Types\DOMHighResTimeStamp.hpp">
      <Filter>Header Files</Filter>
    </ClInclude>
    <ClInclude Include="include\Krystal.HTML\DOM\Callbacks\EventListenerCallback.hpp">
      <Filter>Header Files</Filter>
    </ClInclude>
    <ClInclude Include="include\Krystal.HTML\DOM\Dicts\EventListenerOptions.hpp">
      <Filter>Header Files</Filter>
    </ClInclude>
    <ClInclude Include="include\Krystal.HTML\DOM\AbortSignal.hpp">
      <Filter>Header Files</Filter>
    </ClInclude>
    <ClInclude Include="include\Krystal.HTML\DOM\Internals\Event\EventListener.hpp">
      <Filter>Header Files</Filter>
    </ClInclude>
    <ClInclude Include="include\Krystal.HTML\Constants\EventNames.hpp">
      <Filter>Header Files</Filter>
    </ClInclude>
    <ClInclude Include="include\Krystal.HTML\DOM\Types\Exception.hpp">
      <Filter>Header Files</Filter>
    </ClInclude>
    <ClInclude Include="include\Krystal.HTML\DOM\Types\ExceptionOr.hpp">
      <Filter>Header Files</Filter>
    </ClInclude>
    <ClInclude Include="include\Krystal.HTML\DOM\DocumentFragment.hpp">
      <Filter>Header Files</Filter>
    </ClInclude>
    <ClInclude Include="include\Krystal.HTML\DOM\NodeList.hpp">
      <Filter>Header Files</Filter>
    </ClInclude>
    <ClInclude Include="include\Krystal.HTML\DOM\DocumentType.hpp">
      <Filter>Header Files</Filter>
    </ClInclude>
    <ClInclude Include="include\Krystal.HTML\DOM\CharacterData.hpp">
      <Filter>Header Files</Filter>
    </ClInclude>
    <ClInclude Include="include\Krystal.HTML\DOM\Types\DOMString.hpp">
      <Filter>Header Files</Filter>
    </ClInclude>
    <ClInclude Include="include\Krystal.HTML\DOM\Attr.hpp">
      <Filter>Header Files</Filter>
    </ClInclude>
    <ClInclude Include="include\Krystal.HTML\DOM\Text.hpp">
      <Filter>Header Files</Filter>
    </ClInclude>
    <ClInclude Include="include\Krystal.HTML\DOM\CDATASection.hpp">
      <Filter>Header Files</Filter>
    </ClInclude>
    <ClInclude Include="include\Krystal.HTML\DOM\Comment.hpp">
      <Filter>Header Files</Filter>
    </ClInclude>
    <ClInclude Include="include\Krystal.HTML\DOM\ProcessingInstruction.hpp">
      <Filter>Header Files</Filter>
    </ClInclude>
    <ClInclude Include="include\Krystal.HTML\DOM\Types\QualifiedName.hpp">
      <Filter>Header Files</Filter>
    </ClInclude>
    <ClInclude Include="include\Krystal.HTML\DOM\ShadowRoot.hpp">
      <Filter>Header Files</Filter>
    </ClInclude>
    <ClInclude Include="include\Krystal.HTML\DOM\Algorithms\EventDispatcher.hpp">
      <Filter>Header Files</Filter>
    </ClInclude>
    <ClInclude Include="include\Krystal.HTML\HTML\CustomElement\CustomElementRegistry.hpp">
      <Filter>Header Files</Filter>
    </ClInclude>
    <ClInclude Include="include\Krystal.HTML\DOM\Algorithms\MutationObserverAlgorithms.hpp">
      <Filter>Header Files</Filter>
    </ClInclude>
    <ClInclude Include="include\Krystal.HTML\DOM\Internals\RareData\NodeRareData.hpp">
      <Filter>Header Files</Filter>
    </ClInclude>
    <ClInclude Include="include\Krystal.HTML\DOM\AbstractRange.hpp">
      <Filter>Header Files</Filter>
    </ClInclude>
    <ClInclude Include="include\Krystal.HTML\DOM\Range.hpp">
      <Filter>Header Files</Filter>
    </ClInclude>
    <ClInclude Include="include\Krystal.HTML\DOM\StaticRange.hpp">
      <Filter>Header Files</Filter>
    </ClInclude>
    <ClInclude Include="include\Krystal.HTML\DOM\MutationRecord.hpp">
      <Filter>Header Files</Filter>
    </ClInclude>
    <ClInclude Include="include\Krystal.HTML\DOM\MutationObserver.hpp">
      <Filter>Header Files</Filter>
    </ClInclude>
    <ClInclude Include="include\Krystal.HTML\DOM\Algorithms\MutationAlgorithms.hpp">
      <Filter>Header Files</Filter>
    </ClInclude>
    <ClInclude Include="include\Krystal.HTML\DOM\NodeIterator.hpp">
      <Filter>Header Files</Filter>
    </ClInclude>
    <ClInclude Include="include\Krystal.HTML\DOM\TreeWalker.hpp">
      <Filter>Header Files</Filter>
    </ClInclude>
    <ClInclude Include="include\Krystal.HTML\DOM\Callbacks\NodeFilter.hpp">
      <Filter>Header Files</Filter>
    </ClInclude>
    <ClInclude Include="include\Krystal.HTML\DOM\Types\SmallNodeList.hpp">
      <Filter>Header Files</Filter>
    </ClInclude>
    <ClInclude Include="include\Krystal.HTML\DOM\HTMLCollection.hpp">
      <Filter>Header Files</Filter>
    </ClInclude>
    <ClInclude Include="include\Krystal.HTML\DOM\Internals\RareData\ElementRareData.hpp">
      <Filter>Header Files</Filter>
    </ClInclude>
    <ClInclude Include="include\Krystal.HTML\DOM\Internals\RareData\DocumentRareData.hpp">
      <Filter>Header Files</Filter>
    </ClInclude>
    <ClInclude Include="include\Krystal.HTML\DOM\Internals\RareData\DocumentFragmentRareData.hpp">
      <Filter>Header Files</Filter>
    </ClInclude>
    <ClInclude Include="include\Krystal.HTML\DOM\Internals\RareData\ParentNodeRareData.hpp">
      <Filter>Header Files</Filter>
    </ClInclude>
    <ClInclude Include="include\Krystal.HTML\DOM\Dicts\MutationObserverInit.hpp">
      <Filter>Header Files</Filter>
    </ClInclude>
    <ClInclude Include="include\Krystal.HTML\DOM\Internals\MutationObserver\RegisteredObserver.hpp">
      <Filter>Header Files</Filter>
    </ClInclude>
    <ClInclude Include="include\Krystal.HTML\DOM\Callbacks\MutationCallback.hpp">
      <Filter>Header Files</Filter>
    </ClInclude>
    <ClInclude Include="include\Krystal.HTML\DOM\Internals\MutationObserver\TransientRegisteredObserver.hpp">
      <Filter>Header Files</Filter>
    </ClInclude>
    <ClInclude Include="include\Krystal.HTML\DOM\BoundaryPoint.hpp">
      <Filter>Header Files</Filter>
    </ClInclude>
    <ClInclude Include="include\Krystal.HTML\DOM\Algorithms\NameValidation.hpp">
      <Filter>Header Files</Filter>
    </ClInclude>
    <ClInclude Include="include\Krystal.HTML\Infra\StringAlgorithms.hpp">
      <Filter>Header Files</Filter>
    </ClInclude>
    <ClInclude Include="include\Krystal.HTML\DOM\Enums\EventTargetFlags.hpp">
      <Filter>Header Files</Filter>
    </ClInclude>
    <ClInclude Include="include\Krystal.HTML\DOM\AbortController.hpp">
      <Filter>Header Files</Filter>
    </ClInclude>
    <ClInclude Include="include\Krystal.HTML\HTML\HTMLElement.hpp">
      <Filter>Header Files</Filter>
    </ClInclude>
    <ClInclude Include="include\Krystal.HTML\HTML\HTMLSlotElement.hpp">
      <Filter>Header Files</Filter>
    </ClInclude>
    <ClInclude Include="include\Krystal.HTML\DOM\Algorithms\SubtreeRanges.hpp">
      <Filter>Header Files</Filter>
    </ClInclude>
    <ClInclude Include="include\Krystal.HTML\DOM\Algorithms\SlotAlgorithms.hpp">
      <Filter>Header Files</Filter>
    </ClInclude>
    <ClInclude Include="include\Krystal.HTML\DOM\Algorithms\IteratorAlgorithms.hpp">
      <Filter>Header Files</Filter>
    </ClInclude>
    <ClInclude Include="include\Krystal.HTML\DOM\Enums\WhatToShow.hpp">
      <Filter>Header Files</Filter>
    </ClInclude>
    <ClInclude Include="include\Krystal.HTML\DOM\Enums\FilterResult.hpp">
      <Filter>Header Files</Filter>
    </ClInclude>
    <ClInclude Include="include\Krystal.HTML\DOM\Internals\TraversalBase.hpp">
      <Filter>Header Files</Filter>
    </ClInclude>
    <ClInclude Include="include\Krystal.HTML\DOM\DOMTokenList.hpp">
      <Filter>Header Files</Filter>
    </ClInclude>
    <ClInclude Include="include\Krystal.HTML\DOM\Enums\CustomElementState.hpp">
      <Filter>Header Files</Filter>
    </ClInclude>
    <ClInclude Include="include\Krystal.HTML\DOM\Types\NodeOrString.hpp">
      <Filter>Header Files</Filter>
    </ClInclude>
    <ClInclude Include="include\Krystal.HTML\DOM\Mixins\ChildNode.hpp">
      <Filter>Header Files</Filter>
    </ClInclude>
    <ClInclude Include="include\Krystal.HTML\DOM\NamedNodeMap.hpp">
      <Filter>Header Files</Filter>
    </ClInclude>
    <ClInclude Include="include\Krystal.HTML\DOM\Dicts\ShadowRootInit.hpp">
      <Filter>Header Files</Filter>
    </ClInclude>
    <ClInclude Include="include\Krystal.HTML\DOM\Enums\ShadowRootMode.hpp">
      <Filter>Header Files</Filter>
    </ClInclude>
    <ClInclude Include="include\Krystal.HTML\DOM\Enums\SlotAssignmentMode.hpp">
      <Filter>Header Files</Filter>
    </ClInclude>
    <ClInclude Include="include\Krystal.HTML\DOM\Enums\InsertAdjacentWhere.hpp">
      <Filter>Header Files</Filter>
    </ClInclude>
    <ClInclude Include="include\Krystal.HTML\DOM\Algorithms\ElementAlgorithms.hpp">
      <Filter>Header Files</Filter>
    </ClInclude>
    <ClInclude Include="include\Krystal.HTML\DOM\Mixins\ParentNode.hpp">
      <Filter>Header Files</Filter>
    </ClInclude>
    <ClInclude Include="include\Krystal.HTML\DOM\Mixins\NonElementParentNode.hpp">
      <Filter>Header Files</Filter>
    </ClInclude>
    <ClInclude Include="include\Krystal.HTML\DOM\Algorithms\ExtensibilityHooks.hpp">
      <Filter>Header Files</Filter>
    </ClInclude>
    <ClInclude Include="include\Krystal.HTML\DOM\Internals\EventFactory.hpp">
      <Filter>Header Files</Filter>
    </ClInclude>
    <ClInclude Include="include\Krystal.HTML\DOM\Internals\ElementFactory.hpp">
      <Filter>Header Files</Filter>
    </ClInclude>
    <ClInclude Include="include\Krystal.HTML\DOM\Algorithms\NodeAlgorithms.hpp">
      <Filter>Header Files</Filter>
    </ClInclude>
    <ClInclude Include="include\Krystal.HTML\DOM\Enums\MutationRecordType.hpp">
      <Filter>Header Files</Filter>
    </ClInclude>
    <ClInclude Include="include\Krystal.HTML\HTML\CustomElement\CustomElementDefinition.hpp">
      <Filter>Header Files</Filter>
    </ClInclude>
    <ClInclude Include="include\Krystal.HTML\HTML\CustomElement\ElementDefinitionOptions.hpp">
      <Filter>Header Files</Filter>
    </ClInclude>
    <ClInclude Include="include\Krystal.HTML\DOM\XMLDocument.hpp">
      <Filter>Header Files</Filter>
    </ClInclude>
    <ClInclude Include="include\Krystal.HTML\DOM\Dicts\ElementCreationOptions.hpp">
      <Filter>Header Files</Filter>
    </ClInclude>
    <ClInclude Include="include\Krystal.HTML\DOM\Dicts\ImportNodeOptions.hpp">
      <Filter>Header Files</Filter>
    </ClInclude>
    <ClInclude Include="include\Krystal.HTML\DOM\DOMImplementation.hpp">
      <Filter>Header Files</Filter>
    </ClInclude>
    <ClInclude Include="include\Krystal.HTML\DOM\Enums\QuirksMode.hpp">
      <Filter>Header Files</Filter>
    </ClInclude>
    <ClInclude Include="include\Krystal.HTML\DOM\Algorithms\DocumentAlgorithms.hpp">
      <Filter>Header Files</Filter>
    </ClInclude>
    <ClInclude Include="include\Krystal.HTML\HTML\Algorithms\CustomElementAlgorithms.hpp">
      <Filter>Header Files</Filter>
    </ClInclude>
    <ClInclude Include="include\Krystal.HTML\DOM\Algorithms\LiveRangeUpdater.hpp">
      <Filter>Header Files</Filter>
    </ClInclude>
    <ClInclude Include="include\Krystal.HTML\HTML\CustomElement\CustomElementConstructor.hpp">
      <Filter>Header Files</Filter>
    </ClInclude>
    <ClInclude Include="include\Krystal.HTML\HTML\Internals\CustomElementFactory.hpp">
      <Filter>Header Files</Filter>
    </ClInclude>
    <ClInclude Include="include\Krystal.HTML\SVG\Internals\SVGElementFactory.hpp">
      <Filter>Header Files</Filter>
    </ClInclude>
    <ClInclude Include="include\Krystal.HTML\MathML\Internals\MathMLElementFactory.hpp">
      <Filter>Header Files</Filter>
    </ClInclude>
    <ClInclude Include="include\Krystal.HTML\MathML\MathMLElement.hpp">
      <Filter>Header Files</Filter>
    </ClInclude>
    <ClInclude Include="include\Krystal.HTML\SVG\SVGElement.hpp">
      <Filter>Header Files</Filter>
    </ClInclude>
    <ClInclude Include="include\Krystal.HTML\HTML\HTMLUnknownElement.hpp">
      <Filter>Header Files</Filter>
    </ClInclude>
    <ClInclude Include="include\Krystal.HTML\HTML\Internals\HTMLElementFactory.hpp">
      <Filter>Header Files</Filter>
    </ClInclude>
    <ClInclude Include="include\Krystal.HTML\HTML\HTMLPreElement.hpp">
      <Filter>Header Files</Filter>
    </ClInclude>
    <ClInclude Include="include\Krystal.HTML\DOM\Mixins\NonDocumentTypeChildNode.hpp">
      <Filter>Header Files</Filter>
    </ClInclude>
    <ClInclude Include="include\Krystal.HTML\DOM\Mixins\Slottable.hpp">
      <Filter>Header Files</Filter>
    </ClInclude>
    <ClInclude Include="include\Krystal.HTML\HTML\HTMLHtmlElement.hpp">
      <Filter>Header Files</Filter>
    </ClInclude>
    <ClInclude Include="include\Krystal.HTML\HTML\HTMLHeadElement.hpp">
      <Filter>Header Files</Filter>
    </ClInclude>
    <ClInclude Include="include\Krystal.HTML\HTML\HTMLTitleElement.hpp">
      <Filter>Header Files</Filter>
    </ClInclude>
    <ClInclude Include="include\Krystal.HTML\HTML\HTMLBaseElement.hpp">
      <Filter>Header Files</Filter>
    </ClInclude>
    <ClInclude Include="include\Krystal.HTML\HTML\HTMLLinkElement.hpp">
      <Filter>Header Files</Filter>
    </ClInclude>
    <ClInclude Include="include\Krystal.HTML\HTML\HTMLMetaElement.hpp">
      <Filter>Header Files</Filter>
    </ClInclude>
    <ClInclude Include="include\Krystal.HTML\HTML\HTMLStyleElement.hpp">
      <Filter>Header Files</Filter>
    </ClInclude>
    <ClInclude Include="include\Krystal.HTML\HTML\Enums\DocumentReadyState.hpp">
      <Filter>Header Files</Filter>
    </ClInclude>
    <ClInclude Include="include\Krystal.HTML\HTML\Enums\DocumentVisibilityState.hpp">
      <Filter>Header Files</Filter>
    </ClInclude>
    <ClInclude Include="include\Krystal.HTML\HTML\HTMLBodyElement.hpp">
      <Filter>Header Files</Filter>
    </ClInclude>
    <ClInclude Include="include\Krystal.HTML\HTML\Algorithms\RenderBlocking.hpp">
      <Filter>Header Files</Filter>
    </ClInclude>
    <ClInclude Include="include\Krystal.HTML\HTML\Dicts\ShowPopoverOptions.hpp">
      <Filter>Header Files</Filter>
    </ClInclude>
    <ClInclude Include="include\Krystal.HTML\HTML\Dicts\TogglePopoverOptions.hpp">
      <Filter>Header Files</Filter>
    </ClInclude>
    <ClInclude Include="include\Krystal.HTML\HTML\Attributes\Reflection.hpp">
      <Filter>Header Files</Filter>
    </ClInclude>
    <ClInclude Include="include\Krystal.HTML\HTML\ElementInternals.hpp">
      <Filter>Header Files</Filter>
    </ClInclude>
    <ClInclude Include="include\Krystal.HTML\Infra\Namespaces.hpp">
      <Filter>Header Files</Filter>
    </ClInclude>
    <ClInclude Include="include\Krystal.HTML\Constants\MIMETypes.hpp">
      <Filter>Header Files</Filter>
    </ClInclude>
    <ClInclude Include="include\Krystal.HTML\Constants\Attributes.hpp">
      <Filter>Header Files</Filter>
    </ClInclude>
    <ClInclude Include="include\Krystal.HTML\Constants\Keywords.hpp">
      <Filter>Header Files</Filter>
    </ClInclude>
    <ClInclude Include="include\Krystal.HTML\DOM\Algorithms\OrderedSet.hpp">
      <Filter>Header Files</Filter>
    </ClInclude>
    <ClInclude Include="include\Krystal.HTML\DOM\Algorithms\TreeQueries.hpp">
      <Filter>Header Files</Filter>
    </ClInclude>
    <ClInclude Include="include\Krystal.HTML\DOM\Algorithms\TextAlgorithms.hpp">
      <Filter>Header Files</Filter>
    </ClInclude>
    <ClInclude Include="include\Krystal.HTML\DOM\Internals\Event\EventPathItem.hpp">
      <Filter>Header Files</Filter>
    </ClInclude>
    <ClInclude Include="include\Krystal.HTML\DOM\Dicts\EventInit.hpp">
      <Filter>Header Files</Filter>
    </ClInclude>
    <ClInclude Include="include\Krystal.HTML\DOM\Dicts\CustomEventInit.hpp">
      <Filter>Header Files</Filter>
    </ClInclude>
    <ClInclude Include="include\Krystal.HTML\DOM\Dicts\AddEventListenerOptions.hpp">
      <Filter>Header Files</Filter>
    </ClInclude>
    <ClInclude Include="include\Krystal.HTML\DOM\Algorithms\EventTargetAlgorithms.hpp">
      <Filter>Header Files</Filter>
    </ClInclude>
    <ClInclude Include="include\Krystal.HTML\DOM\Algorithms\AbortAlgorithms.hpp">
      <Filter>Header Files</Filter>
    </ClInclude>
    <ClInclude Include="include\Krystal.HTML\DOM\Callbacks\AbortAlgorithmCallback.hpp">
      <Filter>Header Files</Filter>
    </ClInclude>
    <ClInclude Include="include\Krystal.HTML\DOM\Internals\NodeList\LiveNodeList.hpp">
      <Filter>Header Files</Filter>
    </ClInclude>
    <ClInclude Include="include\Krystal.HTML\DOM\Internals\NodeList\StaticNodeList.hpp">
      <Filter>Header Files</Filter>
    </ClInclude>
    <ClInclude Include="include\Krystal.HTML\DOM\Internals\MutationRecord\AttributesMutationRecord.hpp">
      <Filter>Header Files</Filter>
    </ClInclude>
    <ClInclude Include="include\Krystal.HTML\DOM\Internals\MutationRecord\CharacterDataMutationRecord.hpp">
      <Filter>Header Files</Filter>
    </ClInclude>
    <ClInclude Include="include\Krystal.HTML\DOM\Internals\MutationRecord\ChildListMutationRecord.hpp">
      <Filter>Header Files</Filter>
    </ClInclude>
    <ClInclude Include="include\Krystal.HTML\DOM\Internals\MutationRecord\EmptyNodeMutationRecord.hpp">
      <Filter>Header Files</Filter>
    </ClInclude>
    <ClInclude Include="include\Krystal.HTML\DOM\Internals\HTMLCollection\LiveHTMLCollection.hpp">
      <Filter>Header Files</Filter>
    </ClInclude>
    <ClInclude Include="include\Krystal.HTML\DOM\Internals\HTMLCollection\StaticHTMLCollection.hpp">
      <Filter>Header Files</Filter>
    </ClInclude>
    <ClInclude Include="include\Krystal.HTML\DOM\Enums\NodeType.hpp">
      <Filter>Header Files</Filter>
    </ClInclude>
    <ClInclude Include="include\Krystal.HTML\DOM\Enums\DocumentPosition.hpp">
      <Filter>Header Files</Filter>
    </ClInclude>
    <ClInclude Include="include\Krystal.HTML\DOM\Enums\NodeFlags.hpp">
      <Filter>Header Files</Filter>
    </ClInclude>
    <ClInclude Include="include\Krystal.HTML\DOM\Dicts\GetRootNodeOptions.hpp">
      <Filter>Header Files</Filter>
    </ClInclude>
    <ClInclude Include="include\Krystal.HTML\DOM\Enums\DocumentFlags.hpp">
      <Filter>Header Files</Filter>
    </ClInclude>
    <ClInclude Include="include\Krystal.HTML\DOM\XHTMLDocument.hpp">
      <Filter>Header Files</Filter>
    </ClInclude>
    <ClInclude Include="include\Krystal.HTML\SVG\SVGDocument.hpp">
      <Filter>Header Files</Filter>
    </ClInclude>
    <ClInclude Include="pch.h">
      <Filter>Header Files</Filter>
    </ClInclude>
    <ClInclude Include="include\Krystal.HTML\DOM\Dicts\StaticRangeInit.hpp">
      <Filter>Header Files</Filter>
    </ClInclude>
    <ClInclude Include="include\Krystal.HTML\DOM\Enums\BoundaryPointComparator.hpp">
      <Filter>Header Files</Filter>
    </ClInclude>
    <ClInclude Include="include\Krystal.HTML\HTML\Internals\AttributeDefinition.hpp">
      <Filter>Header Files</Filter>
    </ClInclude>
    <ClInclude Include="include\Krystal.HTML\HTML\MicroParsers\Numbers.hpp">
      <Filter>Header Files</Filter>
    </ClInclude>
    <ClInclude Include="include\Krystal.HTML\HTML\MicroParsers\MicroParserError.hpp">
      <Filter>Header Files</Filter>
    </ClInclude>
    <ClInclude Include="include\Krystal.HTML\HTML\MicroParsers\MicroParserResult.hpp">
      <Filter>Header Files</Filter>
    </ClInclude>
    <ClInclude Include="include\Krystal.HTML\DOM\Types\USVString.hpp">
      <Filter>Header Files</Filter>
    </ClInclude>
    <ClInclude Include="include\Krystal.HTML\HTML\Algorithms\DOMTreeAccessors.hpp">
      <Filter>Header Files</Filter>
    </ClInclude>
    <ClInclude Include="include\Krystal.HTML\HTML\Types\HTMLOrSVGScriptElement.hpp">
      <Filter>Header Files</Filter>
    </ClInclude>
    <ClInclude Include="include\Krystal.HTML\HTML\HTMLScriptElement.hpp">
      <Filter>Header Files</Filter>
    </ClInclude>
    <ClInclude Include="include\Krystal.HTML\SVG\SVGScriptElement.hpp">
      <Filter>Header Files</Filter>
    </ClInclude>
    <ClInclude Include="include\Krystal.HTML\HTML\Attributes\EnumeratedAttributes.hpp">
      <Filter>Header Files</Filter>
    </ClInclude>
    <ClInclude Include="include\Krystal.HTML\HTML\Enums\AttributeState.hpp">
      <Filter>Header Files</Filter>
    </ClInclude>
    <ClInclude Include="include\Krystal.HTML\HTML\HTMLHeadingElement.hpp">
      <Filter>Header Files</Filter>
    </ClInclude>
    <ClInclude Include="include\Krystal.HTML\HTML\Enums\HTMLElementInterface.hpp">
      <Filter>Header Files</Filter>
    </ClInclude>
    <ClInclude Include="include\Krystal.HTML\HTML\HTMLParagraphElement.hpp">
      <Filter>Header Files</Filter>
    </ClInclude>
    <ClInclude Include="include\Krystal.HTML\HTML\HTMLHRElement.hpp">
      <Filter>Header Files</Filter>
    </ClInclude>
    <ClInclude Include="include\Krystal.HTML\HTML\HTMLQuoteElement.hpp">
      <Filter>Header Files</Filter>
    </ClInclude>
    <ClInclude Include="include\Krystal.HTML\HTML\HTMLOListElement.hpp">
      <Filter>Header Files</Filter>
    </ClInclude>
    <ClInclude Include="include\Krystal.HTML\HTML\HTMLUListElement.hpp">
      <Filter>Header Files</Filter>
    </ClInclude>
    <ClInclude Include="include\Krystal.HTML\HTML\HTMLMenuElement.hpp">
      <Filter>Header Files</Filter>
    </ClInclude>
    <ClInclude Include="include\Krystal.HTML\HTML\HTMLLIElement.hpp">
      <Filter>Header Files</Filter>
    </ClInclude>
    <ClInclude Include="include\Krystal.HTML\HTML\HTMLDListElement.hpp">
      <Filter>Header Files</Filter>
    </ClInclude>
    <ClInclude Include="include\Krystal.HTML\HTML\HTMLDivElement.hpp">
      <Filter>Header Files</Filter>
    </ClInclude>
    <ClInclude Include="include\Krystal.HTML\HTML\HTMLAnchorElement.hpp">
      <Filter>Header Files</Filter>
    </ClInclude>
    <ClInclude Include="include\Krystal.HTML\HTML\HTMLDataElement.hpp">
      <Filter>Header Files</Filter>
    </ClInclude>
    <ClInclude Include="include\Krystal.HTML\HTML\HTMLTimeElement.hpp">
      <Filter>Header Files</Filter>
    </ClInclude>
    <ClInclude Include="include\Krystal.HTML\HTML\HTMLSpanElement.hpp">
      <Filter>Header Files</Filter>
    </ClInclude>
    <ClInclude Include="include\Krystal.HTML\HTML\HTMLBRElement.hpp">
      <Filter>Header Files</Filter>
    </ClInclude>
    <ClInclude Include="include\Krystal.HTML\HTML\HTMLModElement.hpp">
      <Filter>Header Files</Filter>
    </ClInclude>
    <ClInclude Include="include\Krystal.HTML\HTML\HTMLPictureElement.hpp">
      <Filter>Header Files</Filter>
    </ClInclude>
    <ClInclude Include="include\Krystal.HTML\HTML\HTMLSourceElement.hpp">
      <Filter>Header Files</Filter>
    </ClInclude>
    <ClInclude Include="include\Krystal.HTML\HTML\HTMLImageElement.hpp">
      <Filter>Header Files</Filter>
    </ClInclude>
    <ClInclude Include="include\Krystal.HTML\HTML\HTMLIFrameElement.hpp">
      <Filter>Header Files</Filter>
    </ClInclude>
    <ClInclude Include="include\Krystal.HTML\HTML\HTMLEmbedElement.hpp">
      <Filter>Header Files</Filter>
    </ClInclude>
    <ClInclude Include="include\Krystal.HTML\HTML\HTMLObjectElement.hpp">
      <Filter>Header Files</Filter>
    </ClInclude>
    <ClInclude Include="include\Krystal.HTML\HTML\HTMLMediaElement.hpp">
      <Filter>Header Files</Filter>
    </ClInclude>
    <ClInclude Include="include\Krystal.HTML\HTML\Enums\HTMLElementFlags.hpp">
      <Filter>Header Files</Filter>
    </ClInclude>
    <ClInclude Include="include\Krystal.HTML\HTML\HTMLVideoElement.hpp">
      <Filter>Header Files</Filter>
    </ClInclude>
    <ClInclude Include="include\Krystal.HTML\HTML\HTMLAudioElement.hpp">
      <Filter>Header Files</Filter>
    </ClInclude>
    <ClInclude Include="include\Krystal.HTML\HTML\HTMLTrackElement.hpp">
      <Filter>Header Files</Filter>
    </ClInclude>
    <ClInclude Include="include\Krystal.HTML\HTML\Enums\TrackReadyState.hpp">
      <Filter>Header Files</Filter>
    </ClInclude>
    <ClInclude Include="include\Krystal.HTML\HTML\Enums\CanPlayTypeResult.hpp">
      <Filter>Header Files</Filter>
    </ClInclude>
    <ClInclude Include="include\Krystal.HTML\HTML\HTMLMapElement.hpp">
      <Filter>Header Files</Filter>
    </ClInclude>
    <ClInclude Include="include\Krystal.HTML\HTML\HTMLAreaElement.hpp">
      <Filter>Header Files</Filter>
    </ClInclude>
    <ClInclude Include="include\Krystal.HTML\HTML\HTMLTableElement.hpp">
      <Filter>Header Files</Filter>
    </ClInclude>
    <ClInclude Include="include\Krystal.HTML\HTML\HTMLTableCaptionElement.hpp">
      <Filter>Header Files</Filter>
    </ClInclude>
    <ClInclude Include="include\Krystal.HTML\HTML\HTMLTableColElement.hpp">
      <Filter>Header Files</Filter>
    </ClInclude>
    <ClInclude Include="include\Krystal.HTML\HTML\HTMLTableSectionElement.hpp">
      <Filter>Header Files</Filter>
    </ClInclude>
    <ClInclude Include="include\Krystal.HTML\HTML\HTMLTableRowElement.hpp">
      <Filter>Header Files</Filter>
    </ClInclude>
    <ClInclude Include="include\Krystal.HTML\HTML\HTMLTableCellElement.hpp">
      <Filter>Header Files</Filter>
    </ClInclude>
    <ClInclude Include="include\Krystal.HTML\HTML\HTMLFormElement.hpp">
      <Filter>Header Files</Filter>
    </ClInclude>
    <ClInclude Include="include\Krystal.HTML\HTML\HTMLLabelElement.hpp">
      <Filter>Header Files</Filter>
    </ClInclude>
    <ClInclude Include="include\Krystal.HTML\HTML\HTMLInputElement.hpp">
      <Filter>Header Files</Filter>
    </ClInclude>
    <ClInclude Include="include\Krystal.HTML\HTML\HTMLButtonElement.hpp">
      <Filter>Header Files</Filter>
    </ClInclude>
    <ClInclude Include="include\Krystal.HTML\HTML\HTMLSelectElement.hpp">
      <Filter>Header Files</Filter>
    </ClInclude>
    <ClInclude Include="include\Krystal.HTML\HTML\HTMLDataListElement.hpp">
      <Filter>Header Files</Filter>
    </ClInclude>
    <ClInclude Include="include\Krystal.HTML\HTML\HTMLOptGroupElement.hpp">
      <Filter>Header Files</Filter>
    </ClInclude>
    <ClInclude Include="include\Krystal.HTML\HTML\HTMLOptionElement.hpp">
      <Filter>Header Files</Filter>
    </ClInclude>
    <ClInclude Include="include\Krystal.HTML\HTML\HTMLTextAreaElement.hpp">
      <Filter>Header Files</Filter>
    </ClInclude>
    <ClInclude Include="include\Krystal.HTML\HTML\HTMLOutputElement.hpp">
      <Filter>Header Files</Filter>
    </ClInclude>
    <ClInclude Include="include\Krystal.HTML\HTML\HTMLProgressElement.hpp">
      <Filter>Header Files</Filter>
    </ClInclude>
    <ClInclude Include="include\Krystal.HTML\HTML\HTMLMeterElement.hpp">
      <Filter>Header Files</Filter>
    </ClInclude>
    <ClInclude Include="include\Krystal.HTML\HTML\HTMLFieldSetElement.hpp">
      <Filter>Header Files</Filter>
    </ClInclude>
    <ClInclude Include="include\Krystal.HTML\HTML\HTMLLegendElement.hpp">
      <Filter>Header Files</Filter>
    </ClInclude>
    <ClInclude Include="include\Krystal.HTML\HTML\HTMLSelectedContentElement.hpp">
      <Filter>Header Files</Filter>
    </ClInclude>
    <ClInclude Include="include\Krystal.HTML\HTML\HTMLDetailsElement.hpp">
      <Filter>Header Files</Filter>
    </ClInclude>
    <ClInclude Include="include\Krystal.HTML\HTML\HTMLDialogElement.hpp">
      <Filter>Header Files</Filter>
    </ClInclude>
    <ClInclude Include="include\Krystal.HTML\HTML\HTMLTemplateElement.hpp">
      <Filter>Header Files</Filter>
    </ClInclude>
    <ClInclude Include="include\Krystal.HTML\HTML\HTMLCanvasElement.hpp">
      <Filter>Header Files</Filter>
    </ClInclude>
    <ClInclude Include="include\Krystal.HTML\HTML\Attributes\States\CORSSettingsState.hpp">
      <Filter>Header Files</Filter>
    </ClInclude>
    <ClInclude Include="include\Krystal.HTML\HTML\Attributes\States\TranslateState.hpp">
      <Filter>Header Files</Filter>
    </ClInclude>
    <ClInclude Include="include\Krystal.HTML\HTML\Enums\HTMLTokenType.hpp">
      <Filter>Header Files</Filter>
    </ClInclude>
    <ClInclude Include="include\Krystal.HTML\Constants\ElementNames.hpp">
      <Filter>Header Files</Filter>
    </ClInclude>
    <ClInclude Include="include\Krystal.HTML\HTML\Enums\TagName.hpp">
      <Filter>Header Files</Filter>
    </ClInclude>
    <ClInclude Include="include\Krystal.HTML\HTML\Enums\ParserScriptingMode.hpp">
      <Filter>Header Files</Filter>
    </ClInclude>
    <ClInclude Include="include\Krystal.HTML\HTML\Enums\Namespace.hpp">
      <Filter>Header Files</Filter>
    </ClInclude>
    <ClInclude Include="include\Krystal.HTML\Constants\TagNames.hpp">
      <Filter>Header Files</Filter>
    </ClInclude>
    <ClInclude Include="include\Krystal.HTML\DOM\Internals\QualifiedNameCache.hpp">
      <Filter>Header Files</Filter>
    </ClInclude>
    <ClInclude Include="include\Krystal.HTML\SVG\Enums\SVGElementInterface.hpp">
      <Filter>Header Files</Filter>
    </ClInclude>
    <ClInclude Include="include\Krystal.HTML\SVG\Enums\SVGElementFlags.hpp">
      <Filter>Header Files</Filter>
    </ClInclude>
    <ClInclude Include="include\Krystal.HTML\SVG\SVGUseElement.hpp">
      <Filter>Header Files</Filter>
    </ClInclude>
    <ClInclude Include="include\Krystal.HTML\SVG\SVGStyleElement.hpp">
      <Filter>Header Files</Filter>
    </ClInclude>
    <ClInclude Include="include\Krystal.HTML\SVG\SVGSvgElement.hpp">
      <Filter>Header Files</Filter>
    </ClInclude>
    <ClInclude Include="include\Krystal.HTML\SVG\SVGSwitchElement.hpp">
      <Filter>Header Files</Filter>
    </ClInclude>
    <ClInclude Include="include\Krystal.HTML\SVG\SVGSymbolElement.hpp">
      <Filter>Header Files</Filter>
    </ClInclude>
    <ClInclude Include="include\Krystal.HTML\SVG\SVGTitleElement.hpp">
      <Filter>Header Files</Filter>
    </ClInclude>
    <ClInclude Include="include\Krystal.HTML\SVG\SVGUnknownElement.hpp">
      <Filter>Header Files</Filter>
    </ClInclude>
    <ClInclude Include="include\Krystal.HTML\SVG\SVGRectElement.hpp">
      <Filter>Header Files</Filter>
    </ClInclude>
    <ClInclude Include="include\Krystal.HTML\SVG\SVGEllipseElement.hpp">
      <Filter>Header Files</Filter>
    </ClInclude>
    <ClInclude Include="include\Krystal.HTML\SVG\SVGForeignObjectElement.hpp">
      <Filter>Header Files</Filter>
    </ClInclude>
    <ClInclude Include="include\Krystal.HTML\SVG\SVGGElement.hpp">
      <Filter>Header Files</Filter>
    </ClInclude>
    <ClInclude Include="include\Krystal.HTML\SVG\SVGGeometryElement.hpp">
      <Filter>Header Files</Filter>
    </ClInclude>
    <ClInclude Include="include\Krystal.HTML\SVG\SVGGraphicsElement.hpp">
      <Filter>Header Files</Filter>
    </ClInclude>
    <ClInclude Include="include\Krystal.HTML\SVG\SVGImageElement.hpp">
      <Filter>Header Files</Filter>
    </ClInclude>
    <ClInclude Include="include\Krystal.HTML\SVG\SVGLineElement.hpp">
      <Filter>Header Files</Filter>
    </ClInclude>
    <ClInclude Include="include\Krystal.HTML\SVG\SVGMetadataElement.hpp">
      <Filter>Header Files</Filter>
    </ClInclude>
    <ClInclude Include="include\Krystal.HTML\SVG\SVGPolygonElement.hpp">
      <Filter>Header Files</Filter>
    </ClInclude>
    <ClInclude Include="include\Krystal.HTML\SVG\SVGPolylineElement.hpp">
      <Filter>Header Files</Filter>
    </ClInclude>
    <ClInclude Include="include\Krystal.HTML\SVG\SVGDescElement.hpp">
      <Filter>Header Files</Filter>
    </ClInclude>
    <ClInclude Include="include\Krystal.HTML\SVG\SVGCircleElement.hpp">
      <Filter>Header Files</Filter>
    </ClInclude>
    <ClInclude Include="include\Krystal.HTML\SVG\SVGDefsElement.hpp">
      <Filter>Header Files</Filter>
    </ClInclude>
    <ClInclude Include="include\Krystal.HTML\HTML\Enums\ParsedAttributeFlags.hpp">
      <Filter>Header Files</Filter>
    </ClInclude>
    <ClInclude Include="include\Krystal.HTML\HTML\Algorithms\FormControlAlgorithms.hpp">
      <Filter>Header Files</Filter>
    </ClInclude>
    <ClInclude Include="include\Krystal.HTML\CSS\Parser\CSSInputStream.hpp">
      <Filter>Header Files</Filter>
    </ClInclude>
    <ClInclude Include="include\Krystal.HTML\CSS\Parser\CSSTokenizer.hpp">
      <Filter>Header Files</Filter>
    </ClInclude>
    <ClInclude Include="include\Krystal.HTML\CSS\Parser\Enums\CSSTokenType.hpp">
      <Filter>Header Files</Filter>
    </ClInclude>
    <ClInclude Include="include\Krystal.HTML\Types\IsEOF.hpp">
      <Filter>Header Files</Filter>
    </ClInclude>
    <ClInclude Include="include\Krystal.HTML\Types\SourceLocation.hpp">
      <Filter>Header Files</Filter>
    </ClInclude>
    <ClInclude Include="include\Krystal.HTML\CSS\Parser\CSSToken.hpp">
      <Filter>Header Files</Filter>
    </ClInclude>
    <ClInclude Include="include\Krystal.HTML\CSS\Parser\Enums\CSSParseError.hpp">
      <Filter>Header Files</Filter>
    </ClInclude>
    <ClInclude Include="include\Krystal.HTML\CSS\Parser\Types\NumericValue.hpp">
      <Filter>Header Files</Filter>
    </ClInclude>
    <ClInclude Include="include\Krystal.HTML\CSS\Types\CSSOMString.hpp">
      <Filter>Header Files</Filter>
    </ClInclude>
    <ClInclude Include="include\Krystal.HTML\CSS\StyleSheet.hpp">
      <Filter>Header Files</Filter>
    </ClInclude>
    <ClInclude Include="include\Krystal.HTML\CSS\CSSStyleSheet.hpp">
      <Filter>Header Files</Filter>
    </ClInclude>
    <ClInclude Include="include\Krystal.HTML\CSS\Dicts\CSSStyleSheetInit.hpp">
      <Filter>Header Files</Filter>
    </ClInclude>
    <ClInclude Include="include\Krystal.HTML\CSS\CSSRule.hpp">
      <Filter>Header Files</Filter>
    </ClInclude>
    <ClInclude Include="include\Krystal.HTML\CSS\MediaList.hpp">
      <Filter>Header Files</Filter>
    </ClInclude>
    <ClInclude Include="include\Krystal.HTML\CSS\CSSRuleList.hpp">
      <Filter>Header Files</Filter>
    </ClInclude>
    <ClInclude Include="include\Krystal.HTML\CSS\CSSStyleRule.hpp">
      <Filter>Header Files</Filter>
    </ClInclude>
    <ClInclude Include="include\Krystal.HTML\CSS\CSSImportRule.hpp">
      <Filter>Header Files</Filter>
    </ClInclude>
    <ClInclude Include="include\Krystal.HTML\CSS\CSSGroupingRule.hpp">
      <Filter>Header Files</Filter>
    </ClInclude>
    <ClInclude Include="include\Krystal.HTML\CSS\CSSMediaRule.hpp">
      <Filter>Header Files</Filter>
    </ClInclude>
    <ClInclude Include="include\Krystal.HTML\CSS\CSSPageRule.hpp">
      <Filter>Header Files</Filter>
    </ClInclude>
    <ClInclude Include="include\Krystal.HTML\CSS\CSSMarginRule.hpp">
      <Filter>Header Files</Filter>
    </ClInclude>
    <ClInclude Include="include\Krystal.HTML\CSS\CSSNamespaceRule.hpp">
      <Filter>Header Files</Filter>
    </ClInclude>
    <ClInclude Include="include\Krystal.HTML\CSS\CSSStyleDeclaration.hpp">
      <Filter>Header Files</Filter>
    </ClInclude>
    <ClInclude Include="include\Krystal.HTML\CSS\Types\MediaListOrDOMString.hpp">
      <Filter>Header Files</Filter>
    </ClInclude>
    <ClInclude Include="include\Krystal.HTML\CSS\Enums\CSSRuleType.hpp">
      <Filter>Header Files</Filter>
    </ClInclude>
    <ClInclude Include="include\Krystal.HTML\CSS\StyleSheetList.hpp">
      <Filter>Header Files</Filter>
    </ClInclude>
    <ClInclude Include="include\Krystal.HTML\CSS\Enums\CSSRuleFlag.hpp">
      <Filter>Header Files</Filter>
    </ClInclude>
    <ClInclude Include="include\Krystal.HTML\CSS\Parser\CSSTokenRange.hpp">
      <Filter>Header Files</Filter>
    </ClInclude>
    <ClInclude Include="include\Krystal.HTML\CSS\Parser\CSSParser.hpp">
      <Filter>Header Files</Filter>
    </ClInclude>
    <ClInclude Include="include\Krystal.HTML\CSS\Parser\Enums\CSSAtRuleType.hpp">
      <Filter>Header Files</Filter>
    </ClInclude>
    <ClInclude Include="include\Krystal.HTML\CSS\Parser\Enums\CSSAllowedRules.hpp">
      <Filter>Header Files</Filter>
    </ClInclude>
    <ClInclude Include="include\Krystal.HTML\CSS\CSSCharsetRule.hpp">
      <Filter>Header Files</Filter>
    </ClInclude>
    <ClInclude Include="include\Krystal.HTML\CSS\CSSStyleProperties.hpp">
      <Filter>Header Files</Filter>
    </ClInclude>
    <ClInclude Include="include\Krystal.HTML\CSS\Parser\CSSSerializerIdioms.hpp">
      <Filter>Header Files</Filter>
    </ClInclude>
    <ClInclude Include="include\Krystal.HTML\CSS\CSSPageDescriptors.hpp">
      <Filter>Header Files</Filter>
    </ClInclude>
    <ClInclude Include="include\Krystal.HTML\CSS\CSSMarginDescriptors.hpp">
      <Filter>Header Files</Filter>
    </ClInclude>
    <ClInclude Include="include\Krystal.HTML\CSS\Parser\Enums\CSSAllowedBlockRules.hpp">
      <Filter>Header Files</Filter>
    </ClInclude>
    <ClInclude Include="include\Krystal.HTML\CSS\Values\CSSValue.hpp">
      <Filter>Header Files</Filter>
    </ClInclude>
    <ClInclude Include="include\Krystal.HTML\CSS\Values\Enums\CSSValueType.hpp">
      <Filter>Header Files</Filter>
    </ClInclude>
    <ClInclude Include="include\Krystal.HTML\CSS\Values\CSSUnits.hpp">
      <Filter>Header Files</Filter>
    </ClInclude>
    <ClInclude Include="include\Krystal.HTML\CSS\Values\Enums\CSSUnitType.hpp">
      <Filter>Header Files</Filter>
    </ClInclude>
    <ClInclude Include="include\Krystal.HTML\CSS\Values\Enums\CSSUnitCategory.hpp">
      <Filter>Header Files</Filter>
    </ClInclude>
    <ClInclude Include="include\Krystal.HTML\CSS\CSSFunctionDeclarations.hpp">
      <Filter>Header Files</Filter>
    </ClInclude>
    <ClInclude Include="include\Krystal.HTML\CSS\CSSNestedDeclarations.hpp">
      <Filter>Header Files</Filter>
    </ClInclude>
    <ClInclude Include="include\Krystal.HTML\CSS\Properties\CSSInternalStyleProperties.hpp">
      <Filter>Header Files</Filter>
    </ClInclude>
    <ClInclude Include="include\Krystal.HTML\CSS\Properties\Enums\CSSPropertyFlag.hpp">
      <Filter>Header Files</Filter>
    </ClInclude>
    <ClInclude Include="include\Krystal.HTML\CSS\Properties\Enums\CSSPropertyId.hpp">
      <Filter>Header Files</Filter>
    </ClInclude>
    <ClInclude Include="include\Krystal.HTML\CSS\Parser\Enums\NestedContextType.hpp">
      <Filter>Header Files</Filter>
    </ClInclude>
    <ClInclude Include="include\Krystal.HTML\CSS\Parser\Types\NestedParsingContext.hpp">
      <Filter>Header Files</Filter>
    </ClInclude>
    <ClInclude Include="include\Krystal.HTML\CSS\Properties\CSSPropertyShorthand.hpp">
      <Filter>Header Files</Filter>
    </ClInclude>
    <ClInclude Include="include\Krystal.HTML\CSS\Properties\CSSProperty.hpp">
      <Filter>Header Files</Filter>
    </ClInclude>
    <ClInclude Include="include\Krystal.HTML\CSS\Properties\Types\IsImplicit.hpp">
      <Filter>Header Files</Filter>
    </ClInclude>
    <ClInclude Include="include\Krystal.HTML\CSS\Properties\Types\IsImportant.hpp">
      <Filter>Header Files</Filter>
    </ClInclude>
    <ClInclude Include="include\Krystal.HTML\CSS\Properties\Types\IsSetFromShorthand.hpp">
      <Filter>Header Files</Filter>
    </ClInclude>
    <ClInclude Include="include\Krystal.HTML\Types\NestedLevelIncrementer.hpp">
      <Filter>Header Files</Filter>
    </ClInclude>
    <ClInclude Include="include\Krystal.HTML\CSS\Properties\CSSPropertyParser.hpp">
      <Filter>Header Files</Filter>
    </ClInclude>
    <ClInclude Include="include\Krystal.HTML\CSS\Parser\Types\ParsedCSSRuleList.hpp">
      <Filter>Header Files</Filter>
    </ClInclude>
    <ClInclude Include="include\Krystal.HTML\CSS\Parser\Types\ParsedCSSPropertyList.hpp">
      <Filter>Header Files</Filter>
    </ClInclude>
    <ClInclude Include="include\Krystal.HTML\URL\Url.hpp">
      <Filter>Header Files</Filter>
    </ClInclude>
    <ClInclude Include="include\Krystal.HTML\CSS\StyleSheetContents.hpp">
      <Filter>Header Files</Filter>
    </ClInclude>
    <ClInclude Include="include\Krystal.HTML\CSS\Selectors\CSSSelectorParser.hpp">
      <Filter>Header Files</Filter>
    </ClInclude>
    <ClInclude Include="include\Krystal.HTML\CSS\Selectors\Enums\SelectorRelation.hpp">
      <Filter>Header Files</Filter>
    </ClInclude>
    <ClInclude Include="include\Krystal.HTML\CSS\Selectors\CSSSelectorParserContext.hpp">
      <Filter>Header Files</Filter>
    </ClInclude>
    <ClInclude Include="include\Krystal.HTML\CSS\Parser\Enums\CSSParserMode.hpp">
      <Filter>Header Files</Filter>
    </ClInclude>
    <ClInclude Include="include\Krystal.HTML\CSS\Selectors\CSSSelector.hpp">
      <Filter>Header Files</Filter>
    </ClInclude>
    <ClInclude Include="include\Krystal.HTML\CSS\Selectors\CSSSelectorList.hpp">
      <Filter>Header Files</Filter>
    </ClInclude>
    <ClInclude Include="include\Krystal.HTML\CSS\Selectors\Enums\PseudoClassId.hpp">
      <Filter>Header Files</Filter>
    </ClInclude>
    <ClInclude Include="include\Krystal.HTML\CSS\Selectors\Enums\PseudoElementId.hpp">
      <Filter>Header Files</Filter>
    </ClInclude>
    <ClInclude Include="include\Krystal.HTML\CSS\Selectors\Enums\SelectorMatch.hpp">
      <Filter>Header Files</Filter>
    </ClInclude>
    <ClInclude Include="include\Krystal.HTML\CSS\Selectors\Enums\CSSSelectorFlag.hpp">
      <Filter>Header Files</Filter>
    </ClInclude>
    <ClInclude Include="include\Krystal.HTML\CSS\Selectors\MutableCSSSelector.hpp">
      <Filter>Header Files</Filter>
    </ClInclude>
    <ClInclude Include="include\Krystal.HTML\CSS\Selectors\Types\IsCaseSensitive.hpp">
      <Filter>Header Files</Filter>
    </ClInclude>
    <ClInclude Include="include\Krystal.HTML\CSS\Selectors\Types\IsForgivingSelectorList.hpp">
      <Filter>Header Files</Filter>
    </ClInclude>
    <ClInclude Include="include\Krystal.HTML\CSS\Selectors\Types\MatchLowercase.hpp">
      <Filter>Header Files</Filter>
    </ClInclude>
    <ClInclude Include="include\Krystal.HTML\CSS\Selectors\Types\DisallowPseudoElements.hpp">
      <Filter>Header Files</Filter>
    </ClInclude>
    <ClInclude Include="include\Krystal.HTML\CSS\Parser\CSSParserContext.hpp">
      <Filter>Header Files</Filter>
    </ClInclude>
  </ItemGroup>
  <ItemGroup>
    <ClCompile Include="src\Context.cpp">
      <Filter>Source Files</Filter>
    </ClCompile>
    <ClCompile Include="src\DOM\Node.cpp">
      <Filter>Source Files</Filter>
    </ClCompile>
    <ClCompile Include="src\DOM\Event.cpp">
      <Filter>Source Files</Filter>
    </ClCompile>
    <ClCompile Include="src\DOM\EventTarget.cpp">
      <Filter>Source Files</Filter>
    </ClCompile>
    <ClCompile Include="src\DOM\ContainerNode.cpp">
      <Filter>Source Files</Filter>
    </ClCompile>
    <ClCompile Include="src\DOM\DocumentType.cpp">
      <Filter>Source Files</Filter>
    </ClCompile>
    <ClCompile Include="src\DOM\DocumentFragment.cpp">
      <Filter>Source Files</Filter>
    </ClCompile>
    <ClCompile Include="src\DOM\CharacterData.cpp">
      <Filter>Source Files</Filter>
    </ClCompile>
    <ClCompile Include="src\DOM\Text.cpp">
      <Filter>Source Files</Filter>
    </ClCompile>
    <ClCompile Include="src\DOM\CDATASection.cpp">
      <Filter>Source Files</Filter>
    </ClCompile>
    <ClCompile Include="src\DOM\ProcessingInstruction.cpp">
      <Filter>Source Files</Filter>
    </ClCompile>
    <ClCompile Include="src\DOM\Document.cpp">
      <Filter>Source Files</Filter>
    </ClCompile>
    <ClCompile Include="src\DOM\Comment.cpp">
      <Filter>Source Files</Filter>
    </ClCompile>
    <ClCompile Include="src\DOM\Element.cpp">
      <Filter>Source Files</Filter>
    </ClCompile>
    <ClCompile Include="src\DOM\Attr.cpp">
      <Filter>Source Files</Filter>
    </ClCompile>
    <ClCompile Include="src\DOM\ShadowRoot.cpp">
      <Filter>Source Files</Filter>
    </ClCompile>
    <ClCompile Include="src\DOM\Algorithms\EventDispatcher.cpp">
      <Filter>Source Files</Filter>
    </ClCompile>
    <ClCompile Include="src\DOM\Algorithms\MutationObserverAlgorithms.cpp">
      <Filter>Source Files</Filter>
    </ClCompile>
    <ClCompile Include="src\DOM\Algorithms\TreeQueries.cpp">
      <Filter>Source Files</Filter>
    </ClCompile>
    <ClCompile Include="src\DOM\Algorithms\MutationAlgorithms.cpp">
      <Filter>Source Files</Filter>
    </ClCompile>
    <ClCompile Include="src\DOM\Internals\RareData\NodeRareData.cpp">
      <Filter>Source Files</Filter>
    </ClCompile>
    <ClCompile Include="src\DOM\Internals\RareData\ParentNodeRareData.cpp">
      <Filter>Source Files</Filter>
    </ClCompile>
    <ClCompile Include="src\DOM\MutationObserver.cpp">
      <Filter>Source Files</Filter>
    </ClCompile>
    <ClCompile Include="src\DOM\Range.cpp">
      <Filter>Source Files</Filter>
    </ClCompile>
    <ClCompile Include="src\DOM\AbortController.cpp">
      <Filter>Source Files</Filter>
    </ClCompile>
    <ClCompile Include="src\DOM\AbortSignal.cpp">
      <Filter>Source Files</Filter>
    </ClCompile>
    <ClCompile Include="src\DOM\Algorithms\SlotAlgorithms.cpp">
      <Filter>Source Files</Filter>
    </ClCompile>
    <ClCompile Include="src\HTML\HTMLSlotElement.cpp">
      <Filter>Source Files</Filter>
    </ClCompile>
    <ClCompile Include="src\DOM\NodeIterator.cpp">
      <Filter>Source Files</Filter>
    </ClCompile>
    <ClCompile Include="src\DOM\Algorithms\IteratorAlgorithms.cpp">
      <Filter>Source Files</Filter>
    </ClCompile>
    <ClCompile Include="src\DOM\TreeWalker.cpp">
      <Filter>Source Files</Filter>
    </ClCompile>
    <ClCompile Include="src\DOM\DOMTokenList.cpp">
      <Filter>Source Files</Filter>
    </ClCompile>
    <ClCompile Include="src\DOM\NamedNodeMap.cpp">
      <Filter>Source Files</Filter>
    </ClCompile>
    <ClCompile Include="src\DOM\Algorithms\ElementAlgorithms.cpp">
      <Filter>Source Files</Filter>
    </ClCompile>
    <ClCompile Include="src\DOM\Mixins\ParentNode.cpp">
      <Filter>Source Files</Filter>
    </ClCompile>
    <ClCompile Include="src\DOM\Mixins\NonElementParentNode.cpp">
      <Filter>Source Files</Filter>
    </ClCompile>
    <ClCompile Include="src\DOM\Algorithms\ExtensibilityHooks.cpp">
      <Filter>Source Files</Filter>
    </ClCompile>
    <ClCompile Include="src\DOM\Mixins\ChildNode.cpp">
      <Filter>Source Files</Filter>
    </ClCompile>
    <ClCompile Include="src\DOM\Algorithms\NodeAlgorithms.cpp">
      <Filter>Source Files</Filter>
    </ClCompile>
    <ClCompile Include="src\DOM\Internals\ElementFactory.cpp">
      <Filter>Source Files</Filter>
    </ClCompile>
    <ClCompile Include="src\DOM\Algorithms\DocumentAlgorithms.cpp">
      <Filter>Source Files</Filter>
    </ClCompile>
    <ClCompile Include="src\DOM\DOMImplementation.cpp">
      <Filter>Source Files</Filter>
    </ClCompile>
    <ClCompile Include="src\HTML\Algorithms\CustomElementAlgorithms.cpp">
      <Filter>Source Files</Filter>
    </ClCompile>
    <ClCompile Include="src\DOM\Algorithms\LiveRangeUpdater.cpp">
      <Filter>Source Files</Filter>
    </ClCompile>
    <ClCompile Include="src\DOM\StaticRange.cpp">
      <Filter>Source Files</Filter>
    </ClCompile>
    <ClCompile Include="src\HTML\Internals\CustomElementFactory.cpp">
      <Filter>Source Files</Filter>
    </ClCompile>
    <ClCompile Include="src\HTML\Internals\HTMLElementFactory.cpp">
      <Filter>Source Files</Filter>
    </ClCompile>
    <ClCompile Include="src\HTML\HTMLElement.cpp">
      <Filter>Source Files</Filter>
    </ClCompile>
    <ClCompile Include="src\HTML\HTMLUnknownElement.cpp">
      <Filter>Source Files</Filter>
    </ClCompile>
    <ClCompile Include="src\HTML\HTMLPreElement.cpp">
      <Filter>Source Files</Filter>
    </ClCompile>
    <ClCompile Include="src\DOM\Mixins\NonDocumentTypeChildNode.cpp">
      <Filter>Source Files</Filter>
    </ClCompile>
    <ClCompile Include="src\DOM\Mixins\Slottable.cpp">
      <Filter>Source Files</Filter>
    </ClCompile>
    <ClCompile Include="src\HTML\HTMLHeadElement.cpp">
      <Filter>Header Files</Filter>
    </ClCompile>
    <ClCompile Include="src\HTML\HTMLHtmlElement.cpp">
      <Filter>Header Files</Filter>
    </ClCompile>
    <ClCompile Include="src\HTML\HTMLTitleElement.cpp">
      <Filter>Header Files</Filter>
    </ClCompile>
    <ClCompile Include="src\HTML\HTMLBaseElement.cpp">
      <Filter>Source Files</Filter>
    </ClCompile>
    <ClCompile Include="src\HTML\HTMLLinkElement.cpp">
      <Filter>Source Files</Filter>
    </ClCompile>
    <ClCompile Include="src\HTML\HTMLMetaElement.cpp">
      <Filter>Source Files</Filter>
    </ClCompile>
    <ClCompile Include="src\HTML\HTMLStyleElement.cpp">
      <Filter>Source Files</Filter>
    </ClCompile>
    <ClCompile Include="src\HTML\HTMLBodyElement.cpp">
      <Filter>Source Files</Filter>
    </ClCompile>
    <ClCompile Include="src\HTML\Algorithms\RenderBlocking.cpp">
      <Filter>Source Files</Filter>
    </ClCompile>
    <ClCompile Include="src\DOM\Algorithms\OrderedSet.cpp">
      <Filter>Source Files</Filter>
    </ClCompile>
    <ClCompile Include="src\DOM\Algorithms\TextAlgorithms.cpp">
      <Filter>Source Files</Filter>
    </ClCompile>
    <ClCompile Include="src\DOM\BoundaryPoint.cpp">
      <Filter>Source Files</Filter>
    </ClCompile>
    <ClCompile Include="src\DOM\Algorithms\NameValidation.cpp">
      <Filter>Source Files</Filter>
    </ClCompile>
    <ClCompile Include="src\DOM\Internals\Event\EventPathItem.cpp">
      <Filter>Source Files</Filter>
    </ClCompile>
    <ClCompile Include="src\DOM\Algorithms\EventTargetAlgorithms.cpp">
      <Filter>Source Files</Filter>
    </ClCompile>
    <ClCompile Include="src\DOM\Algorithms\AbortAlgorithms.cpp">
      <Filter>Source Files</Filter>
    </ClCompile>
    <ClCompile Include="src\DOM\Internals\NodeList\StaticNodeList.cpp">
      <Filter>Source Files</Filter>
    </ClCompile>
    <ClCompile Include="src\DOM\Internals\NodeList\LiveNodeList.cpp">
      <Filter>Source Files</Filter>
    </ClCompile>
    <ClCompile Include="src\DOM\Internals\MutationRecord\EmptyNodeMutationRecord.cpp">
      <Filter>Source Files</Filter>
    </ClCompile>
    <ClCompile Include="src\DOM\Internals\MutationRecord\CharacterDataMutationRecord.cpp">
      <Filter>Source Files</Filter>
    </ClCompile>
    <ClCompile Include="src\DOM\Internals\MutationRecord\AttributesMutationRecord.cpp">
      <Filter>Source Files</Filter>
    </ClCompile>
    <ClCompile Include="src\DOM\Internals\MutationRecord\ChildListMutationRecord.cpp">
      <Filter>Source Files</Filter>
    </ClCompile>
    <ClCompile Include="src\DOM\Internals\HTMLCollection\LiveHTMLCollection.cpp">
      <Filter>Source Files</Filter>
    </ClCompile>
    <ClCompile Include="src\DOM\Internals\HTMLCollection\StaticHTMLCollection.cpp">
      <Filter>Source Files</Filter>
    </ClCompile>
    <ClCompile Include="pch.cpp">
      <Filter>Source Files</Filter>
    </ClCompile>
    <ClCompile Include="src\DOM\Dicts\StaticRangeInit.cpp">
      <Filter>Source Files</Filter>
    </ClCompile>
    <ClCompile Include="src\HTML\HTMLHeadingElement.cpp">
      <Filter>Source Files</Filter>
    </ClCompile>
    <ClCompile Include="src\HTML\HTMLParagraphElement.cpp">
      <Filter>Source Files</Filter>
    </ClCompile>
    <ClCompile Include="src\HTML\HTMLHRElement.cpp">
      <Filter>Source Files</Filter>
    </ClCompile>
    <ClCompile Include="src\HTML\HTMLQuoteElement.cpp">
      <Filter>Source Files</Filter>
    </ClCompile>
    <ClCompile Include="src\HTML\HTMLOListElement.cpp">
      <Filter>Source Files</Filter>
    </ClCompile>
    <ClCompile Include="src\HTML\HTMLUListElement.cpp">
      <Filter>Source Files</Filter>
    </ClCompile>
    <ClCompile Include="src\HTML\HTMLMenuElement.cpp">
      <Filter>Source Files</Filter>
    </ClCompile>
    <ClCompile Include="src\HTML\HTMLLIElement.cpp">
      <Filter>Source Files</Filter>
    </ClCompile>
    <ClCompile Include="src\HTML\HTMLDListElement.cpp">
      <Filter>Source Files</Filter>
    </ClCompile>
    <ClCompile Include="src\HTML\HTMLDivElement.cpp">
      <Filter>Source Files</Filter>
    </ClCompile>
    <ClCompile Include="src\HTML\HTMLAnchorElement.cpp">
      <Filter>Source Files</Filter>
    </ClCompile>
    <ClCompile Include="src\HTML\HTMLDataElement.cpp">
      <Filter>Source Files</Filter>
    </ClCompile>
    <ClCompile Include="src\HTML\HTMLTimeElement.cpp">
      <Filter>Source Files</Filter>
    </ClCompile>
    <ClCompile Include="src\HTML\HTMLSpanElement.cpp">
      <Filter>Source Files</Filter>
    </ClCompile>
    <ClCompile Include="src\HTML\HTMLBRElement.cpp">
      <Filter>Source Files</Filter>
    </ClCompile>
    <ClCompile Include="src\HTML\HTMLModElement.cpp">
      <Filter>Source Files</Filter>
    </ClCompile>
    <ClCompile Include="src\HTML\HTMLPictureElement.cpp">
      <Filter>Source Files</Filter>
    </ClCompile>
    <ClCompile Include="src\HTML\HTMLSourceElement.cpp">
      <Filter>Source Files</Filter>
    </ClCompile>
    <ClCompile Include="src\HTML\HTMLImageElement.cpp">
      <Filter>Source Files</Filter>
    </ClCompile>
    <ClCompile Include="src\HTML\HTMLIFrameElement.cpp">
      <Filter>Source Files</Filter>
    </ClCompile>
    <ClCompile Include="src\HTML\HTMLEmbedElement.cpp">
      <Filter>Source Files</Filter>
    </ClCompile>
    <ClCompile Include="src\HTML\HTMLObjectElement.cpp">
      <Filter>Source Files</Filter>
    </ClCompile>
    <ClCompile Include="src\HTML\HTMLVideoElement.cpp">
      <Filter>Source Files</Filter>
    </ClCompile>
    <ClCompile Include="src\HTML\HTMLMediaElement.cpp">
      <Filter>Source Files</Filter>
    </ClCompile>
    <ClCompile Include="src\HTML\HTMLAudioElement.cpp">
      <Filter>Source Files</Filter>
    </ClCompile>
    <ClCompile Include="src\HTML\HTMLTrackElement.cpp">
      <Filter>Source Files</Filter>
    </ClCompile>
    <ClCompile Include="src\HTML\HTMLMapElement.cpp">
      <Filter>Source Files</Filter>
    </ClCompile>
    <ClCompile Include="src\HTML\HTMLAreaElement.cpp">
      <Filter>Source Files</Filter>
    </ClCompile>
    <ClCompile Include="src\HTML\HTMLTableElement.cpp">
      <Filter>Source Files</Filter>
    </ClCompile>
    <ClCompile Include="src\HTML\HTMLTableCaptionElement.cpp">
      <Filter>Source Files</Filter>
    </ClCompile>
    <ClCompile Include="src\HTML\HTMLTableColElement.cpp">
      <Filter>Source Files</Filter>
    </ClCompile>
    <ClCompile Include="src\HTML\HTMLTableCellElement.cpp">
      <Filter>Source Files</Filter>
    </ClCompile>
    <ClCompile Include="src\HTML\HTMLTableSectionElement.cpp">
      <Filter>Source Files</Filter>
    </ClCompile>
    <ClCompile Include="src\HTML\HTMLTableRowElement.cpp">
      <Filter>Source Files</Filter>
    </ClCompile>
    <ClCompile Include="src\HTML\HTMLLabelElement.cpp">
      <Filter>Source Files</Filter>
    </ClCompile>
    <ClCompile Include="src\HTML\HTMLFormElement.cpp">
      <Filter>Source Files</Filter>
    </ClCompile>
    <ClCompile Include="src\HTML\HTMLInputElement.cpp">
      <Filter>Source Files</Filter>
    </ClCompile>
    <ClCompile Include="src\HTML\HTMLButtonElement.cpp">
      <Filter>Source Files</Filter>
    </ClCompile>
    <ClCompile Include="src\HTML\HTMLSelectElement.cpp">
      <Filter>Source Files</Filter>
    </ClCompile>
    <ClCompile Include="src\HTML\HTMLDataListElement.cpp">
      <Filter>Source Files</Filter>
    </ClCompile>
    <ClCompile Include="src\HTML\HTMLOptGroupElement.cpp">
      <Filter>Source Files</Filter>
    </ClCompile>
    <ClCompile Include="src\HTML\HTMLOptionElement.cpp">
      <Filter>Source Files</Filter>
    </ClCompile>
    <ClCompile Include="src\HTML\HTMLTextAreaElement.cpp">
      <Filter>Source Files</Filter>
    </ClCompile>
    <ClCompile Include="src\HTML\HTMLOutputElement.cpp">
      <Filter>Source Files</Filter>
    </ClCompile>
    <ClCompile Include="src\HTML\HTMLProgressElement.cpp">
      <Filter>Source Files</Filter>
    </ClCompile>
    <ClCompile Include="src\HTML\HTMLMeterElement.cpp">
      <Filter>Source Files</Filter>
    </ClCompile>
    <ClCompile Include="src\HTML\HTMLFieldSetElement.cpp">
      <Filter>Source Files</Filter>
    </ClCompile>
    <ClCompile Include="src\HTML\HTMLLegendElement.cpp">
      <Filter>Source Files</Filter>
    </ClCompile>
    <ClCompile Include="src\HTML\HTMLSelectedContentElement.cpp">
      <Filter>Source Files</Filter>
    </ClCompile>
    <ClCompile Include="src\HTML\HTMLDetailsElement.cpp">
      <Filter>Source Files</Filter>
    </ClCompile>
    <ClCompile Include="src\HTML\HTMLDialogElement.cpp">
      <Filter>Source Files</Filter>
    </ClCompile>
    <ClCompile Include="src\HTML\HTMLScriptElement.cpp">
      <Filter>Source Files</Filter>
    </ClCompile>
    <ClCompile Include="src\HTML\HTMLTemplateElement.cpp">
      <Filter>Source Files</Filter>
    </ClCompile>
    <ClCompile Include="src\HTML\HTMLCanvasElement.cpp">
      <Filter>Source Files</Filter>
    </ClCompile>
    <ClCompile Include="src\HTML\Parser\HTMLTreeBuilder.cpp">
      <Filter>Source Files</Filter>
    </ClCompile>
    <ClCompile Include="src\HTML\Parser\HTMLFormattingElementList.cpp">
      <Filter>Source Files</Filter>
    </ClCompile>
    <ClCompile Include="src\DOM\Internals\QualifiedNameCache.cpp">
      <Filter>Source Files</Filter>
    </ClCompile>
    <ClCompile Include="src\DOM\Types\QualifiedName.cpp">
      <Filter>Source Files</Filter>
    </ClCompile>
    <ClCompile Include="src\HTML\Parser\HTMLElementStack.cpp">
      <Filter>Source Files</Filter>
    </ClCompile>
    <ClCompile Include="src\SVG\SVGElement.cpp">
      <Filter>Source Files</Filter>
    </ClCompile>
    <ClCompile Include="src\SVG\SVGCircleElement.cpp">
      <Filter>Source Files</Filter>
    </ClCompile>
    <ClCompile Include="src\SVG\SVGDefsElement.cpp">
      <Filter>Source Files</Filter>
    </ClCompile>
    <ClCompile Include="src\SVG\SVGDescElement.cpp">
      <Filter>Source Files</Filter>
    </ClCompile>
    <ClCompile Include="src\SVG\SVGEllipseElement.cpp">
      <Filter>Source Files</Filter>
    </ClCompile>
    <ClCompile Include="src\SVG\SVGForeignObjectElement.cpp">
      <Filter>Source Files</Filter>
    </ClCompile>
    <ClCompile Include="src\SVG\SVGGElement.cpp">
      <Filter>Source Files</Filter>
    </ClCompile>
    <ClCompile Include="src\SVG\SVGGeometryElement.cpp">
      <Filter>Source Files</Filter>
    </ClCompile>
    <ClCompile Include="src\SVG\SVGGraphicsElement.cpp">
      <Filter>Source Files</Filter>
    </ClCompile>
    <ClCompile Include="src\SVG\SVGImageElement.cpp">
      <Filter>Source Files</Filter>
    </ClCompile>
    <ClCompile Include="src\SVG\SVGLineElement.cpp">
      <Filter>Source Files</Filter>
    </ClCompile>
    <ClCompile Include="src\SVG\SVGMetadataElement.cpp">
      <Filter>Source Files</Filter>
    </ClCompile>
    <ClCompile Include="src\SVG\SVGPolygonElement.cpp">
      <Filter>Source Files</Filter>
    </ClCompile>
    <ClCompile Include="src\SVG\SVGPolylineElement.cpp">
      <Filter>Source Files</Filter>
    </ClCompile>
    <ClCompile Include="src\SVG\SVGRectElement.cpp">
      <Filter>Source Files</Filter>
    </ClCompile>
    <ClCompile Include="src\SVG\SVGStyleElement.cpp">
      <Filter>Source Files</Filter>
    </ClCompile>
    <ClCompile Include="src\SVG\SVGSvgElement.cpp">
      <Filter>Source Files</Filter>
    </ClCompile>
    <ClCompile Include="src\SVG\SVGSwitchElement.cpp">
      <Filter>Source Files</Filter>
    </ClCompile>
    <ClCompile Include="src\SVG\SVGSymbolElement.cpp">
      <Filter>Source Files</Filter>
    </ClCompile>
    <ClCompile Include="src\SVG\SVGTitleElement.cpp">
      <Filter>Source Files</Filter>
    </ClCompile>
    <ClCompile Include="src\SVG\SVGUnknownElement.cpp">
      <Filter>Source Files</Filter>
    </ClCompile>
    <ClCompile Include="src\SVG\SVGUseElement.cpp">
      <Filter>Source Files</Filter>
    </ClCompile>
    <ClCompile Include="src\SVG\SVGScriptElement.cpp">
      <Filter>Source Files</Filter>
    </ClCompile>
    <ClCompile Include="src\HTML\Parser\HTMLDocumentParser.cpp">
      <Filter>Source Files</Filter>
    </ClCompile>
    <ClCompile Include="src\HTML\Algorithms\FormControlAlgorithms.cpp">
      <Filter>Source Files</Filter>
    </ClCompile>
    <ClCompile Include="src\CSS\Parser\CSSTokenizer.cpp">
      <Filter>Source Files</Filter>
    </ClCompile>
    <ClCompile Include="src\CSS\CSSStyleSheet.cpp">
      <Filter>Source Files</Filter>
    </ClCompile>
    <ClCompile Include="src\CSS\CSSRule.cpp">
      <Filter>Source Files</Filter>
    </ClCompile>
    <ClCompile Include="src\CSS\CSSParser.cpp">
      <Filter>Source Files</Filter>
    </ClCompile>
    <ClCompile Include="src\CSS\Properties\CSSPropertyShorthand.cpp">
      <Filter>Source Files</Filter>
    </ClCompile>
    <ClCompile Include="src\CSS\Properties\CSSProperty.cpp">
      <Filter>Source Files</Filter>
    </ClCompile>
    <ClCompile Include="src\CSS\Properties\CSSPropertyParser.cpp">
      <Filter>Source Files</Filter>
    </ClCompile>
    <ClCompile Include="src\CSS\StyleSheetContents.cpp">
      <Filter>Source Files</Filter>
    </ClCompile>
    <ClCompile Include="src\CSS\Selectors\CSSSelectorParser.cpp">
      <Filter>Source Files</Filter>
    </ClCompile>
    <ClCompile Include="src\CSS\Selectors\MutableCSSSelector.cpp">
      <Filter>Source Files</Filter>
    </ClCompile>
    <ClCompile Include="src\CSS\Selectors\CSSSelectorList.cpp">
      <Filter>Source Files</Filter>
    </ClCompile>
    <ClCompile Include="src\CSS\Selectors\CSSSelector.cpp">
      <Filter>Source Files</Filter>
    </ClCompile>
  </ItemGroup>
  <ItemGroup>
    <None Include="data\HTMLTagNames.in" />
    <None Include="data\CustomEvent.idl">
      <Filter>Source Files</Filter>
    </None>
    <None Include="data\CustomEventInit.idl">
      <Filter>Source Files</Filter>
    </None>
    <None Include="data\Event.idl">
      <Filter>Source Files</Filter>
    </None>
    <None Include="data\EventInit.idl">
      <Filter>Source Files</Filter>
    </None>
    <None Include="data\EventTarget.idl">
      <Filter>Source Files</Filter>
    </None>
    <None Include="data\EventListenerOptions.idl">
      <Filter>Source Files</Filter>
    </None>
    <None Include="data\EventListener.idl">
      <Filter>Source Files</Filter>
    </None>
    <None Include="data\AbortSignal.idl">
      <Filter>Source Files</Filter>
    </None>
    <None Include="data\AddEventListenerOptions.idl">
      <Filter>Source Files</Filter>
    </None>
    <None Include="data\Node.idl">
      <Filter>Source Files</Filter>
    </None>
    <None Include="data\Document.idl">
      <Filter>Source Files</Filter>
    </None>
    <None Include="data\DocumentFragment.idl">
      <Filter>Source Files</Filter>
    </None>
    <None Include="data\DocumentType.idl">
      <Filter>Source Files</Filter>
    </None>
    <None Include="data\CharacterData.idl">
      <Filter>Source Files</Filter>
    </None>
    <None Include="data\CDATASection.idl">
      <Filter>Source Files</Filter>
    </None>
    <None Include="data\Comment.idl">
      <Filter>Source Files</Filter>
    </None>
    <None Include="data\ProcessingInstruction.idl">
      <Filter>Source Files</Filter>
    </None>
    <None Include="data\Text.idl">
      <Filter>Source Files</Filter>
    </None>
    <None Include="data\ShadowRoot.idl">
      <Filter>Source Files</Filter>
    </None>
    <None Include="data\EventInterfaces.in" />
    <None Include="data\DOM\Text.idl">
      <Filter>Source Files</Filter>
    </None>
    <None Include="data\DOM\CDATASection.idl">
      <Filter>Source Files</Filter>
    </None>
    <None Include="data\DOM\CharacterData.idl">
      <Filter>Source Files</Filter>
    </None>
    <None Include="data\DOM\Comment.idl">
      <Filter>Source Files</Filter>
    </None>
    <None Include="data\DOM\Node.idl">
      <Filter>Source Files</Filter>
    </None>
    <None Include="data\DOM\ProcessingInstruction.idl">
      <Filter>Source Files</Filter>
    </None>
    <None Include="data\DOM\EventTarget.idl">
      <Filter>Source Files</Filter>
    </None>
    <None Include="data\Event\AbortSignal.idl">
      <Filter>Source Files</Filter>
    </None>
    <None Include="data\DOM\AddEventListenerOptions.idl">
      <Filter>Source Files</Filter>
    </None>
    <None Include="data\DOM\CustomEvent.idl">
      <Filter>Source Files</Filter>
    </None>
    <None Include="data\DOM\CustomEventInit.idl">
      <Filter>Source Files</Filter>
    </None>
    <None Include="data\DOM\Event.idl">
      <Filter>Source Files</Filter>
    </None>
    <None Include="data\DOM\EventInit.idl">
      <Filter>Source Files</Filter>
    </None>
    <None Include="data\DOM\EventListener.idl">
      <Filter>Source Files</Filter>
    </None>
    <None Include="data\DOM\EventListenerOptions.idl">
      <Filter>Source Files</Filter>
    </None>
    <None Include="data\Document\Document.idl">
      <Filter>Source Files</Filter>
    </None>
    <None Include="data\Document\ShadowRoot.idl">
      <Filter>Source Files</Filter>
    </None>
    <None Include="data\Document\DocumentFragment.idl">
      <Filter>Source Files</Filter>
    </None>
    <None Include="data\Document\DocumentType.idl">
      <Filter>Source Files</Filter>
    </None>
    <None Include="data\DOM\Element.idl">
      <Filter>Source Files</Filter>
    </None>
    <None Include="data\Document\DOMImplementation.idl">
      <Filter>Source Files</Filter>
    </None>
    <None Include="data\Document\ShadowRootInit.idl">
      <Filter>Source Files</Filter>
    </None>
    <None Include="data\DOM\NamedNodeMap.idl">
      <Filter>Source Files</Filter>
    </None>
    <None Include="data\DOM\AbstractRange.idl">
      <Filter>Source Files</Filter>
    </None>
    <None Include="data\DOM\StaticRange.idl">
      <Filter>Source Files</Filter>
    </None>
    <None Include="data\DOM\Range.idl">
      <Filter>Source Files</Filter>
    </None>
    <None Include="data\DOM\MutationRecord.idl">
      <Filter>Source Files</Filter>
    </None>
    <None Include="data\DOM\MutationObserver.idl">
      <Filter>Source Files</Filter>
    </None>
    <None Include="data\DOM\TreeWalker.idl">
      <Filter>Source Files</Filter>
    </None>
    <None Include="data\DOM\NodeIterator.idl">
      <Filter>Source Files</Filter>
    </None>
    <None Include="data\DOM\NodeFilter.idl">
      <Filter>Source Files</Filter>
    </None>
    <None Include="data\DOM\DOMTokenList.idl">
      <Filter>Source Files</Filter>
    </None>
    <None Include="data\DOM\NodeList.idl">
      <Filter>Source Files</Filter>
    </None>
    <None Include="data\DOM\HTMLCollection.idl">
      <Filter>Source Files</Filter>
    </None>
    <None Include="data\Document\CustomElementRegistry.idl">
      <Filter>Source Files</Filter>
    </None>
    <None Include="data\DOM\Mixins\Slottable.idl">
      <Filter>Source Files</Filter>
    </None>
    <None Include="data\DOM\Mixins\ParentNode.idl">
      <Filter>Source Files</Filter>
    </None>
    <None Include="data\DOM\Mixins\NonElementParentNode.idl">
      <Filter>Source Files</Filter>
    </None>
    <None Include="data\DOM\Mixins\NonDocumentTypeChildNode.idl">
      <Filter>Source Files</Filter>
    </None>
    <None Include="data\DOM\Mixins\DocumentOrShadowRoot.idl">
      <Filter>Source Files</Filter>
    </None>
    <None Include="data\DOM\Mixins\ChildNode.idl">
      <Filter>Source Files</Filter>
    </None>
    <None Include="data\DOM\AbortSignal.idl">
      <Filter>Source Files</Filter>
    </None>
    <None Include="data\DOM\AbortController.idl">
      <Filter>Source Files</Filter>
    </None>
    <None Include="data\_progress\DOM.txt" />
    <None Include="data\HTML\HTMLHeadElement.idl">
      <Filter>Source Files</Filter>
    </None>
    <None Include="data\HTML\HTMLTitleElement.idl">
      <Filter>Source Files</Filter>
    </None>
    <None Include="data\HTML\HTMLHtmlElement.idl">
      <Filter>Source Files</Filter>
    </None>
    <None Include="data\HTML\HTMLBaseElement.idl">
      <Filter>Source Files</Filter>
    </None>
    <None Include="data\HTML\HTMLLinkElement.idl">
      <Filter>Source Files</Filter>
    </None>
    <None Include="data\_progress\HTML.txt" />
    <None Include="data\HTML\HTMLMetaElement.idl">
      <Filter>Source Files</Filter>
    </None>
    <None Include="data\HTML\HTMLStyleElement.idl">
      <Filter>Source Files</Filter>
    </None>
    <None Include="data\HTML\CustomElement\CustomElementRegistry.idl">
      <Filter>Source Files</Filter>
    </None>
    <None Include="data\DOM\Document.idl">
      <Filter>Source Files</Filter>
    </None>
    <None Include="data\DOM\DocumentFragment.idl">
      <Filter>Source Files</Filter>
    </None>
    <None Include="data\DOM\DocumentType.idl">
      <Filter>Source Files</Filter>
    </None>
    <None Include="data\DOM\DOMImplementation.idl">
      <Filter>Source Files</Filter>
    </None>
    <None Include="data\DOM\ShadowRoot.idl">
      <Filter>Source Files</Filter>
    </None>
    <None Include="data\DOM\ShadowRootInit.idl">
      <Filter>Source Files</Filter>
    </None>
    <None Include="data\HTML\HTMLElement.idl">
      <Filter>Source Files</Filter>
    </None>
    <None Include="data\HTML\ElementInternals.idl">
      <Filter>Source Files</Filter>
    </None>
    <None Include="data\HTML\Document.idl">
      <Filter>Source Files</Filter>
    </None>
    <None Include="data\CSS\StyleSheet.idl">
      <Filter>Source Files</Filter>
    </None>
    <None Include="data\CSS\CSSGroupingRule.idl">
      <Filter>Source Files</Filter>
    </None>
    <None Include="data\CSS\CSSImportRule.idl">
      <Filter>Source Files</Filter>
    </None>
    <None Include="data\CSS\CSSMarginRule.idl">
      <Filter>Source Files</Filter>
    </None>
    <None Include="data\CSS\CSSMediaRule.idl">
      <Filter>Source Files</Filter>
    </None>
    <None Include="data\CSS\CSSNamespaceRule.idl">
      <Filter>Source Files</Filter>
    </None>
    <None Include="data\CSS\CSSPageRule.idl">
      <Filter>Source Files</Filter>
    </None>
    <None Include="data\CSS\CSSRule.idl">
      <Filter>Source Files</Filter>
    </None>
    <None Include="data\CSS\CSSStyleRule.idl">
      <Filter>Source Files</Filter>
    </None>
    <None Include="data\CSS\CSSStyleSheet.idl">
      <Filter>Source Files</Filter>
    </None>
    <None Include="data\CSS\MediaList.idl">
      <Filter>Source Files</Filter>
    </None>
    <None Include="data\CSS\StyleSheetList.idl">
      <Filter>Source Files</Filter>
    </None>
    <None Include="data\CSS\Mixins\DocumentOrShadowRoot.idl">
      <Filter>Source Files</Filter>
    </None>
    <None Include="data\CSS\Mixins\LinkStyle.idl">
      <Filter>Source Files</Filter>
    </None>
    <None Include="data\CSS\Mixins\ElementCSSInlineStyle.idl">
      <Filter>Source Files</Filter>
    </None>
    <None Include="data\CSS\Mixins\Window.idl">
      <Filter>Source Files</Filter>
    </None>
    <None Include="data\CSS\CSSPageDescriptors.idl">
      <Filter>Source Files</Filter>
    </None>
    <None Include="data\CSS\CSSRuleList.idl">
      <Filter>Source Files</Filter>
    </None>
    <None Include="data\CSS\CSSStyleDeclaration.idl">
      <Filter>Source Files</Filter>
    </None>
    <None Include="data\CSS\CSSStyleProperties.idl">
      <Filter>Source Files</Filter>
    </None>
    <None Include="data\CSSProperties.json" />
  </ItemGroup>
</Project>