<?xml version="1.0" encoding="utf-8"?>
<Project ToolsVersion="4.0" xmlns="http://schemas.microsoft.com/developer/msbuild/2003">
  <ItemGroup>
    <Filter Include="Source Files">
      <UniqueIdentifier>{4FC737F1-C7A5-4376-A066-2A32D752A2FF}</UniqueIdentifier>
      <Extensions>cpp;c;cc;cxx;c++;cppm;ixx;def;odl;idl;hpj;bat;asm;asmx</Extensions>
    </Filter>
    <Filter Include="Header Files">
      <UniqueIdentifier>{93995380-89BD-4b04-88EB-625FBE52EBFB}</UniqueIdentifier>
      <Extensions>h;hh;hpp;hxx;h++;hm;inl;inc;ipp;xsd</Extensions>
    </Filter>
    <Filter Include="Resource Files">
      <UniqueIdentifier>{67DA6AB6-F800-4c08-8B7A-83BB121AAD01}</UniqueIdentifier>
      <Extensions>rc;ico;cur;bmp;dlg;rc2;rct;bin;rgs;gif;jpg;jpeg;jpe;resx;tiff;tif;png;wav;mfcribbon-ms</Extensions>
    </Filter>
  </ItemGroup>
  <ItemGroup>
    <ClCompile Include="src\Entry.cpp">
      <Filter>Source Files</Filter>
    </ClCompile>
  </ItemGroup>
  <ItemGroup>
    <ClInclude Include="include\Krystal.Editor\Editor.hpp">
      <Filter>Header Files</Filter>
    </ClInclude>
  </ItemGroup>
  <ItemGroup>
    <None Include="data\shaders\vulkan\triangle.vert" />
    <None Include="data\shaders\vulkan\triangle.frag" />
    <None Include="build\shaders\triangle.frag.spv" />
    <None Include="build\shaders\triangle.vert.spv" />
    <None Include="data\shaders\opengl\2d-shape.vert" />
    <None Include="data\shaders\opengl\2d-shape-texture.frag" />
    <None Include="data\shaders\opengl\skybox.vert" />
    <None Include="data\shaders\opengl\skybox.frag" />
    <None Include="data\shaders\opengl\lightsource.frag" />
    <None Include="data\shaders\opengl\lightsource.vert" />
    <None Include="data\shaders\opengl\lighting.frag" />
    <None Include="data\shaders\opengl\flat-colour-phong-material.frag" />
    <None Include="data\shaders\opengl\phong-material.frag" />
    <None Include="data\assets\models\backpack\backpack.mtl" />
    <None Include="data\shaders\opengl\model.vert" />
    <None Include="data\shaders\opengl\model.frag" />
    <None Include="data\assets\models\backpack\backpack.obj" />
    <None Include="data\shaders\opengl\depth-testing.frag" />
    <None Include="data\shaders\opengl\depth-testing.vert" />
    <None Include="data\shaders\opengl\linearize-depth.frag" />
    <None Include="data\shaders\opengl\single-colour.frag" />
    <None Include="data\shaders\opengl\framebuffer.frag" />
    <None Include="data\shaders\opengl\framebuffer.vert" />
    <None Include="data\shaders\opengl\reflection.frag" />
    <None Include="data\shaders\opengl\reflection.vert" />
    <None Include="data\shaders\opengl\points.geo" />
    <None Include="data\shaders\opengl\points.frag" />
    <None Include="data\shaders\opengl\points.vert" />
    <None Include="data\shaders\opengl\explode-model.frag" />
    <None Include="data\shaders\opengl\explode-model.geo" />
    <None Include="data\shaders\opengl\explode-model.vert" />
    <None Include="data\shaders\opengl\visualise-normals.frag" />
    <None Include="data\shaders\opengl\visualise-normals.geo" />
    <None Include="data\shaders\opengl\visualise-normals.vert" />
    <None Include="data\shaders\opengl\instanced-quad.frag" />
    <None Include="data\shaders\opengl\instanced-quad.vert" />
    <None Include="data\assets\models\rock\rock.mtl" />
    <None Include="data\assets\models\planet\planet.mtl" />
    <None Include="data\assets\models\rock\rock.obj" />
    <None Include="data\assets\models\planet\planet.obj" />
    <None Include="data\shaders\opengl\instanced-model.frag" />
    <None Include="data\shaders\opengl\instanced-model.vert" />
    <None Include="data\shaders\opengl\empty.frag" />
    <None Include="data\shaders\opengl\directional-shadow-map.vert" />
    <None Include="data\shaders\opengl\shadow-mapping.frag" />
    <None Include="data\shaders\opengl\shadow-mapping.vert" />
    <None Include="data\shaders\opengl\debug-quad-shadow-map.frag" />
    <None Include="data\shaders\opengl\debug-quad-shadow-map.vert" />
    <None Include="data\shaders\opengl\point-shadows.frag" />
    <None Include="data\shaders\opengl\point-shadows.geo" />
    <None Include="data\shaders\opengl\point-shadows.vert" />
    <None Include="data\shaders\opengl\point-shadow-mapping.frag" />
    <None Include="data\shaders\opengl\point-shadow-mapping.vert" />
    <None Include="data\shaders\opengl\normal-mapping.frag" />
    <None Include="data\shaders\opengl\normal-mapping.vert" />
    <None Include="data\shaders\opengl\parallax-mapping.frag" />
    <None Include="data\shaders\opengl\parallax-mapping.vert" />
    <None Include="data\shaders\opengl\hdr.frag" />
    <None Include="data\shaders\opengl\hdr.vert" />
    <None Include="data\shaders\opengl\hdr-test-lighting.frag" />
    <None Include="data\shaders\opengl\hdr-test-lighting.vert" />
    <None Include="data\shaders\opengl\7\bloom.frag" />
    <None Include="data\shaders\opengl\7\bloom.vert" />
    <None Include="data\shaders\opengl\7\bloom-final.frag" />
    <None Include="data\shaders\opengl\7\bloom-final.vert" />
    <None Include="data\shaders\opengl\7\blur.frag" />
    <None Include="data\shaders\opengl\7\blur.vert" />
    <None Include="data\shaders\opengl\7\light-box.frag" />
    <None Include="data\shaders\opengl\8\deferred-light-box.frag" />
    <None Include="data\shaders\opengl\8\deferred-light-box.vert" />
    <None Include="data\shaders\opengl\8\deferred-shading.frag" />
    <None Include="data\shaders\opengl\8\deferred-shading.vert" />
    <None Include="data\shaders\opengl\8\g-buffer.frag" />
    <None Include="data\shaders\opengl\8\g-buffer.vert" />
    <None Include="data\shaders\opengl\9\ssao.frag" />
    <None Include="data\shaders\opengl\9\ssao.vert" />
    <None Include="data\shaders\opengl\9\ssao-blur.frag" />
    <None Include="data\shaders\opengl\9\ssao-geometry.frag" />
    <None Include="data\shaders\opengl\9\ssao-geometry.vert" />
    <None Include="data\shaders\opengl\9\ssao-lighting.frag" />
    <None Include="data\shaders\opengl\10\pbr.frag" />
    <None Include="data\shaders\opengl\10\pbr.vert" />
    <None Include="data\shaders\opengl\10\pbr-with-maps.frag" />
    <None Include="data\shaders\opengl\10\pbr-with-maps.vert" />
    <None Include="data\shaders\opengl\11\background.frag" />
    <None Include="data\shaders\opengl\11\background.vert" />
    <None Include="data\shaders\opengl\11\cubemap.vert" />
    <None Include="data\shaders\opengl\11\pbr.frag" />
    <None Include="data\shaders\opengl\11\pbr.vert" />
    <None Include="data\shaders\opengl\11\equirectangular-to-cubemap.frag" />
    <None Include="data\shaders\opengl\11\irradiance-convolution.frag" />
    <None Include="data\shaders\opengl\11\prefilter.frag" />
    <None Include="data\shaders\opengl\11\brdf.frag" />
    <None Include="data\shaders\opengl\11\brdf.vert" />
    <None Include="data\shaders\opengl\11\pbr-with-maps.frag" />
    <None Include="data\shaders\opengl\11\pbr-with-maps.vert" />
    <None Include="data\assets\newport-loft.hdr" />
    <None Include="data\shaders\opengl\text-shader.frag" />
    <None Include="data\shaders\opengl\text-shader.vert" />
    <None Include="data\shaders\opengl\ui.frag" />
    <None Include="data\shaders\opengl\ui.vert" />
    <None Include="data\shaders\opengl\single-texture.frag" />
    <None Include="data\shaders\opengl\single-texture.vert" />
    <None Include="data\shaders\opengl\2d-shape-colour.frag" />
  </ItemGroup>
  <ItemGroup>
    <Image Include="data\assets\skyboxes\sky\back.jpg">
      <Filter>Resource Files</Filter>
    </Image>
    <Image Include="data\assets\skyboxes\sky\bottom.jpg">
      <Filter>Resource Files</Filter>
    </Image>
    <Image Include="data\assets\skyboxes\sky\front.jpg">
      <Filter>Resource Files</Filter>
    </Image>
    <Image Include="data\assets\skyboxes\sky\left.jpg">
      <Filter>Resource Files</Filter>
    </Image>
    <Image Include="data\assets\skyboxes\sky\right.jpg">
      <Filter>Resource Files</Filter>
    </Image>
    <Image Include="data\assets\skyboxes\sky\top.jpg">
      <Filter>Resource Files</Filter>
    </Image>
    <Image Include="data\assets\container.jpg">
      <Filter>Resource Files</Filter>
    </Image>
    <Image Include="data\assets\wall.jpg">
      <Filter>Resource Files</Filter>
    </Image>
    <Image Include="data\assets\awesomeface.png">
      <Filter>Resource Files</Filter>
    </Image>
    <Image Include="data\assets\container-diffuse.png">
      <Filter>Resource Files</Filter>
    </Image>
    <Image Include="data\assets\container-specular.png">
      <Filter>Resource Files</Filter>
    </Image>
    <Image Include="data\assets\container-emission.png">
      <Filter>Resource Files</Filter>
    </Image>
    <Image Include="data\assets\models\backpack\ao.jpg">
      <Filter>Resource Files</Filter>
    </Image>
    <Image Include="data\assets\models\backpack\diffuse.jpg">
      <Filter>Resource Files</Filter>
    </Image>
    <Image Include="data\assets\models\backpack\normal.png">
      <Filter>Resource Files</Filter>
    </Image>
    <Image Include="data\assets\models\backpack\roughness.jpg">
      <Filter>Resource Files</Filter>
    </Image>
    <Image Include="data\assets\models\backpack\specular.jpg">
      <Filter>Resource Files</Filter>
    </Image>
    <Image Include="data\assets\marble.jpg">
      <Filter>Resource Files</Filter>
    </Image>
    <Image Include="data\assets\metal.png">
      <Filter>Resource Files</Filter>
    </Image>
    <Image Include="data\assets\grass.png">
      <Filter>Resource Files</Filter>
    </Image>
    <Image Include="data\assets\blending_transparent_window.png">
      <Filter>Resource Files</Filter>
    </Image>
    <Image Include="data\assets\models\rock\rock.png">
      <Filter>Resource Files</Filter>
    </Image>
    <Image Include="data\assets\models\planet\mars.png">
      <Filter>Resource Files</Filter>
    </Image>
    <Image Include="data\assets\wood.png">
      <Filter>Resource Files</Filter>
    </Image>
    <Image Include="data\assets\brick-diffuse.jpg">
      <Filter>Resource Files</Filter>
    </Image>
    <Image Include="data\assets\brick-normal.jpg">
      <Filter>Resource Files</Filter>
    </Image>
    <Image Include="data\assets\brickwall-diffuse.jpg">
      <Filter>Resource Files</Filter>
    </Image>
    <Image Include="data\assets\brickwall-normal.jpg">
      <Filter>Resource Files</Filter>
    </Image>
    <Image Include="data\assets\brickwall-displacement.jpg">
      <Filter>Resource Files</Filter>
    </Image>
    <Image Include="data\assets\toybox-normal.png">
      <Filter>Resource Files</Filter>
    </Image>
    <Image Include="data\assets\toybox-displacement.png">
      <Filter>Resource Files</Filter>
    </Image>
    <Image Include="data\assets\pbr\rusted-iron\albedo.png">
      <Filter>Resource Files</Filter>
    </Image>
    <Image Include="data\assets\pbr\rusted-iron\ao.png">
      <Filter>Resource Files</Filter>
    </Image>
    <Image Include="data\assets\pbr\rusted-iron\metallic.png">
      <Filter>Resource Files</Filter>
    </Image>
    <Image Include="data\assets\pbr\rusted-iron\normal.png">
      <Filter>Resource Files</Filter>
    </Image>
    <Image Include="data\assets\pbr\rusted-iron\roughness.png">
      <Filter>Resource Files</Filter>
    </Image>
    <Image Include="data\assets\pbr\damascus-steel\albedo.png">
      <Filter>Resource Files</Filter>
    </Image>
    <Image Include="data\assets\pbr\damascus-steel\ao.png">
      <Filter>Resource Files</Filter>
    </Image>
    <Image Include="data\assets\pbr\damascus-steel\height.png">
      <Filter>Resource Files</Filter>
    </Image>
    <Image Include="data\assets\pbr\damascus-steel\metallic.png">
      <Filter>Resource Files</Filter>
    </Image>
    <Image Include="data\assets\pbr\damascus-steel\normal.png">
      <Filter>Resource Files</Filter>
    </Image>
    <Image Include="data\assets\pbr\damascus-steel\roughness.png">
      <Filter>Resource Files</Filter>
    </Image>
    <Image Include="data\assets\pbr\silver\albedo.png">
      <Filter>Resource Files</Filter>
    </Image>
    <Image Include="data\assets\pbr\silver\ao.png">
      <Filter>Resource Files</Filter>
    </Image>
    <Image Include="data\assets\pbr\silver\height.png">
      <Filter>Resource Files</Filter>
    </Image>
    <Image Include="data\assets\pbr\silver\metallic.png">
      <Filter>Resource Files</Filter>
    </Image>
    <Image Include="data\assets\pbr\silver\normal.png">
      <Filter>Resource Files</Filter>
    </Image>
    <Image Include="data\assets\pbr\silver\roughness.png">
      <Filter>Resource Files</Filter>
    </Image>
    <Image Include="data\assets\pbr\gold\albedo.png">
      <Filter>Resource Files</Filter>
    </Image>
    <Image Include="data\assets\pbr\gold\ao.png">
      <Filter>Resource Files</Filter>
    </Image>
    <Image Include="data\assets\pbr\gold\metallic.png">
      <Filter>Resource Files</Filter>
    </Image>
    <Image Include="data\assets\pbr\gold\normal.png">
      <Filter>Resource Files</Filter>
    </Image>
    <Image Include="data\assets\pbr\gold\roughness.png">
      <Filter>Resource Files</Filter>
    </Image>
    <Image Include="data\assets\pbr\grass\albedo.png">
      <Filter>Resource Files</Filter>
    </Image>
    <Image Include="data\assets\pbr\grass\ao.png">
      <Filter>Resource Files</Filter>
    </Image>
    <Image Include="data\assets\pbr\grass\metallic.png">
      <Filter>Resource Files</Filter>
    </Image>
    <Image Include="data\assets\pbr\grass\normal.png">
      <Filter>Resource Files</Filter>
    </Image>
    <Image Include="data\assets\pbr\grass\roughness.png">
      <Filter>Resource Files</Filter>
    </Image>
    <Image Include="data\assets\pbr\plastic\albedo.png">
      <Filter>Resource Files</Filter>
    </Image>
    <Image Include="data\assets\pbr\plastic\ao.png">
      <Filter>Resource Files</Filter>
    </Image>
    <Image Include="data\assets\pbr\plastic\metallic.png">
      <Filter>Resource Files</Filter>
    </Image>
    <Image Include="data\assets\pbr\plastic\normal.png">
      <Filter>Resource Files</Filter>
    </Image>
    <Image Include="data\assets\pbr\plastic\roughness.png">
      <Filter>Resource Files</Filter>
    </Image>
    <Image Include="data\assets\pbr\wall\albedo.png">
      <Filter>Resource Files</Filter>
    </Image>
    <Image Include="data\assets\pbr\wall\ao.png">
      <Filter>Resource Files</Filter>
    </Image>
    <Image Include="data\assets\pbr\wall\metallic.png">
      <Filter>Resource Files</Filter>
    </Image>
    <Image Include="data\assets\pbr\wall\normal.png">
      <Filter>Resource Files</Filter>
    </Image>
    <Image Include="data\assets\pbr\wall\roughness.png">
      <Filter>Resource Files</Filter>
    </Image>
  </ItemGroup>
  <ItemGroup>
    <Text Include="data\assets\models\backpack\source_attribution.txt" />
    <Text Include="data\assets\models\planet\source.txt" />
  </ItemGroup>
</Project>