<?xml version="1.0" encoding="utf-8"?>
<Project ToolsVersion="4.0" xmlns="http://schemas.microsoft.com/developer/msbuild/2003">
  <ItemGroup>
    <Filter Include="Source Files">
      <UniqueIdentifier>{4FC737F1-C7A5-4376-A066-2A32D752A2FF}</UniqueIdentifier>
      <Extensions>cpp;c;cc;cxx;c++;cppm;ixx;def;odl;idl;hpj;bat;asm;asmx</Extensions>
    </Filter>
    <Filter Include="Header Files">
      <UniqueIdentifier>{93995380-89BD-4b04-88EB-625FBE52EBFB}</UniqueIdentifier>
      <Extensions>h;hh;hpp;hxx;h++;hm;inl;inc;ipp;xsd</Extensions>
    </Filter>
    <Filter Include="Resource Files">
      <UniqueIdentifier>{67DA6AB6-F800-4c08-8B7A-83BB121AAD01}</UniqueIdentifier>
      <Extensions>rc;ico;cur;bmp;dlg;rc2;rct;bin;rgs;gif;jpg;jpeg;jpe;resx;tiff;tif;png;wav;mfcribbon-ms</Extensions>
    </Filter>
  </ItemGroup>
  <ItemGroup>
    <ClInclude Include="include\Krystal.UI\Elements\Element.hpp">
      <Filter>Header Files</Filter>
    </ClInclude>
    <ClInclude Include="include\Krystal.UI\Layout\LayoutEngine.hpp">
      <Filter>Header Files</Filter>
    </ClInclude>
    <ClInclude Include="include\Krystal.UI\Layout\Algorithm\AbsoluteLayout.hpp">
      <Filter>Header Files</Filter>
    </ClInclude>
    <ClInclude Include="include\Krystal.UI\Layout\Algorithm\Align.hpp">
      <Filter>Header Files</Filter>
    </ClInclude>
    <ClInclude Include="include\Krystal.UI\Layout\Algorithm\Baseline.hpp">
      <Filter>Header Files</Filter>
    </ClInclude>
    <ClInclude Include="include\Krystal.UI\Layout\Algorithm\BoundAxis.hpp">
      <Filter>Header Files</Filter>
    </ClInclude>
    <ClInclude Include="include\Krystal.UI\Layout\Algorithm\Cache.hpp">
      <Filter>Header Files</Filter>
    </ClInclude>
    <ClInclude Include="include\Krystal.UI\Layout\Algorithm\CalculateLayout.hpp">
      <Filter>Header Files</Filter>
    </ClInclude>
    <ClInclude Include="include\Krystal.UI\Layout\Algorithm\FlexLine.hpp">
      <Filter>Header Files</Filter>
    </ClInclude>
    <ClInclude Include="include\Krystal.UI\Layout\Algorithm\PixelGrid.hpp">
      <Filter>Header Files</Filter>
    </ClInclude>
    <ClInclude Include="include\Krystal.UI\Layout\Algorithm\SizingMode.hpp">
      <Filter>Header Files</Filter>
    </ClInclude>
    <ClInclude Include="include\Krystal.UI\Layout\Algorithm\TrailingPosition.hpp">
      <Filter>Header Files</Filter>
    </ClInclude>
    <ClInclude Include="include\Krystal.UI\Layout\Api\Config.hpp">
      <Filter>Header Files</Filter>
    </ClInclude>
    <ClInclude Include="include\Krystal.UI\Layout\Api\Forward.hpp">
      <Filter>Header Files</Filter>
    </ClInclude>
    <ClInclude Include="include\Krystal.UI\Layout\Api\Node.hpp">
      <Filter>Header Files</Filter>
    </ClInclude>
    <ClInclude Include="include\Krystal.UI\Layout\Api\NodeLayout.hpp">
      <Filter>Header Files</Filter>
    </ClInclude>
    <ClInclude Include="include\Krystal.UI\Layout\Api\NodeStyle.hpp">
      <Filter>Header Files</Filter>
    </ClInclude>
    <ClInclude Include="include\Krystal.UI\Layout\Config\Config.hpp">
      <Filter>Header Files</Filter>
    </ClInclude>
    <ClInclude Include="include\Krystal.UI\Layout\Event\Event.hpp">
      <Filter>Header Files</Filter>
    </ClInclude>
    <ClInclude Include="include\Krystal.UI\Layout\Node\CachedMeasurement.hpp">
      <Filter>Header Files</Filter>
    </ClInclude>
    <ClInclude Include="include\Krystal.UI\Layout\Node\LayoutableChildren.hpp">
      <Filter>Header Files</Filter>
    </ClInclude>
    <ClInclude Include="include\Krystal.UI\Layout\Node\LayoutResults.hpp">
      <Filter>Header Files</Filter>
    </ClInclude>
    <ClInclude Include="include\Krystal.UI\Layout\Node\Node.hpp">
      <Filter>Header Files</Filter>
    </ClInclude>
    <ClInclude Include="include\Krystal.UI\Styles\Enums\Align.hpp">
      <Filter>Header Files</Filter>
    </ClInclude>
    <ClInclude Include="include\Krystal.UI\Styles\Enums\BoxSizing.hpp">
      <Filter>Header Files</Filter>
    </ClInclude>
    <ClInclude Include="include\Krystal.UI\Styles\Enums\Dimension.hpp">
      <Filter>Header Files</Filter>
    </ClInclude>
    <ClInclude Include="include\Krystal.UI\Styles\Enums\Direction.hpp">
      <Filter>Header Files</Filter>
    </ClInclude>
    <ClInclude Include="include\Krystal.UI\Styles\Enums\Display.hpp">
      <Filter>Header Files</Filter>
    </ClInclude>
    <ClInclude Include="include\Krystal.UI\Styles\Enums\Edge.hpp">
      <Filter>Header Files</Filter>
    </ClInclude>
    <ClInclude Include="include\Krystal.UI\Styles\Enums\Errata.hpp">
      <Filter>Header Files</Filter>
    </ClInclude>
    <ClInclude Include="include\Krystal.UI\Styles\Enums\ExperimentalFeature.hpp">
      <Filter>Header Files</Filter>
    </ClInclude>
    <ClInclude Include="include\Krystal.UI\Styles\Enums\FlexDirection.hpp">
      <Filter>Header Files</Filter>
    </ClInclude>
    <ClInclude Include="include\Krystal.UI\Styles\Enums\Gutter.hpp">
      <Filter>Header Files</Filter>
    </ClInclude>
    <ClInclude Include="include\Krystal.UI\Styles\Enums\Justify.hpp">
      <Filter>Header Files</Filter>
    </ClInclude>
    <ClInclude Include="include\Krystal.UI\Styles\Enums\MeasureMode.hpp">
      <Filter>Header Files</Filter>
    </ClInclude>
    <ClInclude Include="include\Krystal.UI\Styles\Enums\NodeType.hpp">
      <Filter>Header Files</Filter>
    </ClInclude>
    <ClInclude Include="include\Krystal.UI\Styles\Enums\Overflow.hpp">
      <Filter>Header Files</Filter>
    </ClInclude>
    <ClInclude Include="include\Krystal.UI\Styles\Enums\PhysicalEdge.hpp">
      <Filter>Header Files</Filter>
    </ClInclude>
    <ClInclude Include="include\Krystal.UI\Styles\Enums\Position.hpp">
      <Filter>Header Files</Filter>
    </ClInclude>
    <ClInclude Include="include\Krystal.UI\Styles\Enums\SizingMode.hpp">
      <Filter>Header Files</Filter>
    </ClInclude>
    <ClInclude Include="include\Krystal.UI\Styles\Enums\Unit.hpp">
      <Filter>Header Files</Filter>
    </ClInclude>
    <ClInclude Include="include\Krystal.UI\Styles\Enums\Wrap.hpp">
      <Filter>Header Files</Filter>
    </ClInclude>
    <ClInclude Include="include\Krystal.UI\Styles\Style.hpp">
      <Filter>Header Files</Filter>
    </ClInclude>
    <ClInclude Include="include\Krystal.UI\Styles\Values\StyleLength.hpp">
      <Filter>Header Files</Filter>
    </ClInclude>
    <ClInclude Include="include\Krystal.UI\Styles\Values\StyleSizeLength.hpp">
      <Filter>Header Files</Filter>
    </ClInclude>
    <ClInclude Include="include\Krystal.UI\Styles\Values\StyleValueHandle.hpp">
      <Filter>Header Files</Filter>
    </ClInclude>
    <ClInclude Include="include\Krystal.UI\Styles\Values\StyleValuePool.hpp">
      <Filter>Header Files</Filter>
    </ClInclude>
    <ClInclude Include="include\Krystal.UI\Styles\Values\UnitValue.hpp">
      <Filter>Header Files</Filter>
    </ClInclude>
    <ClInclude Include="include\Krystal.UI\Styles\Helpers\FlexDirection.hpp">
      <Filter>Header Files</Filter>
    </ClInclude>
    <ClInclude Include="include\Krystal.UI\Document.hpp">
      <Filter>Header Files</Filter>
    </ClInclude>
  </ItemGroup>
  <ItemGroup>
    <ClCompile Include="src\Layout\Algorithm\AbsoluteLayout.cpp">
      <Filter>Source Files</Filter>
    </ClCompile>
    <ClCompile Include="src\Layout\Algorithm\Baseline.cpp">
      <Filter>Source Files</Filter>
    </ClCompile>
    <ClCompile Include="src\Layout\Algorithm\Cache.cpp">
      <Filter>Source Files</Filter>
    </ClCompile>
    <ClCompile Include="src\Layout\Algorithm\CalculcateLayout.cpp">
      <Filter>Source Files</Filter>
    </ClCompile>
    <ClCompile Include="src\Layout\Algorithm\FlexLine.cpp">
      <Filter>Source Files</Filter>
    </ClCompile>
    <ClCompile Include="src\Layout\Algorithm\PixelGrid.cpp">
      <Filter>Source Files</Filter>
    </ClCompile>
    <ClCompile Include="src\Layout\Api\ConfigApi.cpp">
      <Filter>Source Files</Filter>
    </ClCompile>
    <ClCompile Include="src\Layout\Config\Config.cpp">
      <Filter>Source Files</Filter>
    </ClCompile>
    <ClCompile Include="src\Layout\Event\Event.cpp">
      <Filter>Source Files</Filter>
    </ClCompile>
    <ClCompile Include="src\Layout\Node\LayoutResults.cpp">
      <Filter>Source Files</Filter>
    </ClCompile>
    <ClCompile Include="src\Layout\Node\Node.cpp">
      <Filter>Source Files</Filter>
    </ClCompile>
    <ClCompile Include="src\Styles\Values\UnitValue.cpp">
      <Filter>Source Files</Filter>
    </ClCompile>
    <ClCompile Include="src\Layout\Api\NodeApi.cpp">
      <Filter>Source Files</Filter>
    </ClCompile>
    <ClCompile Include="src\Layout\Api\NodeLayout.cpp">
      <Filter>Source Files</Filter>
    </ClCompile>
    <ClCompile Include="src\Layout\Api\NodeStyle.cpp">
      <Filter>Source Files</Filter>
    </ClCompile>
    <ClCompile Include="src\Document.cpp">
      <Filter>Source Files</Filter>
    </ClCompile>
  </ItemGroup>
</Project>