<?xml version="1.0" encoding="utf-8"?>
<Project ToolsVersion="4.0" xmlns="http://schemas.microsoft.com/developer/msbuild/2003">
  <ItemGroup>
    <Filter Include="Source Files">
      <UniqueIdentifier>{4FC737F1-C7A5-4376-A066-2A32D752A2FF}</UniqueIdentifier>
      <Extensions>cpp;c;cc;cxx;c++;cppm;ixx;def;odl;idl;hpj;bat;asm;asmx</Extensions>
    </Filter>
    <Filter Include="Header Files">
      <UniqueIdentifier>{93995380-89BD-4b04-88EB-625FBE52EBFB}</UniqueIdentifier>
      <Extensions>h;hh;hpp;hxx;h++;hm;inl;inc;ipp;xsd</Extensions>
    </Filter>
    <Filter Include="Resource Files">
      <UniqueIdentifier>{67DA6AB6-F800-4c08-8B7A-83BB121AAD01}</UniqueIdentifier>
      <Extensions>rc;ico;cur;bmp;dlg;rc2;rct;bin;rgs;gif;jpg;jpeg;jpe;resx;tiff;tif;png;wav;mfcribbon-ms</Extensions>
    </Filter>
  </ItemGroup>
  <ItemGroup>
    <ClInclude Include="include\Krystal.UI\Element.hpp">
      <Filter>Header Files</Filter>
    </ClInclude>
    <ClInclude Include="include\Krystal.UI\Document.hpp">
      <Filter>Header Files</Filter>
    </ClInclude>
    <ClInclude Include="include\Krystal.UI\Properties.hpp">
      <Filter>Header Files</Filter>
    </ClInclude>
    <ClInclude Include="include\Krystal.UI\LayoutEngine.hpp">
      <Filter>Header Files</Filter>
    </ClInclude>
    <ClInclude Include="include\Krystal.UI\ElementPool.hpp">
      <Filter>Header Files</Filter>
    </ClInclude>
    <ClInclude Include="include\Krystal.UI\Enums\DisplayType.hpp">
      <Filter>Header Files</Filter>
    </ClInclude>
    <ClInclude Include="include\Krystal.UI\Enums\BoxSizing.hpp">
      <Filter>Header Files</Filter>
    </ClInclude>
    <ClInclude Include="include\Krystal.UI\Enums\FlexDirection.hpp">
      <Filter>Header Files</Filter>
    </ClInclude>
    <ClInclude Include="include\Krystal.UI\Enums\Align.hpp">
      <Filter>Header Files</Filter>
    </ClInclude>
    <ClInclude Include="include\Krystal.UI\Enums\Justify.hpp">
      <Filter>Header Files</Filter>
    </ClInclude>
    <ClInclude Include="include\Krystal.UI\Enums\Position.hpp">
      <Filter>Header Files</Filter>
    </ClInclude>
    <ClInclude Include="include\Krystal.UI\Enums\Edge.hpp">
      <Filter>Header Files</Filter>
    </ClInclude>
    <ClInclude Include="include\Krystal.UI\Enums\Dimension.hpp">
      <Filter>Header Files</Filter>
    </ClInclude>
    <ClInclude Include="include\Krystal.UI\Enums\Direction.hpp">
      <Filter>Header Files</Filter>
    </ClInclude>
    <ClInclude Include="include\Krystal.UI\Enums\Gutter.hpp">
      <Filter>Header Files</Filter>
    </ClInclude>
    <ClInclude Include="include\Krystal.UI\Enums\Overflow.hpp">
      <Filter>Header Files</Filter>
    </ClInclude>
    <ClInclude Include="include\Krystal.UI\Enums\SizingMode.hpp">
      <Filter>Header Files</Filter>
    </ClInclude>
    <ClInclude Include="include\Krystal.UI\Enums\MeasureMode.hpp">
      <Filter>Header Files</Filter>
    </ClInclude>
    <ClInclude Include="include\Krystal.UI\Enums\PhysicalEdge.hpp">
      <Filter>Header Files</Filter>
    </ClInclude>
    <ClInclude Include="include\Krystal.UI\Enums\Unit.hpp">
      <Filter>Header Files</Filter>
    </ClInclude>
    <ClInclude Include="include\Krystal.UI\UnitValue.hpp">
      <Filter>Header Files</Filter>
    </ClInclude>
    <ClInclude Include="include\Krystal.UI\ComparisonHelpers.hpp">
      <Filter>Header Files</Filter>
    </ClInclude>
  </ItemGroup>
  <ItemGroup>
    <ClCompile Include="src\placeholder.cpp">
      <Filter>Source Files</Filter>
    </ClCompile>
    <ClCompile Include="src\UnitValue.cpp">
      <Filter>Source Files</Filter>
    </ClCompile>
  </ItemGroup>
</Project>