<?xml version="1.0" encoding="utf-8"?>
<Project ToolsVersion="4.0" xmlns="http://schemas.microsoft.com/developer/msbuild/2003">
  <ItemGroup>
    <Filter Include="Source Files">
      <UniqueIdentifier>{4FC737F1-C7A5-4376-A066-2A32D752A2FF}</UniqueIdentifier>
      <Extensions>cpp;c;cc;cxx;c++;cppm;ixx;def;odl;idl;hpj;bat;asm;asmx</Extensions>
    </Filter>
    <Filter Include="Header Files">
      <UniqueIdentifier>{93995380-89BD-4b04-88EB-625FBE52EBFB}</UniqueIdentifier>
      <Extensions>h;hh;hpp;hxx;h++;hm;inl;inc;ipp;xsd</Extensions>
    </Filter>
    <Filter Include="Resource Files">
      <UniqueIdentifier>{67DA6AB6-F800-4c08-8B7A-83BB121AAD01}</UniqueIdentifier>
      <Extensions>rc;ico;cur;bmp;dlg;rc2;rct;bin;rgs;gif;jpg;jpeg;jpe;resx;tiff;tif;png;wav;mfcribbon-ms</Extensions>
    </Filter>
  </ItemGroup>
  <ItemGroup>
    <ClInclude Include="include\Krystal.Gfx\IContext.hpp">
      <Filter>Header Files</Filter>
    </ClInclude>
    <ClInclude Include="include\Krystal.Gfx\ICamera.hpp">
      <Filter>Header Files</Filter>
    </ClInclude>
    <ClInclude Include="include\Krystal.Gfx\Cameras\FirstPersonCamera.hpp">
      <Filter>Header Files</Filter>
    </ClInclude>
    <ClInclude Include="include\Krystal.Gfx\Colour.hpp">
      <Filter>Header Files</Filter>
    </ClInclude>
    <ClInclude Include="include\Krystal.Gfx\VertexBufferLayout.hpp">
      <Filter>Header Files</Filter>
    </ClInclude>
    <ClInclude Include="include\Krystal.Gfx\Light.hpp">
      <Filter>Header Files</Filter>
    </ClInclude>
    <ClInclude Include="include\Krystal.Gfx\ResourceManager.hpp">
      <Filter>Header Files</Filter>
    </ClInclude>
    <ClInclude Include="include\Krystal.Gfx\Registries\ITextureRegistry.hpp">
      <Filter>Header Files</Filter>
    </ClInclude>
    <ClInclude Include="include\Krystal.Gfx\Handle.hpp">
      <Filter>Header Files</Filter>
    </ClInclude>
    <ClInclude Include="include\Krystal.Gfx\Registries\IShaderRegistry.hpp">
      <Filter>Header Files</Filter>
    </ClInclude>
    <ClInclude Include="include\Krystal.Gfx\Registries\IMeshRegistry.hpp">
      <Filter>Header Files</Filter>
    </ClInclude>
    <ClInclude Include="include\Krystal.Gfx\Registries\ISamplerRegistry.hpp">
      <Filter>Header Files</Filter>
    </ClInclude>
    <ClInclude Include="include\Krystal.Gfx\Registries\IMaterialRegistry.hpp">
      <Filter>Header Files</Filter>
    </ClInclude>
    <ClInclude Include="third-party\freetype\include\freetype\config\ftconfig.h">
      <Filter>Header Files</Filter>
    </ClInclude>
    <ClInclude Include="third-party\freetype\include\freetype\config\ftheader.h">
      <Filter>Header Files</Filter>
    </ClInclude>
    <ClInclude Include="third-party\freetype\include\freetype\config\ftmodule.h">
      <Filter>Header Files</Filter>
    </ClInclude>
    <ClInclude Include="third-party\freetype\include\freetype\config\ftoption.h">
      <Filter>Header Files</Filter>
    </ClInclude>
    <ClInclude Include="third-party\freetype\include\freetype\config\ftstdlib.h">
      <Filter>Header Files</Filter>
    </ClInclude>
    <ClInclude Include="third-party\freetype\include\freetype\config\integer-types.h">
      <Filter>Header Files</Filter>
    </ClInclude>
    <ClInclude Include="third-party\freetype\include\freetype\config\mac-support.h">
      <Filter>Header Files</Filter>
    </ClInclude>
    <ClInclude Include="third-party\freetype\include\freetype\config\public-macros.h">
      <Filter>Header Files</Filter>
    </ClInclude>
    <ClInclude Include="third-party\freetype\include\freetype\freetype.h">
      <Filter>Header Files</Filter>
    </ClInclude>
    <ClInclude Include="third-party\freetype\include\freetype\ftadvanc.h">
      <Filter>Header Files</Filter>
    </ClInclude>
    <ClInclude Include="third-party\freetype\include\freetype\ftbbox.h">
      <Filter>Header Files</Filter>
    </ClInclude>
    <ClInclude Include="third-party\freetype\include\freetype\ftbdf.h">
      <Filter>Header Files</Filter>
    </ClInclude>
    <ClInclude Include="third-party\freetype\include\freetype\ftbitmap.h">
      <Filter>Header Files</Filter>
    </ClInclude>
    <ClInclude Include="third-party\freetype\include\freetype\ftbzip2.h">
      <Filter>Header Files</Filter>
    </ClInclude>
    <ClInclude Include="third-party\freetype\include\freetype\ftcache.h">
      <Filter>Header Files</Filter>
    </ClInclude>
    <ClInclude Include="third-party\freetype\include\freetype\ftchapters.h">
      <Filter>Header Files</Filter>
    </ClInclude>
    <ClInclude Include="third-party\freetype\include\freetype\ftcid.h">
      <Filter>Header Files</Filter>
    </ClInclude>
    <ClInclude Include="third-party\freetype\include\freetype\ftcolor.h">
      <Filter>Header Files</Filter>
    </ClInclude>
    <ClInclude Include="third-party\freetype\include\freetype\ftdriver.h">
      <Filter>Header Files</Filter>
    </ClInclude>
    <ClInclude Include="third-party\freetype\include\freetype\fterrdef.h">
      <Filter>Header Files</Filter>
    </ClInclude>
    <ClInclude Include="third-party\freetype\include\freetype\fterrors.h">
      <Filter>Header Files</Filter>
    </ClInclude>
    <ClInclude Include="third-party\freetype\include\freetype\ftfntfmt.h">
      <Filter>Header Files</Filter>
    </ClInclude>
    <ClInclude Include="third-party\freetype\include\freetype\ftgasp.h">
      <Filter>Header Files</Filter>
    </ClInclude>
    <ClInclude Include="third-party\freetype\include\freetype\ftglyph.h">
      <Filter>Header Files</Filter>
    </ClInclude>
    <ClInclude Include="third-party\freetype\include\freetype\ftgxval.h">
      <Filter>Header Files</Filter>
    </ClInclude>
    <ClInclude Include="third-party\freetype\include\freetype\ftgzip.h">
      <Filter>Header Files</Filter>
    </ClInclude>
    <ClInclude Include="third-party\freetype\include\freetype\ftimage.h">
      <Filter>Header Files</Filter>
    </ClInclude>
    <ClInclude Include="third-party\freetype\include\freetype\ftincrem.h">
      <Filter>Header Files</Filter>
    </ClInclude>
    <ClInclude Include="third-party\freetype\include\freetype\ftlcdfil.h">
      <Filter>Header Files</Filter>
    </ClInclude>
    <ClInclude Include="third-party\freetype\include\freetype\ftlist.h">
      <Filter>Header Files</Filter>
    </ClInclude>
    <ClInclude Include="third-party\freetype\include\freetype\ftlogging.h">
      <Filter>Header Files</Filter>
    </ClInclude>
    <ClInclude Include="third-party\freetype\include\freetype\ftlzw.h">
      <Filter>Header Files</Filter>
    </ClInclude>
    <ClInclude Include="third-party\freetype\include\freetype\ftmac.h">
      <Filter>Header Files</Filter>
    </ClInclude>
    <ClInclude Include="third-party\freetype\include\freetype\ftmm.h">
      <Filter>Header Files</Filter>
    </ClInclude>
    <ClInclude Include="third-party\freetype\include\freetype\ftmodapi.h">
      <Filter>Header Files</Filter>
    </ClInclude>
    <ClInclude Include="third-party\freetype\include\freetype\ftmoderr.h">
      <Filter>Header Files</Filter>
    </ClInclude>
    <ClInclude Include="third-party\freetype\include\freetype\ftotval.h">
      <Filter>Header Files</Filter>
    </ClInclude>
    <ClInclude Include="third-party\freetype\include\freetype\ftoutln.h">
      <Filter>Header Files</Filter>
    </ClInclude>
    <ClInclude Include="third-party\freetype\include\freetype\ftparams.h">
      <Filter>Header Files</Filter>
    </ClInclude>
    <ClInclude Include="third-party\freetype\include\freetype\ftpfr.h">
      <Filter>Header Files</Filter>
    </ClInclude>
    <ClInclude Include="third-party\freetype\include\freetype\ftrender.h">
      <Filter>Header Files</Filter>
    </ClInclude>
    <ClInclude Include="third-party\freetype\include\freetype\ftsizes.h">
      <Filter>Header Files</Filter>
    </ClInclude>
    <ClInclude Include="third-party\freetype\include\freetype\ftsnames.h">
      <Filter>Header Files</Filter>
    </ClInclude>
    <ClInclude Include="third-party\freetype\include\freetype\ftstroke.h">
      <Filter>Header Files</Filter>
    </ClInclude>
    <ClInclude Include="third-party\freetype\include\freetype\ftsynth.h">
      <Filter>Header Files</Filter>
    </ClInclude>
    <ClInclude Include="third-party\freetype\include\freetype\ftsystem.h">
      <Filter>Header Files</Filter>
    </ClInclude>
    <ClInclude Include="third-party\freetype\include\freetype\fttrigon.h">
      <Filter>Header Files</Filter>
    </ClInclude>
    <ClInclude Include="third-party\freetype\include\freetype\fttypes.h">
      <Filter>Header Files</Filter>
    </ClInclude>
    <ClInclude Include="third-party\freetype\include\freetype\ftwinfnt.h">
      <Filter>Header Files</Filter>
    </ClInclude>
    <ClInclude Include="third-party\freetype\include\freetype\otsvg.h">
      <Filter>Header Files</Filter>
    </ClInclude>
    <ClInclude Include="third-party\freetype\include\freetype\t1tables.h">
      <Filter>Header Files</Filter>
    </ClInclude>
    <ClInclude Include="third-party\freetype\include\freetype\ttnameid.h">
      <Filter>Header Files</Filter>
    </ClInclude>
    <ClInclude Include="third-party\freetype\include\freetype\tttables.h">
      <Filter>Header Files</Filter>
    </ClInclude>
    <ClInclude Include="third-party\freetype\include\freetype\tttags.h">
      <Filter>Header Files</Filter>
    </ClInclude>
    <ClInclude Include="third-party\freetype\include\ft2build.h">
      <Filter>Header Files</Filter>
    </ClInclude>
    <ClInclude Include="include\Krystal.Gfx\Registries\IFontRegistry.hpp">
      <Filter>Header Files</Filter>
    </ClInclude>
    <ClInclude Include="include\Krystal.Gfx\ResourceHandleCache.hpp">
      <Filter>Header Files</Filter>
    </ClInclude>
    <ClInclude Include="third-party\msdfgen\core\arithmetics.hpp">
      <Filter>Header Files</Filter>
    </ClInclude>
    <ClInclude Include="third-party\msdfgen\core\base.h">
      <Filter>Header Files</Filter>
    </ClInclude>
    <ClInclude Include="third-party\msdfgen\core\Bitmap.h">
      <Filter>Header Files</Filter>
    </ClInclude>
    <ClInclude Include="third-party\msdfgen\core\Bitmap.hpp">
      <Filter>Header Files</Filter>
    </ClInclude>
    <ClInclude Include="third-party\msdfgen\core\bitmap-interpolation.hpp">
      <Filter>Header Files</Filter>
    </ClInclude>
    <ClInclude Include="third-party\msdfgen\core\BitmapRef.hpp">
      <Filter>Header Files</Filter>
    </ClInclude>
    <ClInclude Include="third-party\msdfgen\core\Contour.h">
      <Filter>Header Files</Filter>
    </ClInclude>
    <ClInclude Include="third-party\msdfgen\core\contour-combiners.h">
      <Filter>Header Files</Filter>
    </ClInclude>
    <ClInclude Include="third-party\msdfgen\core\convergent-curve-ordering.h">
      <Filter>Header Files</Filter>
    </ClInclude>
    <ClInclude Include="third-party\msdfgen\core\DistanceMapping.h">
      <Filter>Header Files</Filter>
    </ClInclude>
    <ClInclude Include="third-party\msdfgen\core\EdgeColor.h">
      <Filter>Header Files</Filter>
    </ClInclude>
    <ClInclude Include="third-party\msdfgen\core\edge-coloring.h">
      <Filter>Header Files</Filter>
    </ClInclude>
    <ClInclude Include="third-party\msdfgen\core\EdgeHolder.h">
      <Filter>Header Files</Filter>
    </ClInclude>
    <ClInclude Include="third-party\msdfgen\core\edge-segments.h">
      <Filter>Header Files</Filter>
    </ClInclude>
    <ClInclude Include="third-party\msdfgen\core\edge-selectors.h">
      <Filter>Header Files</Filter>
    </ClInclude>
    <ClInclude Include="third-party\msdfgen\core\equation-solver.h">
      <Filter>Header Files</Filter>
    </ClInclude>
    <ClInclude Include="third-party\msdfgen\core\export-svg.h">
      <Filter>Header Files</Filter>
    </ClInclude>
    <ClInclude Include="third-party\msdfgen\core\generator-config.h">
      <Filter>Header Files</Filter>
    </ClInclude>
    <ClInclude Include="third-party\msdfgen\core\msdf-error-correction.h">
      <Filter>Header Files</Filter>
    </ClInclude>
    <ClInclude Include="third-party\msdfgen\core\MSDFErrorCorrection.h">
      <Filter>Header Files</Filter>
    </ClInclude>
    <ClInclude Include="third-party\msdfgen\core\pixel-conversion.hpp">
      <Filter>Header Files</Filter>
    </ClInclude>
    <ClInclude Include="third-party\msdfgen\core\Projection.h">
      <Filter>Header Files</Filter>
    </ClInclude>
    <ClInclude Include="third-party\msdfgen\core\Range.hpp">
      <Filter>Header Files</Filter>
    </ClInclude>
    <ClInclude Include="third-party\msdfgen\core\rasterization.h">
      <Filter>Header Files</Filter>
    </ClInclude>
    <ClInclude Include="third-party\msdfgen\core\render-sdf.h">
      <Filter>Header Files</Filter>
    </ClInclude>
    <ClInclude Include="third-party\msdfgen\core\save-bmp.h">
      <Filter>Header Files</Filter>
    </ClInclude>
    <ClInclude Include="third-party\msdfgen\core\save-fl32.h">
      <Filter>Header Files</Filter>
    </ClInclude>
    <ClInclude Include="third-party\msdfgen\core\save-rgba.h">
      <Filter>Header Files</Filter>
    </ClInclude>
    <ClInclude Include="third-party\msdfgen\core\save-tiff.h">
      <Filter>Header Files</Filter>
    </ClInclude>
    <ClInclude Include="third-party\msdfgen\core\Scanline.h">
      <Filter>Header Files</Filter>
    </ClInclude>
    <ClInclude Include="third-party\msdfgen\core\sdf-error-estimation.h">
      <Filter>Header Files</Filter>
    </ClInclude>
    <ClInclude Include="third-party\msdfgen\core\SDFTransformation.h">
      <Filter>Header Files</Filter>
    </ClInclude>
    <ClInclude Include="third-party\msdfgen\core\Shape.h">
      <Filter>Header Files</Filter>
    </ClInclude>
    <ClInclude Include="third-party\msdfgen\core\shape-description.h">
      <Filter>Header Files</Filter>
    </ClInclude>
    <ClInclude Include="third-party\msdfgen\core\ShapeDistanceFinder.h">
      <Filter>Header Files</Filter>
    </ClInclude>
    <ClInclude Include="third-party\msdfgen\core\ShapeDistanceFinder.hpp">
      <Filter>Header Files</Filter>
    </ClInclude>
    <ClInclude Include="third-party\msdfgen\core\SignedDistance.hpp">
      <Filter>Header Files</Filter>
    </ClInclude>
    <ClInclude Include="third-party\msdfgen\core\Vector2.hpp">
      <Filter>Header Files</Filter>
    </ClInclude>
    <ClInclude Include="third-party\msdfgen\core\YAxisOrientation.h">
      <Filter>Header Files</Filter>
    </ClInclude>
    <ClInclude Include="third-party\msdfgen\ext\import-font.h">
      <Filter>Header Files</Filter>
    </ClInclude>
    <ClInclude Include="third-party\msdfgen\ext\import-svg.h">
      <Filter>Header Files</Filter>
    </ClInclude>
    <ClInclude Include="third-party\msdfgen\ext\resolve-shape-geometry.h">
      <Filter>Header Files</Filter>
    </ClInclude>
    <ClInclude Include="third-party\msdfgen\ext\save-png.h">
      <Filter>Header Files</Filter>
    </ClInclude>
    <ClInclude Include="third-party\msdfgen\msdfgen.h">
      <Filter>Header Files</Filter>
    </ClInclude>
    <ClInclude Include="third-party\msdfgen\msdfgen-ext.h">
      <Filter>Header Files</Filter>
    </ClInclude>
    <ClInclude Include="third-party\msdfgen\resource.h">
      <Filter>Header Files</Filter>
    </ClInclude>
    <ClInclude Include="third-party\msdf-atlas-gen\artery-font-export.h">
      <Filter>Header Files</Filter>
    </ClInclude>
    <ClInclude Include="third-party\msdf-atlas-gen\AtlasGenerator.h">
      <Filter>Header Files</Filter>
    </ClInclude>
    <ClInclude Include="third-party\msdf-atlas-gen\AtlasStorage.h">
      <Filter>Header Files</Filter>
    </ClInclude>
    <ClInclude Include="third-party\msdf-atlas-gen\BitmapAtlasStorage.h">
      <Filter>Header Files</Filter>
    </ClInclude>
    <ClInclude Include="third-party\msdf-atlas-gen\BitmapAtlasStorage.hpp">
      <Filter>Header Files</Filter>
    </ClInclude>
    <ClInclude Include="third-party\msdf-atlas-gen\bitmap-blit.h">
      <Filter>Header Files</Filter>
    </ClInclude>
    <ClInclude Include="third-party\msdf-atlas-gen\Charset.h">
      <Filter>Header Files</Filter>
    </ClInclude>
    <ClInclude Include="third-party\msdf-atlas-gen\csv-export.h">
      <Filter>Header Files</Filter>
    </ClInclude>
    <ClInclude Include="third-party\msdf-atlas-gen\DynamicAtlas.h">
      <Filter>Header Files</Filter>
    </ClInclude>
    <ClInclude Include="third-party\msdf-atlas-gen\DynamicAtlas.hpp">
      <Filter>Header Files</Filter>
    </ClInclude>
    <ClInclude Include="third-party\msdf-atlas-gen\FontGeometry.h">
      <Filter>Header Files</Filter>
    </ClInclude>
    <ClInclude Include="third-party\msdf-atlas-gen\GlyphBox.h">
      <Filter>Header Files</Filter>
    </ClInclude>
    <ClInclude Include="third-party\msdf-atlas-gen\glyph-generators.h">
      <Filter>Header Files</Filter>
    </ClInclude>
    <ClInclude Include="third-party\msdf-atlas-gen\GlyphGeometry.h">
      <Filter>Header Files</Filter>
    </ClInclude>
    <ClInclude Include="third-party\msdf-atlas-gen\GridAtlasPacker.h">
      <Filter>Header Files</Filter>
    </ClInclude>
    <ClInclude Include="third-party\msdf-atlas-gen\image-encode.h">
      <Filter>Header Files</Filter>
    </ClInclude>
    <ClInclude Include="third-party\msdf-atlas-gen\image-save.h">
      <Filter>Header Files</Filter>
    </ClInclude>
    <ClInclude Include="third-party\msdf-atlas-gen\image-save.hpp">
      <Filter>Header Files</Filter>
    </ClInclude>
    <ClInclude Include="third-party\msdf-atlas-gen\ImmediateAtlasGenerator.h">
      <Filter>Header Files</Filter>
    </ClInclude>
    <ClInclude Include="third-party\msdf-atlas-gen\ImmediateAtlasGenerator.hpp">
      <Filter>Header Files</Filter>
    </ClInclude>
    <ClInclude Include="third-party\msdf-atlas-gen\json-export.h">
      <Filter>Header Files</Filter>
    </ClInclude>
    <ClInclude Include="third-party\msdf-atlas-gen\msdf-atlas-gen.h">
      <Filter>Header Files</Filter>
    </ClInclude>
    <ClInclude Include="third-party\msdf-atlas-gen\Padding.h">
      <Filter>Header Files</Filter>
    </ClInclude>
    <ClInclude Include="third-party\msdf-atlas-gen\Rectangle.h">
      <Filter>Header Files</Filter>
    </ClInclude>
    <ClInclude Include="third-party\msdf-atlas-gen\RectanglePacker.h">
      <Filter>Header Files</Filter>
    </ClInclude>
    <ClInclude Include="third-party\msdf-atlas-gen\rectangle-packing.h">
      <Filter>Header Files</Filter>
    </ClInclude>
    <ClInclude Include="third-party\msdf-atlas-gen\rectangle-packing.hpp">
      <Filter>Header Files</Filter>
    </ClInclude>
    <ClInclude Include="third-party\msdf-atlas-gen\Remap.h">
      <Filter>Header Files</Filter>
    </ClInclude>
    <ClInclude Include="third-party\msdf-atlas-gen\shadron-preview-generator.h">
      <Filter>Header Files</Filter>
    </ClInclude>
    <ClInclude Include="third-party\msdf-atlas-gen\size-selectors.h">
      <Filter>Header Files</Filter>
    </ClInclude>
    <ClInclude Include="third-party\msdf-atlas-gen\TightAtlasPacker.h">
      <Filter>Header Files</Filter>
    </ClInclude>
    <ClInclude Include="third-party\msdf-atlas-gen\types.h">
      <Filter>Header Files</Filter>
    </ClInclude>
    <ClInclude Include="third-party\msdf-atlas-gen\utf8.h">
      <Filter>Header Files</Filter>
    </ClInclude>
    <ClInclude Include="third-party\msdf-atlas-gen\utils.hpp">
      <Filter>Header Files</Filter>
    </ClInclude>
    <ClInclude Include="third-party\msdf-atlas-gen\Workload.h">
      <Filter>Header Files</Filter>
    </ClInclude>
    <ClInclude Include="include\Krystal.Gfx\ShaderPreprocessorConfig.hpp">
      <Filter>Header Files</Filter>
    </ClInclude>
    <ClInclude Include="include\Krystal.Gfx\TextShaderDesc.hpp">
      <Filter>Header Files</Filter>
    </ClInclude>
    <ClInclude Include="include\Krystal.Gfx\Common.hpp">
      <Filter>Header Files</Filter>
    </ClInclude>
  </ItemGroup>
  <ItemGroup>
    <ClCompile Include="src\Cameras\FirstPersonCamera.cpp">
      <Filter>Source Files</Filter>
    </ClCompile>
    <ClCompile Include="third-party\msdfgen\core\Contour.cpp">
      <Filter>Source Files</Filter>
    </ClCompile>
    <ClCompile Include="third-party\msdfgen\core\contour-combiners.cpp">
      <Filter>Source Files</Filter>
    </ClCompile>
    <ClCompile Include="third-party\msdfgen\core\convergent-curve-ordering.cpp">
      <Filter>Source Files</Filter>
    </ClCompile>
    <ClCompile Include="third-party\msdfgen\core\DistanceMapping.cpp">
      <Filter>Source Files</Filter>
    </ClCompile>
    <ClCompile Include="third-party\msdfgen\core\edge-coloring.cpp">
      <Filter>Source Files</Filter>
    </ClCompile>
    <ClCompile Include="third-party\msdfgen\core\EdgeHolder.cpp">
      <Filter>Source Files</Filter>
    </ClCompile>
    <ClCompile Include="third-party\msdfgen\core\edge-segments.cpp">
      <Filter>Source Files</Filter>
    </ClCompile>
    <ClCompile Include="third-party\msdfgen\core\edge-selectors.cpp">
      <Filter>Source Files</Filter>
    </ClCompile>
    <ClCompile Include="third-party\msdfgen\core\equation-solver.cpp">
      <Filter>Source Files</Filter>
    </ClCompile>
    <ClCompile Include="third-party\msdfgen\core\export-svg.cpp">
      <Filter>Source Files</Filter>
    </ClCompile>
    <ClCompile Include="third-party\msdfgen\core\msdf-error-correction.cpp">
      <Filter>Source Files</Filter>
    </ClCompile>
    <ClCompile Include="third-party\msdfgen\core\MSDFErrorCorrection.cpp">
      <Filter>Source Files</Filter>
    </ClCompile>
    <ClCompile Include="third-party\msdfgen\core\msdfgen.cpp">
      <Filter>Source Files</Filter>
    </ClCompile>
    <ClCompile Include="third-party\msdfgen\core\Projection.cpp">
      <Filter>Source Files</Filter>
    </ClCompile>
    <ClCompile Include="third-party\msdfgen\core\rasterization.cpp">
      <Filter>Source Files</Filter>
    </ClCompile>
    <ClCompile Include="third-party\msdfgen\core\render-sdf.cpp">
      <Filter>Source Files</Filter>
    </ClCompile>
    <ClCompile Include="third-party\msdfgen\core\save-bmp.cpp">
      <Filter>Source Files</Filter>
    </ClCompile>
    <ClCompile Include="third-party\msdfgen\core\save-fl32.cpp">
      <Filter>Source Files</Filter>
    </ClCompile>
    <ClCompile Include="third-party\msdfgen\core\save-rgba.cpp">
      <Filter>Source Files</Filter>
    </ClCompile>
    <ClCompile Include="third-party\msdfgen\core\save-tiff.cpp">
      <Filter>Source Files</Filter>
    </ClCompile>
    <ClCompile Include="third-party\msdfgen\core\Scanline.cpp">
      <Filter>Source Files</Filter>
    </ClCompile>
    <ClCompile Include="third-party\msdfgen\core\sdf-error-estimation.cpp">
      <Filter>Source Files</Filter>
    </ClCompile>
    <ClCompile Include="third-party\msdfgen\core\Shape.cpp">
      <Filter>Source Files</Filter>
    </ClCompile>
    <ClCompile Include="third-party\msdfgen\core\shape-description.cpp">
      <Filter>Source Files</Filter>
    </ClCompile>
    <ClCompile Include="third-party\msdfgen\ext\import-font.cpp">
      <Filter>Source Files</Filter>
    </ClCompile>
    <ClCompile Include="third-party\msdfgen\ext\import-svg.cpp">
      <Filter>Source Files</Filter>
    </ClCompile>
    <ClCompile Include="third-party\msdfgen\ext\resolve-shape-geometry.cpp">
      <Filter>Source Files</Filter>
    </ClCompile>
    <ClCompile Include="third-party\msdfgen\ext\save-png.cpp">
      <Filter>Source Files</Filter>
    </ClCompile>
    <ClCompile Include="third-party\msdf-atlas-gen\artery-font-export.cpp">
      <Filter>Source Files</Filter>
    </ClCompile>
    <ClCompile Include="third-party\msdf-atlas-gen\bitmap-blit.cpp">
      <Filter>Source Files</Filter>
    </ClCompile>
    <ClCompile Include="third-party\msdf-atlas-gen\Charset.cpp">
      <Filter>Source Files</Filter>
    </ClCompile>
    <ClCompile Include="third-party\msdf-atlas-gen\charset-parser.cpp">
      <Filter>Source Files</Filter>
    </ClCompile>
    <ClCompile Include="third-party\msdf-atlas-gen\csv-export.cpp">
      <Filter>Source Files</Filter>
    </ClCompile>
    <ClCompile Include="third-party\msdf-atlas-gen\FontGeometry.cpp">
      <Filter>Source Files</Filter>
    </ClCompile>
    <ClCompile Include="third-party\msdf-atlas-gen\glyph-generators.cpp">
      <Filter>Source Files</Filter>
    </ClCompile>
    <ClCompile Include="third-party\msdf-atlas-gen\GlyphGeometry.cpp">
      <Filter>Source Files</Filter>
    </ClCompile>
    <ClCompile Include="third-party\msdf-atlas-gen\GridAtlasPacker.cpp">
      <Filter>Source Files</Filter>
    </ClCompile>
    <ClCompile Include="third-party\msdf-atlas-gen\image-encode.cpp">
      <Filter>Source Files</Filter>
    </ClCompile>
    <ClCompile Include="third-party\msdf-atlas-gen\json-export.cpp">
      <Filter>Source Files</Filter>
    </ClCompile>
    <ClCompile Include="third-party\msdf-atlas-gen\Padding.cpp">
      <Filter>Source Files</Filter>
    </ClCompile>
    <ClCompile Include="third-party\msdf-atlas-gen\RectanglePacker.cpp">
      <Filter>Source Files</Filter>
    </ClCompile>
    <ClCompile Include="third-party\msdf-atlas-gen\shadron-preview-generator.cpp">
      <Filter>Source Files</Filter>
    </ClCompile>
    <ClCompile Include="third-party\msdf-atlas-gen\size-selectors.cpp">
      <Filter>Source Files</Filter>
    </ClCompile>
    <ClCompile Include="third-party\msdf-atlas-gen\TightAtlasPacker.cpp">
      <Filter>Source Files</Filter>
    </ClCompile>
    <ClCompile Include="third-party\msdf-atlas-gen\utf8.cpp">
      <Filter>Source Files</Filter>
    </ClCompile>
    <ClCompile Include="third-party\msdf-atlas-gen\Workload.cpp">
      <Filter>Source Files</Filter>
    </ClCompile>
  </ItemGroup>
  <ItemGroup>
    <Library Include="third-party\freetype\freetype.lib" />
  </ItemGroup>
  <ItemGroup>
    <None Include="third-party\msdfgen\core\msdfgen-config.h">
      <Filter>Header Files</Filter>
    </None>
    <None Include="third-party\msdfgen\msdfgen.rc">
      <Filter>Resource Files</Filter>
    </None>
  </ItemGroup>
</Project>