<?xml version="1.0" encoding="utf-8"?>
<Project ToolsVersion="4.0" xmlns="http://schemas.microsoft.com/developer/msbuild/2003">
  <ItemGroup>
    <Filter Include="Source Files">
      <UniqueIdentifier>{4FC737F1-C7A5-4376-A066-2A32D752A2FF}</UniqueIdentifier>
      <Extensions>cpp;c;cc;cxx;c++;cppm;ixx;def;odl;idl;hpj;bat;asm;asmx</Extensions>
    </Filter>
    <Filter Include="Header Files">
      <UniqueIdentifier>{93995380-89BD-4b04-88EB-625FBE52EBFB}</UniqueIdentifier>
      <Extensions>h;hh;hpp;hxx;h++;hm;inl;inc;ipp;xsd</Extensions>
    </Filter>
    <Filter Include="Resource Files">
      <UniqueIdentifier>{67DA6AB6-F800-4c08-8B7A-83BB121AAD01}</UniqueIdentifier>
      <Extensions>rc;ico;cur;bmp;dlg;rc2;rct;bin;rgs;gif;jpg;jpeg;jpe;resx;tiff;tif;png;wav;mfcribbon-ms</Extensions>
    </Filter>
  </ItemGroup>
  <ItemGroup>
    <ClInclude Include="include\Krystal.Lib\Events\Event.hpp">
      <Filter>Header Files</Filter>
    </ClInclude>
    <ClInclude Include="include\Krystal.Lib\Events\EventManager.hpp">
      <Filter>Header Files</Filter>
    </ClInclude>
    <ClInclude Include="include\Krystal.Lib\Core\Concepts.hpp">
      <Filter>Header Files</Filter>
    </ClInclude>
    <ClInclude Include="include\Krystal.Lib\Types\Numeric.hpp">
      <Filter>Header Files</Filter>
    </ClInclude>
    <ClInclude Include="include\Krystal.Lib\Core\StringId.hpp">
      <Filter>Header Files</Filter>
    </ClInclude>
    <ClInclude Include="include\Krystal.Lib\Core\Hash.hpp">
      <Filter>Header Files</Filter>
    </ClInclude>
    <ClInclude Include="include\Krystal.Lib\Core\Macros.hpp">
      <Filter>Header Files</Filter>
    </ClInclude>
    <ClInclude Include="include\Krystal.Lib\Types\StronglyTypedValue.hpp">
      <Filter>Header Files</Filter>
    </ClInclude>
    <ClInclude Include="include\Krystal.Lib\Types\Lazy.hpp">
      <Filter>Header Files</Filter>
    </ClInclude>
    <ClInclude Include="include\Krystal.Lib\String\StringUtils.hpp">
      <Filter>Header Files</Filter>
    </ClInclude>
    <ClInclude Include="include\Krystal.Lib\Detection\Environment.hpp">
      <Filter>Header Files</Filter>
    </ClInclude>
    <ClInclude Include="include\Krystal.Lib\Core\DebugBreak.hpp">
      <Filter>Header Files</Filter>
    </ClInclude>
    <ClInclude Include="include\Krystal.Lib\Core\Bit.hpp">
      <Filter>Header Files</Filter>
    </ClInclude>
    <ClInclude Include="include\Krystal.Lib\ByteUtils.hpp">
      <Filter>Header Files</Filter>
    </ClInclude>
    <ClInclude Include="include\Krystal.Lib\Core\Endian.hpp">
      <Filter>Header Files</Filter>
    </ClInclude>
    <ClInclude Include="include\Krystal.Lib\Types\Map.hpp">
      <Filter>Header Files</Filter>
    </ClInclude>
    <ClInclude Include="include\Krystal.Lib\Types\Expected.hpp">
      <Filter>Header Files</Filter>
    </ClInclude>
    <ClInclude Include="include\Krystal.Lib\String\String.hpp">
      <Filter>Header Files</Filter>
    </ClInclude>
    <ClInclude Include="include\Krystal.Lib\Types\List.hpp">
      <Filter>Header Files</Filter>
    </ClInclude>
    <ClInclude Include="include\Krystal.Lib\Types\LinkedList.hpp">
      <Filter>Header Files</Filter>
    </ClInclude>
    <ClInclude Include="include\Krystal.Lib\Types\OrderedMap.hpp">
      <Filter>Header Files</Filter>
    </ClInclude>
    <ClInclude Include="include\Krystal.Lib\Types\Array.hpp">
      <Filter>Header Files</Filter>
    </ClInclude>
    <ClInclude Include="include\Krystal.Lib\Types\Nullable.hpp">
      <Filter>Header Files</Filter>
    </ClInclude>
    <ClInclude Include="include\Krystal.Lib\Types\OrderedSet.hpp">
      <Filter>Header Files</Filter>
    </ClInclude>
    <ClInclude Include="include\Krystal.Lib\Types\Queue.hpp">
      <Filter>Header Files</Filter>
    </ClInclude>
    <ClInclude Include="include\Krystal.Lib\Types\Span.hpp">
      <Filter>Header Files</Filter>
    </ClInclude>
    <ClInclude Include="include\Krystal.Lib\Types\Pair.hpp">
      <Filter>Header Files</Filter>
    </ClInclude>
    <ClInclude Include="include\Krystal.Lib\Types\Func.hpp">
      <Filter>Header Files</Filter>
    </ClInclude>
    <ClInclude Include="include\Krystal.Lib\Types\Stack.hpp">
      <Filter>Header Files</Filter>
    </ClInclude>
    <ClInclude Include="include\Krystal.Lib\Types\Set.hpp">
      <Filter>Header Files</Filter>
    </ClInclude>
    <ClInclude Include="include\Krystal.Lib\Types\NullableFloat.hpp">
      <Filter>Header Files</Filter>
    </ClInclude>
    <ClInclude Include="include\Krystal.Lib\Core\Enum.hpp">
      <Filter>Header Files</Filter>
    </ClInclude>
    <ClInclude Include="include\Krystal.Lib\SmallValueBuffer.hpp">
      <Filter>Header Files</Filter>
    </ClInclude>
    <ClInclude Include="include\Krystal.Lib\ComparisonHelpers.hpp">
      <Filter>Header Files</Filter>
    </ClInclude>
    <ClInclude Include="include\Krystal.Lib\Allocators\Arena.hpp">
      <Filter>Header Files</Filter>
    </ClInclude>
    <ClInclude Include="include\Krystal.Lib\Allocators\Block.hpp">
      <Filter>Header Files</Filter>
    </ClInclude>
    <ClInclude Include="include\Krystal.Lib\Types\Variant.hpp">
      <Filter>Header Files</Filter>
    </ClInclude>
    <ClInclude Include="include\Krystal.Lib\Types\ImmutableBimap.hpp">
      <Filter>Header Files</Filter>
    </ClInclude>
    <ClInclude Include="include\Krystal.Lib\Core\TypeTraits.hpp">
      <Filter>Header Files</Filter>
    </ClInclude>
    <ClInclude Include="include\Krystal.Lib\Commands\CommandArena.hpp">
      <Filter>Header Files</Filter>
    </ClInclude>
    <ClInclude Include="include\Krystal.Lib\Commands\CommandList.hpp">
      <Filter>Header Files</Filter>
    </ClInclude>
    <ClInclude Include="include\Krystal.Lib\Commands\CommandListReader.hpp">
      <Filter>Header Files</Filter>
    </ClInclude>
    <ClInclude Include="include\Krystal.Lib\Commands\CommandType.hpp">
      <Filter>Header Files</Filter>
    </ClInclude>
    <ClInclude Include="include\Krystal.Lib\Handle.hpp">
      <Filter>Header Files</Filter>
    </ClInclude>
    <ClInclude Include="include\Krystal.Lib\NativeHandle.hpp">
      <Filter>Header Files</Filter>
    </ClInclude>
    <ClInclude Include="include\Krystal.Lib\Detection\Compiler.hpp">
      <Filter>Header Files</Filter>
    </ClInclude>
    <ClInclude Include="include\Krystal.Lib\Detection\CPU.hpp">
      <Filter>Header Files</Filter>
    </ClInclude>
    <ClInclude Include="include\Krystal.Lib\Detection\OS.hpp">
      <Filter>Header Files</Filter>
    </ClInclude>
    <ClInclude Include="include\Krystal.Lib\Detection\Sanitizers.hpp">
      <Filter>Header Files</Filter>
    </ClInclude>
    <ClInclude Include="include\Krystal.Lib\Core\Attributes.hpp">
      <Filter>Header Files</Filter>
    </ClInclude>
    <ClInclude Include="include\Krystal.Lib\Mixins\NonCopyable.hpp">
      <Filter>Header Files</Filter>
    </ClInclude>
    <ClInclude Include="include\Krystal.Lib\Mixins\NonMovable.hpp">
      <Filter>Header Files</Filter>
    </ClInclude>
    <ClInclude Include="include\Krystal.Lib\Mixins\NonCopyMovable.hpp">
      <Filter>Header Files</Filter>
    </ClInclude>
    <ClInclude Include="include\Krystal.Lib\Pointers\UniquePtr.hpp">
      <Filter>Header Files</Filter>
    </ClInclude>
    <ClInclude Include="include\Krystal.Lib\Pointers\SharedPtr.hpp">
      <Filter>Header Files</Filter>
    </ClInclude>
    <ClInclude Include="include\Krystal.Lib\Pointers\WeakPtr.hpp">
      <Filter>Header Files</Filter>
    </ClInclude>
    <ClInclude Include="include\Krystal.Lib\Ranges\Reconstruct.hpp">
      <Filter>Header Files</Filter>
    </ClInclude>
    <ClInclude Include="include\Krystal.Lib\Utils\Unwrap.hpp">
      <Filter>Header Files</Filter>
    </ClInclude>
    <ClInclude Include="include\Krystal.Lib\Utils\Hijack.hpp">
      <Filter>Header Files</Filter>
    </ClInclude>
    <ClInclude Include="include\Krystal.Lib\Ranges\Impl\ContiguousIterator.hpp">
      <Filter>Header Files</Filter>
    </ClInclude>
    <ClInclude Include="include\Krystal.Lib\Utils\ToAddress.hpp">
      <Filter>Header Files</Filter>
    </ClInclude>
    <ClInclude Include="include\Krystal.Lib\Utils\ReferenceWrapper.hpp">
      <Filter>Header Files</Filter>
    </ClInclude>
    <ClInclude Include="include\Krystal.Lib\Utils\ToUnderlying.hpp">
      <Filter>Header Files</Filter>
    </ClInclude>
    <ClInclude Include="include\Krystal.Lib\Utils\Tag.hpp">
      <Filter>Header Files</Filter>
    </ClInclude>
    <ClInclude Include="include\Krystal.Lib\String\EmptyString.hpp">
      <Filter>Header Files</Filter>
    </ClInclude>
    <ClInclude Include="include\Krystal.Lib\Ranges\ADL.hpp">
      <Filter>Header Files</Filter>
    </ClInclude>
    <ClInclude Include="include\Krystal.Lib\Ranges\Range.hpp">
      <Filter>Header Files</Filter>
    </ClInclude>
    <ClInclude Include="include\Krystal.Lib\Ranges\Subrange.hpp">
      <Filter>Header Files</Filter>
    </ClInclude>
    <ClInclude Include="include\Krystal.Lib\Ranges\Iterator.hpp">
      <Filter>Header Files</Filter>
    </ClInclude>
    <ClInclude Include="include\Krystal.Lib\Ranges\UnreachableSentinel.hpp">
      <Filter>Header Files</Filter>
    </ClInclude>
    <ClInclude Include="include\Krystal.Lib\Ranges\Unbounded.hpp">
      <Filter>Header Files</Filter>
    </ClInclude>
    <ClInclude Include="include\Krystal.Lib\Ranges\CountedIterator.hpp">
      <Filter>Header Files</Filter>
    </ClInclude>
    <ClInclude Include="include\Krystal.Lib\Ranges\DefaultSentinel.hpp">
      <Filter>Header Files</Filter>
    </ClInclude>
    <ClInclude Include="include\Krystal.Lib\Ranges\Algorithm.hpp">
      <Filter>Header Files</Filter>
    </ClInclude>
    <ClInclude Include="include\Krystal.Lib\Utils\EBCO.hpp">
      <Filter>Header Files</Filter>
    </ClInclude>
    <ClInclude Include="include\Krystal.Lib\Ranges\BlackHoleIterator.hpp">
      <Filter>Header Files</Filter>
    </ClInclude>
    <ClInclude Include="include\Krystal.Lib\Utils\Size.hpp">
      <Filter>Header Files</Filter>
    </ClInclude>
    <ClInclude Include="include\Krystal.Lib\Ranges\WordIterator.hpp">
      <Filter>Header Files</Filter>
    </ClInclude>
    <ClInclude Include="include\Krystal.Lib\Utils\ipow.hpp">
      <Filter>Header Files</Filter>
    </ClInclude>
    <ClInclude Include="include\Krystal.Lib\InlineContainers\Forward.hpp">
      <Filter>Header Files</Filter>
    </ClInclude>
    <ClInclude Include="include\Krystal.Lib\Utils\ConstructDestroy.hpp">
      <Filter>Header Files</Filter>
    </ClInclude>
    <ClInclude Include="include\Krystal.Lib\Utils\ToMutableIter.hpp">
      <Filter>Header Files</Filter>
    </ClInclude>
    <ClInclude Include="include\Krystal.Lib\Ranges\WrappedPointer.hpp">
      <Filter>Header Files</Filter>
    </ClInclude>
    <ClInclude Include="include\Krystal.Lib\Utils\Uninit.hpp">
      <Filter>Header Files</Filter>
    </ClInclude>
    <ClInclude Include="include\Krystal.Lib\Ranges\Impl\InsertBulk.hpp">
      <Filter>Header Files</Filter>
    </ClInclude>
    <ClInclude Include="include\Krystal.Lib\Ranges\SaveRange.hpp">
      <Filter>Header Files</Filter>
    </ClInclude>
    <ClInclude Include="include\Krystal.Lib\Ranges\SaveIterator.hpp">
      <Filter>Header Files</Filter>
    </ClInclude>
    <ClInclude Include="include\Krystal.Lib\Utils\WhatIsThis.hpp">
      <Filter>Header Files</Filter>
    </ClInclude>
    <ClInclude Include="include\Krystal.Lib\Utils\EqualToChar.hpp">
      <Filter>Header Files</Filter>
    </ClInclude>
    <ClInclude Include="include\Krystal.Lib\Utils\LosslessStaticCast.hpp">
      <Filter>Header Files</Filter>
    </ClInclude>
    <ClInclude Include="include\Krystal.Lib\Types\Deque.hpp">
      <Filter>Header Files</Filter>
    </ClInclude>
    <ClInclude Include="include\Krystal.Lib\Pointers\RawPtr.hpp">
      <Filter>Header Files</Filter>
    </ClInclude>
    <ClInclude Include="include\Krystal.Lib\Types\SmallList.hpp">
      <Filter>Header Files</Filter>
    </ClInclude>
    <ClInclude Include="third-party\llvm\ADT\SmallVector.h">
      <Filter>Header Files</Filter>
    </ClInclude>
    <ClInclude Include="third-party\llvm\ADT\ADL.h">
      <Filter>Header Files</Filter>
    </ClInclude>
    <ClInclude Include="third-party\llvm\Support\Compiler.h">
      <Filter>Header Files</Filter>
    </ClInclude>
    <ClInclude Include="third-party\llvm\Support\MemAlloc.h">
      <Filter>Header Files</Filter>
    </ClInclude>
    <ClInclude Include="include\Krystal.Lib\String\StringAtom.hpp">
      <Filter>Header Files</Filter>
    </ClInclude>
  </ItemGroup>
  <ItemGroup>
    <ClCompile Include="src\Events\EventManager.cpp">
      <Filter>Source Files</Filter>
    </ClCompile>
    <ClCompile Include="third-party\llvm\ADT\SmallVector.cpp">
      <Filter>Source Files</Filter>
    </ClCompile>
    <ClCompile Include="third-party\llvm\Support\MemAlloc.cpp">
      <Filter>Source Files</Filter>
    </ClCompile>
  </ItemGroup>
</Project>