<?xml version="1.0" encoding="utf-8"?>
<Project ToolsVersion="4.0" xmlns="http://schemas.microsoft.com/developer/msbuild/2003">
  <ItemGroup>
    <Filter Include="Source Files">
      <UniqueIdentifier>{4FC737F1-C7A5-4376-A066-2A32D752A2FF}</UniqueIdentifier>
      <Extensions>cpp;c;cc;cxx;c++;cppm;ixx;def;odl;idl;hpj;bat;asm;asmx</Extensions>
    </Filter>
    <Filter Include="Header Files">
      <UniqueIdentifier>{93995380-89BD-4b04-88EB-625FBE52EBFB}</UniqueIdentifier>
      <Extensions>h;hh;hpp;hxx;h++;hm;inl;inc;ipp;xsd</Extensions>
    </Filter>
    <Filter Include="Resource Files">
      <UniqueIdentifier>{67DA6AB6-F800-4c08-8B7A-83BB121AAD01}</UniqueIdentifier>
      <Extensions>rc;ico;cur;bmp;dlg;rc2;rct;bin;rgs;gif;jpg;jpeg;jpe;resx;tiff;tif;png;wav;mfcribbon-ms</Extensions>
    </Filter>
  </ItemGroup>
  <ItemGroup>
    <ClCompile Include="catch_main.cpp">
      <Filter>Source Files</Filter>
    </ClCompile>
    <ClCompile Include="tests\Style.cpp">
      <Filter>Source Files</Filter>
    </ClCompile>
    <ClCompile Include="tests\Events.cpp">
      <Filter>Source Files</Filter>
    </ClCompile>
    <ClCompile Include="tests\FlexGap.cpp">
      <Filter>Source Files</Filter>
    </ClCompile>
    <ClCompile Include="tests\Ordinals.cpp">
      <Filter>Source Files</Filter>
    </ClCompile>
    <ClCompile Include="tests\StyleValuePool.cpp">
      <Filter>Source Files</Filter>
    </ClCompile>
    <ClCompile Include="tests\AlignBaseline.cpp">
      <Filter>Source Files</Filter>
    </ClCompile>
    <ClCompile Include="tests\AspectRatio.cpp">
      <Filter>Source Files</Filter>
    </ClCompile>
    <ClCompile Include="tests\BaselineFunc.cpp">
      <Filter>Source Files</Filter>
    </ClCompile>
    <ClCompile Include="tests\CloneNode.cpp">
      <Filter>Source Files</Filter>
    </ClCompile>
    <ClCompile Include="tests\ComputedMargin.cpp">
      <Filter>Source Files</Filter>
    </ClCompile>
    <ClCompile Include="tests\ComputedPadding.cpp">
      <Filter>Source Files</Filter>
    </ClCompile>
    <ClCompile Include="tests\Config.cpp">
      <Filter>Source Files</Filter>
    </ClCompile>
    <ClCompile Include="tests\DefaultValues.cpp">
      <Filter>Source Files</Filter>
    </ClCompile>
    <ClCompile Include="tests\Dirtied.cpp">
      <Filter>Source Files</Filter>
    </ClCompile>
    <ClCompile Include="tests\DirtyMarking.cpp">
      <Filter>Source Files</Filter>
    </ClCompile>
    <ClCompile Include="tests\Edge.cpp">
      <Filter>Source Files</Filter>
    </ClCompile>
    <ClCompile Include="tests\HadOverflow.cpp">
      <Filter>Source Files</Filter>
    </ClCompile>
    <ClCompile Include="tests\LayoutableChildren.cpp">
      <Filter>Source Files</Filter>
    </ClCompile>
    <ClCompile Include="tests\MeasureCache.cpp">
      <Filter>Source Files</Filter>
    </ClCompile>
    <ClCompile Include="tests\Measure.cpp">
      <Filter>Source Files</Filter>
    </ClCompile>
    <ClCompile Include="tests\NodeCallback.cpp">
      <Filter>Source Files</Filter>
    </ClCompile>
    <ClCompile Include="tests\NodeChild.cpp">
      <Filter>Source Files</Filter>
    </ClCompile>
    <ClCompile Include="tests\Persistence.cpp">
      <Filter>Source Files</Filter>
    </ClCompile>
    <ClCompile Include="tests\PersistentNodeCloning.cpp">
      <Filter>Source Files</Filter>
    </ClCompile>
    <ClCompile Include="tests\Relayout.cpp">
      <Filter>Source Files</Filter>
    </ClCompile>
    <ClCompile Include="tests\RoundingFunction.cpp">
      <Filter>Source Files</Filter>
    </ClCompile>
    <ClCompile Include="tests\RoundingMeasureFunc.cpp">
      <Filter>Source Files</Filter>
    </ClCompile>
    <ClCompile Include="tests\ScaleChange.cpp">
      <Filter>Source Files</Filter>
    </ClCompile>
    <ClCompile Include="tests\TreeMutation.cpp">
      <Filter>Source Files</Filter>
    </ClCompile>
    <ClCompile Include="tests\UnitValue.cpp">
      <Filter>Source Files</Filter>
    </ClCompile>
    <ClCompile Include="tests\ZeroOutLayoutRecursively.cpp">
      <Filter>Source Files</Filter>
    </ClCompile>
    <ClCompile Include="tests\MeasureMode.cpp">
      <Filter>Source Files</Filter>
    </ClCompile>
    <ClCompile Include="tests\utils\TestUtil.cpp">
      <Filter>Source Files</Filter>
    </ClCompile>
  </ItemGroup>
  <ItemGroup>
    <ClInclude Include="tests\utils\TestUtil.hpp">
      <Filter>Header Files</Filter>
    </ClInclude>
  </ItemGroup>
</Project>